
Microsoft Visual Studio Solution File, Format Version 12.00
# Visual Studio Version 16
VisualStudioVersion = 16.0.30804.86
MinimumVisualStudioVersion = 10.0.40219.1
Project("{8BC9CEB8-8B4A-11D0-8D11-00A0C91BC942}") = "MANG1D_DIEM", "bai189\bai189.vcxproj", "{74A873E8-B95D-481D-828A-C6CA47E17B1E}"
EndProject
Project("{8BC9CEB8-8B4A-11D0-8D11-00A0C91BC942}") = "MANG1D_PHANSO", "MANG1D_PHANSO\MANG1D_PHANSO.vcxproj", "{F1C82FFF-EB50-416A-A3E4-9607EA319AD4}"
EndProject
Project("{8BC9CEB8-8B4A-11D0-8D11-00A0C91BC942}") = "MANG1D_SOPHUC", "MANG1D_SOPHUC\MANG1D_SOPHUC.vcxproj", "{696662AA-89E0-41FF-B97D-F0D8DDF5C011}"
EndProject
Project("{8BC9CEB8-8B4A-11D0-8D11-00A0C91BC942}") = "MANG1D_DUONGTRON", "MANG1D_DUONGTRON\MANG1D_DUONGTRON.vcxproj", "{A9394944-7783-459D-9452-A310D56C791C}"
EndProject
Project("{8BC9CEB8-8B4A-11D0-8D11-00A0C91BC942}") = "MANG1D_DUONGTHANG", "MANG1D_DUONGTHANG\MANG1D_DUONGTHANG.vcxproj", "{523C20AB-44DF-422D-A0DF-4121C3F249D4}"
EndProject
Project("{8BC9CEB8-8B4A-11D0-8D11-00A0C91BC942}") = "MANG1D_NGAY", "MANG1D_NGAY\MANG1D_NGAY.vcxproj", "{F9899C65-ADCD-400D-933E-B78A1C0A756A}"
EndProject
Global
	GlobalSection(SolutionConfigurationPlatforms) = preSolution
		Debug|x64 = Debug|x64
		Debug|x86 = Debug|x86
		Release|x64 = Release|x64
		Release|x86 = Release|x86
	EndGlobalSection
	GlobalSection(ProjectConfigurationPlatforms) = postSolution
		{74A873E8-B95D-481D-828A-C6CA47E17B1E}.Debug|x64.ActiveCfg = Debug|x64
		{74A873E8-B95D-481D-828A-C6CA47E17B1E}.Debug|x64.Build.0 = Debug|x64
		{74A873E8-B95D-481D-828A-C6CA47E17B1E}.Debug|x86.ActiveCfg = Debug|Win32
		{74A873E8-B95D-481D-828A-C6CA47E17B1E}.Debug|x86.Build.0 = Debug|Win32
		{74A873E8-B95D-481D-828A-C6CA47E17B1E}.Release|x64.ActiveCfg = Release|x64
		{74A873E8-B95D-481D-828A-C6CA47E17B1E}.Release|x64.Build.0 = Release|x64
		{74A873E8-B95D-481D-828A-C6CA47E17B1E}.Release|x86.ActiveCfg = Release|Win32
		{74A873E8-B95D-481D-828A-C6CA47E17B1E}.Release|x86.Build.0 = Release|Win32
		{F1C82FFF-EB50-416A-A3E4-9607EA319AD4}.Debug|x64.ActiveCfg = Debug|x64
		{F1C82FFF-EB50-416A-A3E4-9607EA319AD4}.Debug|x64.Build.0 = Debug|x64
		{F1C82FFF-EB50-416A-A3E4-9607EA319AD4}.Debug|x86.ActiveCfg = Debug|Win32
		{F1C82FFF-EB50-416A-A3E4-9607EA319AD4}.Debug|x86.Build.0 = Debug|Win32
		{F1C82FFF-EB50-416A-A3E4-9607EA319AD4}.Release|x64.ActiveCfg = Release|x64
		{F1C82FFF-EB50-416A-A3E4-9607EA319AD4}.Release|x64.Build.0 = Release|x64
		{F1C82FFF-EB50-416A-A3E4-9607EA319AD4}.Release|x86.ActiveCfg = Release|Win32
		{F1C82FFF-EB50-416A-A3E4-9607EA319AD4}.Release|x86.Build.0 = Release|Win32
		{696662AA-89E0-41FF-B97D-F0D8DDF5C011}.Debug|x64.ActiveCfg = Debug|x64
		{696662AA-89E0-41FF-B97D-F0D8DDF5C011}.Debug|x64.Build.0 = Debug|x64
		{696662AA-89E0-41FF-B97D-F0D8DDF5C011}.Debug|x86.ActiveCfg = Debug|Win32
		{696662AA-89E0-41FF-B97D-F0D8DDF5C011}.Debug|x86.Build.0 = Debug|Win32
		{696662AA-89E0-41FF-B97D-F0D8DDF5C011}.Release|x64.ActiveCfg = Release|x64
		{696662AA-89E0-41FF-B97D-F0D8DDF5C011}.Release|x64.Build.0 = Release|x64
		{696662AA-89E0-41FF-B97D-F0D8DDF5C011}.Release|x86.ActiveCfg = Release|Win32
		{696662AA-89E0-41FF-B97D-F0D8DDF5C011}.Release|x86.Build.0 = Release|Win32
		{A9394944-7783-459D-9452-A310D56C791C}.Debug|x64.ActiveCfg = Debug|x64
		{A9394944-7783-459D-9452-A310D56C791C}.Debug|x64.Build.0 = Debug|x64
		{A9394944-7783-459D-9452-A310D56C791C}.Debug|x86.ActiveCfg = Debug|Win32
		{A9394944-7783-459D-9452-A310D56C791C}.Debug|x86.Build.0 = Debug|Win32
		{A9394944-7783-459D-9452-A310D56C791C}.Release|x64.ActiveCfg = Release|x64
		{A9394944-7783-459D-9452-A310D56C791C}.Release|x64.Build.0 = Release|x64
		{A9394944-7783-459D-9452-A310D56C791C}.Release|x86.ActiveCfg = Release|Win32
		{A9394944-7783-459D-9452-A310D56C791C}.Release|x86.Build.0 = Release|Win32
		{523C20AB-44DF-422D-A0DF-4121C3F249D4}.Debug|x64.ActiveCfg = Debug|x64
		{523C20AB-44DF-422D-A0DF-4121C3F249D4}.Debug|x64.Build.0 = Debug|x64
		{523C20AB-44DF-422D-A0DF-4121C3F249D4}.Debug|x86.ActiveCfg = Debug|Win32
		{523C20AB-44DF-422D-A0DF-4121C3F249D4}.Debug|x86.Build.0 = Debug|Win32
		{523C20AB-44DF-422D-A0DF-4121C3F249D4}.Release|x64.ActiveCfg = Release|x64
		{523C20AB-44DF-422D-A0DF-4121C3F249D4}.Release|x64.Build.0 = Release|x64
		{523C20AB-44DF-422D-A0DF-4121C3F249D4}.Release|x86.ActiveCfg = Release|Win32
		{523C20AB-44DF-422D-A0DF-4121C3F249D4}.Release|x86.Build.0 = Release|Win32
		{F9899C65-ADCD-400D-933E-B78A1C0A756A}.Debug|x64.ActiveCfg = Debug|x64
		{F9899C65-ADCD-400D-933E-B78A1C0A756A}.Debug|x64.Build.0 = Debug|x64
		{F9899C65-ADCD-400D-933E-B78A1C0A756A}.Debug|x86.ActiveCfg = Debug|Win32
		{F9899C65-ADCD-400D-933E-B78A1C0A756A}.Debug|x86.Build.0 = Debug|Win32
		{F9899C65-ADCD-400D-933E-B78A1C0A756A}.Release|x64.ActiveCfg = Release|x64
		{F9899C65-ADCD-400D-933E-B78A1C0A756A}.Release|x64.Build.0 = Release|x64
		{F9899C65-ADCD-400D-933E-B78A1C0A756A}.Release|x86.ActiveCfg = Release|Win32
		{F9899C65-ADCD-400D-933E-B78A1C0A756A}.Release|x86.Build.0 = Release|Win32
	EndGlobalSection
	GlobalSection(SolutionProperties) = preSolution
		HideSolutionNode = FALSE
	EndGlobalSection
	GlobalSection(ExtensibilityGlobals) = postSolution
		SolutionGuid = {A15E51B3-8008-4385-9B80-DA42F21C1AB8}
	EndGlobalSection
EndGlobal
