
Microsoft Visual Studio Solution File, Format Version 12.00
# Visual Studio Version 16
VisualStudioVersion = 16.0.30804.86
MinimumVisualStudioVersion = 10.0.40219.1
Project("{8BC9CEB8-8B4A-11D0-8D11-00A0C91BC942}") = "bai001", "chuong07\chuong07.vcxproj", "{E70886CE-22D8-437E-8BD4-C292DEB703F9}"
EndProject
Project("{8BC9CEB8-8B4A-11D0-8D11-00A0C91BC942}") = "bai002", "bai002\bai002.vcxproj", "{EE28DE40-AF3D-48ED-B1C1-0DA98982B693}"
EndProject
Project("{8BC9CEB8-8B4A-11D0-8D11-00A0C91BC942}") = "bai003", "bai003\bai003.vcxproj", "{040AAE17-34BA-483F-9D18-79524637A62C}"
EndProject
Project("{8BC9CEB8-8B4A-11D0-8D11-00A0C91BC942}") = "bai004", "bai004\bai004.vcxproj", "{C2C9C8A4-0194-406F-AA0C-3EF680E93871}"
EndProject
Project("{8BC9CEB8-8B4A-11D0-8D11-00A0C91BC942}") = "bai005", "bai005\bai005.vcxproj", "{8CC3BAEC-358F-4B88-9F0F-E714D8FB18E4}"
EndProject
Project("{8BC9CEB8-8B4A-11D0-8D11-00A0C91BC942}") = "bai006", "bai006\bai006.vcxproj", "{BB942040-ABCF-47EE-A8EC-616089769CF8}"
EndProject
Project("{8BC9CEB8-8B4A-11D0-8D11-00A0C91BC942}") = "bai007", "bai007\bai007.vcxproj", "{11203CEC-A68E-4831-9472-2DD96C009285}"
EndProject
Project("{8BC9CEB8-8B4A-11D0-8D11-00A0C91BC942}") = "bai008", "bai008\bai008.vcxproj", "{CBF6AE99-BB39-4C53-91A3-4B2FA98A626E}"
EndProject
Project("{8BC9CEB8-8B4A-11D0-8D11-00A0C91BC942}") = "bai009", "bai009\bai009.vcxproj", "{E1F453DE-D292-4A9B-A5D3-E9C5702F0AFE}"
EndProject
Project("{8BC9CEB8-8B4A-11D0-8D11-00A0C91BC942}") = "bai010", "bai010\bai010.vcxproj", "{E853EB1D-B3B0-46BC-8605-62D59FA36DA2}"
EndProject
Project("{8BC9CEB8-8B4A-11D0-8D11-00A0C91BC942}") = "bai012", "bai012\bai012.vcxproj", "{505DF062-FECB-4875-AA13-3C470A937CDF}"
EndProject
Project("{8BC9CEB8-8B4A-11D0-8D11-00A0C91BC942}") = "bai013", "bai013\bai013.vcxproj", "{A9092A1B-1EBD-44FD-BE89-32C961CC90BA}"
EndProject
Project("{8BC9CEB8-8B4A-11D0-8D11-00A0C91BC942}") = "bai014", "bai014\bai014.vcxproj", "{56EE6A44-30EC-4E6F-80A3-49C2353CB385}"
EndProject
Project("{8BC9CEB8-8B4A-11D0-8D11-00A0C91BC942}") = "bai015", "bai015\bai015.vcxproj", "{8487A49F-B69F-4116-B6DB-75E8262A0D6D}"
EndProject
Project("{8BC9CEB8-8B4A-11D0-8D11-00A0C91BC942}") = "bai016", "bai016\bai016.vcxproj", "{F5E2BB4A-BB3D-4CA6-91E8-7DDF120F9060}"
EndProject
Project("{8BC9CEB8-8B4A-11D0-8D11-00A0C91BC942}") = "bai017", "bai017\bai017.vcxproj", "{6E848E8E-B234-4FBF-BE03-D3A20573AB73}"
EndProject
Project("{8BC9CEB8-8B4A-11D0-8D11-00A0C91BC942}") = "bai018", "bai018\bai018.vcxproj", "{F417A0A7-BC0D-4558-9743-4E5B6C02D8A2}"
EndProject
Project("{8BC9CEB8-8B4A-11D0-8D11-00A0C91BC942}") = "bai019", "bai019\bai019.vcxproj", "{234D860B-F57B-45A2-8A24-011E02067789}"
EndProject
Project("{8BC9CEB8-8B4A-11D0-8D11-00A0C91BC942}") = "bai020", "bai020\bai020.vcxproj", "{32715D45-F1F3-4501-88D7-3DAAAC2A1D84}"
EndProject
Project("{8BC9CEB8-8B4A-11D0-8D11-00A0C91BC942}") = "bai021", "bai021\bai021.vcxproj", "{A207A7F0-AEFB-467D-8EA5-3136D6673ED4}"
EndProject
Project("{8BC9CEB8-8B4A-11D0-8D11-00A0C91BC942}") = "bai011", "bai011\bai011.vcxproj", "{0EB97940-8B3C-439C-93CE-B48C14805591}"
EndProject
Project("{8BC9CEB8-8B4A-11D0-8D11-00A0C91BC942}") = "bai022", "bai022\bai022.vcxproj", "{7FC487C1-C01D-4D95-9800-5C5D261B0A93}"
EndProject
Project("{8BC9CEB8-8B4A-11D0-8D11-00A0C91BC942}") = "bai023", "bai023\bai023.vcxproj", "{4B9CB16E-1D0B-46F3-AADE-44B7E4F7F61D}"
EndProject
Project("{8BC9CEB8-8B4A-11D0-8D11-00A0C91BC942}") = "bai024", "bai024\bai024.vcxproj", "{61253795-5486-4B9E-95F6-C54F0F9065EE}"
EndProject
Project("{8BC9CEB8-8B4A-11D0-8D11-00A0C91BC942}") = "bai025", "bai025\bai025.vcxproj", "{959D9166-1205-4BBF-8E7D-56E000853B56}"
EndProject
Project("{8BC9CEB8-8B4A-11D0-8D11-00A0C91BC942}") = "bai026", "bai026\bai026.vcxproj", "{345C6A11-5356-4FA8-94C8-580F4444F0FC}"
EndProject
Project("{8BC9CEB8-8B4A-11D0-8D11-00A0C91BC942}") = "bai027", "bai027\bai027.vcxproj", "{CF5E1EF0-88B2-4C54-8F64-3548A5CD53A5}"
EndProject
Project("{8BC9CEB8-8B4A-11D0-8D11-00A0C91BC942}") = "bai028", "bai028\bai028.vcxproj", "{B1E4F5B7-4E0C-4E51-AB74-4A7BE5416E7C}"
EndProject
Project("{8BC9CEB8-8B4A-11D0-8D11-00A0C91BC942}") = "bai029", "bai029\bai029.vcxproj", "{AD9B56D3-A5DD-4AE1-96C4-651F62234189}"
EndProject
Project("{8BC9CEB8-8B4A-11D0-8D11-00A0C91BC942}") = "bai030", "bai030\bai030.vcxproj", "{7F0E1D44-CE55-4377-A0FA-77427175DA63}"
EndProject
Project("{8BC9CEB8-8B4A-11D0-8D11-00A0C91BC942}") = "bai031", "bai031\bai031.vcxproj", "{70F8DE9F-4D66-4E79-9770-852DF76B8B29}"
EndProject
Project("{8BC9CEB8-8B4A-11D0-8D11-00A0C91BC942}") = "bai032", "bai032\bai032.vcxproj", "{05EADDCD-CF83-4D71-AD27-37EE34D1DC89}"
EndProject
Project("{8BC9CEB8-8B4A-11D0-8D11-00A0C91BC942}") = "bai033", "bai033\bai033.vcxproj", "{D084FF8D-D4D8-4DEE-AA48-B72B2EE34B51}"
EndProject
Project("{8BC9CEB8-8B4A-11D0-8D11-00A0C91BC942}") = "bai034", "bai034\bai034.vcxproj", "{736C7DDD-C9EF-4D12-832E-351D062281BF}"
EndProject
Project("{8BC9CEB8-8B4A-11D0-8D11-00A0C91BC942}") = "bai035", "bai035\bai035.vcxproj", "{A74A971D-A413-4441-B9B4-A619833D916F}"
EndProject
Project("{8BC9CEB8-8B4A-11D0-8D11-00A0C91BC942}") = "bai036", "bai036\bai036.vcxproj", "{87290CC2-82B6-4724-9313-C5612E221ED6}"
EndProject
Project("{8BC9CEB8-8B4A-11D0-8D11-00A0C91BC942}") = "bai037", "bai037\bai037.vcxproj", "{69311655-2D08-4EF5-8C7E-05D78CCB7B8F}"
EndProject
Project("{8BC9CEB8-8B4A-11D0-8D11-00A0C91BC942}") = "bai038", "bai038\bai038.vcxproj", "{00EC52AD-C57A-467C-926F-568FAAC0E6DB}"
EndProject
Project("{8BC9CEB8-8B4A-11D0-8D11-00A0C91BC942}") = "bai039", "bai039\bai039.vcxproj", "{45918F90-60EC-4C0F-AE11-3E2912411747}"
EndProject
Project("{8BC9CEB8-8B4A-11D0-8D11-00A0C91BC942}") = "bai040", "bai040\bai040.vcxproj", "{69ECF4DA-8C41-41AC-961A-0039046830CF}"
EndProject
Project("{8BC9CEB8-8B4A-11D0-8D11-00A0C91BC942}") = "bai041", "bai041\bai041.vcxproj", "{2C64C984-3E52-469D-92F1-D52177F89DA7}"
EndProject
Project("{8BC9CEB8-8B4A-11D0-8D11-00A0C91BC942}") = "bai042", "bai042\bai042.vcxproj", "{624CDE6D-9740-4060-B5B5-6D08851B56E4}"
EndProject
Project("{8BC9CEB8-8B4A-11D0-8D11-00A0C91BC942}") = "bai043", "bai043\bai043.vcxproj", "{5C3EE7E9-E307-420A-A633-C545D14FAC09}"
EndProject
Project("{8BC9CEB8-8B4A-11D0-8D11-00A0C91BC942}") = "bai044", "bai044\bai044.vcxproj", "{B3FAE505-ACE9-4385-BE98-C9ADF8CF6548}"
EndProject
Project("{8BC9CEB8-8B4A-11D0-8D11-00A0C91BC942}") = "bai045", "bai045\bai045.vcxproj", "{16320A2E-2973-42C4-B541-75071AC68730}"
EndProject
Project("{8BC9CEB8-8B4A-11D0-8D11-00A0C91BC942}") = "bai046", "bai046\bai046.vcxproj", "{21525C0B-6480-4394-ABEB-3EADDFA8BEF9}"
EndProject
Project("{8BC9CEB8-8B4A-11D0-8D11-00A0C91BC942}") = "bai047", "bai047\bai047.vcxproj", "{BE556DFD-EA89-492D-BBCE-6B41A7B45728}"
EndProject
Project("{8BC9CEB8-8B4A-11D0-8D11-00A0C91BC942}") = "bai050", "bai050\bai050.vcxproj", "{012EA855-4939-488C-802C-38B9D1AEEEA2}"
EndProject
Project("{8BC9CEB8-8B4A-11D0-8D11-00A0C91BC942}") = "bai051", "bai051\bai051.vcxproj", "{7D1239DB-B0BC-4860-87A9-7BBD8795E159}"
EndProject
Project("{8BC9CEB8-8B4A-11D0-8D11-00A0C91BC942}") = "bai052", "bai052\bai052.vcxproj", "{8B8D33B8-1864-4326-8B0E-9CE6BB231ED4}"
EndProject
Project("{8BC9CEB8-8B4A-11D0-8D11-00A0C91BC942}") = "bai054", "bai054\bai054.vcxproj", "{A3724EE8-7482-4F7D-8A8E-3C1ECA517E67}"
EndProject
Project("{8BC9CEB8-8B4A-11D0-8D11-00A0C91BC942}") = "bai055", "bai055\bai055.vcxproj", "{FD168294-CB74-418E-AB3E-564ACF7849DD}"
EndProject
Project("{8BC9CEB8-8B4A-11D0-8D11-00A0C91BC942}") = "bai056", "bai056\bai056.vcxproj", "{014F7BD1-8509-4941-9479-D6B1A2E3F46A}"
EndProject
Project("{8BC9CEB8-8B4A-11D0-8D11-00A0C91BC942}") = "bai137", "bai137\bai137.vcxproj", "{4C75CE0D-C4D8-42B1-8FF6-B4B9EC6D69CB}"
EndProject
Project("{8BC9CEB8-8B4A-11D0-8D11-00A0C91BC942}") = "bai138", "bai138\bai138.vcxproj", "{E73D2C8C-127D-4B37-8B35-7E9492B972B8}"
EndProject
Project("{8BC9CEB8-8B4A-11D0-8D11-00A0C91BC942}") = "bai139", "bai139\bai139.vcxproj", "{7F05060A-3DAB-4027-9031-1A957C4D2A09}"
EndProject
Project("{8BC9CEB8-8B4A-11D0-8D11-00A0C91BC942}") = "bai140", "bai140\bai140.vcxproj", "{958DE0D8-7166-497A-B9CC-5DA0D3AE0744}"
EndProject
Project("{8BC9CEB8-8B4A-11D0-8D11-00A0C91BC942}") = "bai141", "bai141\bai141.vcxproj", "{44645AF5-082F-4DBD-A300-0295F6A63595}"
EndProject
Project("{8BC9CEB8-8B4A-11D0-8D11-00A0C91BC942}") = "bai142", "bai142\bai142.vcxproj", "{ED3E3304-97BF-49EC-8CC8-6E2FD00FA6A6}"
EndProject
Project("{8BC9CEB8-8B4A-11D0-8D11-00A0C91BC942}") = "bai143", "bai143\bai143.vcxproj", "{5C107C3C-D4C0-4E0C-846B-F1EF8BF3E611}"
EndProject
Project("{8BC9CEB8-8B4A-11D0-8D11-00A0C91BC942}") = "bai144", "bai144\bai144.vcxproj", "{B24D07F9-6A51-4179-976C-42FBF8CAD707}"
EndProject
Project("{8BC9CEB8-8B4A-11D0-8D11-00A0C91BC942}") = "bai145", "Bai0145\Bai0145.vcxproj", "{99285AB1-0931-4186-8498-182DCFA491FD}"
EndProject
Project("{8BC9CEB8-8B4A-11D0-8D11-00A0C91BC942}") = "bai146", "Bai0146\Bai0146.vcxproj", "{7B195FA9-FE95-4030-9A8D-54D08A2BD0CD}"
EndProject
Project("{8BC9CEB8-8B4A-11D0-8D11-00A0C91BC942}") = "bai147", "bai0147\bai0147.vcxproj", "{11966367-8DDB-4C76-9C06-D55510AF032C}"
EndProject
Project("{8BC9CEB8-8B4A-11D0-8D11-00A0C91BC942}") = "bai148", "bai148\bai148.vcxproj", "{9B58694D-68E6-40B5-B6BA-BE973C8BE24B}"
EndProject
Project("{8BC9CEB8-8B4A-11D0-8D11-00A0C91BC942}") = "bai149", "bai149\bai149.vcxproj", "{E78050B6-E9AA-4282-A38A-912CA3DCFB97}"
EndProject
Project("{8BC9CEB8-8B4A-11D0-8D11-00A0C91BC942}") = "bai150", "bai150\bai150.vcxproj", "{0B443927-EDA2-4769-A25D-0CD917B667BF}"
EndProject
Project("{8BC9CEB8-8B4A-11D0-8D11-00A0C91BC942}") = "bai151", "bai151\bai151.vcxproj", "{28128E0B-38C1-4374-92A0-53926499548D}"
EndProject
Project("{8BC9CEB8-8B4A-11D0-8D11-00A0C91BC942}") = "bai152", "bai152\bai152.vcxproj", "{26D670A1-9CCC-4402-AC34-6B548EAEFA55}"
EndProject
Project("{8BC9CEB8-8B4A-11D0-8D11-00A0C91BC942}") = "bai153", "bai153\bai153.vcxproj", "{858DE49C-3201-4258-9BA8-ABD6E6DF2A86}"
EndProject
Project("{8BC9CEB8-8B4A-11D0-8D11-00A0C91BC942}") = "bai154", "bai154\bai154.vcxproj", "{15E28C1B-2872-412B-A621-37993F22A4D9}"
EndProject
Project("{8BC9CEB8-8B4A-11D0-8D11-00A0C91BC942}") = "bai155", "bai155\bai155.vcxproj", "{93D5DA30-B375-480B-99F8-7B70644A062F}"
EndProject
Project("{8BC9CEB8-8B4A-11D0-8D11-00A0C91BC942}") = "bai156", "bai156\bai156.vcxproj", "{7DBE975C-62A0-486C-A461-3FBF516F06D3}"
EndProject
Project("{8BC9CEB8-8B4A-11D0-8D11-00A0C91BC942}") = "bai157", "bai157\bai157.vcxproj", "{38FDFFAF-8614-4143-9764-DE424CB2B2AB}"
EndProject
Project("{8BC9CEB8-8B4A-11D0-8D11-00A0C91BC942}") = "bai158", "bai158\bai158.vcxproj", "{5E9D07C0-17AA-4EB1-9192-9361BDF2F542}"
EndProject
Project("{8BC9CEB8-8B4A-11D0-8D11-00A0C91BC942}") = "bai159", "bai159\bai159.vcxproj", "{663D11EF-F255-4B5E-B0CF-8A1DACBD136C}"
EndProject
Project("{8BC9CEB8-8B4A-11D0-8D11-00A0C91BC942}") = "bai160", "bai160\bai160.vcxproj", "{A2018DAC-F1D2-4D03-B313-7C4E782C3367}"
EndProject
Project("{8BC9CEB8-8B4A-11D0-8D11-00A0C91BC942}") = "bai161", "bai161\bai161.vcxproj", "{3E0493A0-2BCA-443A-A5B4-4A59F0DA2B20}"
EndProject
Project("{8BC9CEB8-8B4A-11D0-8D11-00A0C91BC942}") = "bai162", "bai162\bai162.vcxproj", "{4C88588D-AB10-49FA-A1CD-456308D1D09E}"
EndProject
Project("{8BC9CEB8-8B4A-11D0-8D11-00A0C91BC942}") = "bai163", "bai163\bai163.vcxproj", "{AA3BA8E5-0CC6-4714-8C9C-24465BB301D9}"
EndProject
Project("{8BC9CEB8-8B4A-11D0-8D11-00A0C91BC942}") = "bai164", "bai164\bai164.vcxproj", "{8B53560A-ADCC-44AF-9654-169417355632}"
EndProject
Project("{8BC9CEB8-8B4A-11D0-8D11-00A0C91BC942}") = "bai165", "bai165\bai165.vcxproj", "{8DEF72FC-F9B6-41EE-8BE8-90451C4F7273}"
EndProject
Project("{8BC9CEB8-8B4A-11D0-8D11-00A0C91BC942}") = "bai166", "bai166\bai166.vcxproj", "{D6F50392-98A8-439C-8427-29E8B58BB4B6}"
EndProject
Project("{8BC9CEB8-8B4A-11D0-8D11-00A0C91BC942}") = "bai167", "bai167\bai167.vcxproj", "{B343BA63-EE61-446D-A719-156ADA469A73}"
EndProject
Project("{8BC9CEB8-8B4A-11D0-8D11-00A0C91BC942}") = "bai168", "bai168\bai168.vcxproj", "{AB644628-05BF-4F74-B65B-4461703FD132}"
EndProject
Project("{8BC9CEB8-8B4A-11D0-8D11-00A0C91BC942}") = "bai169", "bai169\bai169.vcxproj", "{92F331B4-862B-4D14-B8B0-7ADF945D6EFD}"
EndProject
Project("{8BC9CEB8-8B4A-11D0-8D11-00A0C91BC942}") = "bai170", "bai170\bai170.vcxproj", "{7EEE8ECA-6B7A-40E3-A569-93075CD33493}"
EndProject
Project("{8BC9CEB8-8B4A-11D0-8D11-00A0C91BC942}") = "bai171", "bai171\bai171.vcxproj", "{92240F4B-10CE-42B0-9729-D6343EF3DCEA}"
EndProject
Project("{8BC9CEB8-8B4A-11D0-8D11-00A0C91BC942}") = "bai172", "bai172\bai172.vcxproj", "{6F97DE80-7DA0-4FFD-8C09-5AAF8229B4DB}"
EndProject
Project("{8BC9CEB8-8B4A-11D0-8D11-00A0C91BC942}") = "bai173", "bai173\bai173.vcxproj", "{8715D3A3-AD5C-40CC-92A9-6D59E503BDD6}"
EndProject
Project("{8BC9CEB8-8B4A-11D0-8D11-00A0C91BC942}") = "bai174", "bai174\bai174.vcxproj", "{903C5D46-FA3A-421B-AF54-5FF32A0CA650}"
EndProject
Project("{8BC9CEB8-8B4A-11D0-8D11-00A0C91BC942}") = "bai175", "bai175\bai175.vcxproj", "{C1FDDCBB-3292-44FA-95B4-89EA1121ECFA}"
EndProject
Project("{8BC9CEB8-8B4A-11D0-8D11-00A0C91BC942}") = "bai176", "bai176\bai176.vcxproj", "{E2728936-920C-4414-9CE8-70B60156D763}"
EndProject
Project("{8BC9CEB8-8B4A-11D0-8D11-00A0C91BC942}") = "bai177", "bai177\bai177.vcxproj", "{8317B492-013E-460E-8C5F-C2E482783845}"
EndProject
Project("{8BC9CEB8-8B4A-11D0-8D11-00A0C91BC942}") = "bai178", "bai178\bai178.vcxproj", "{1EAA54C6-A0BC-4F72-B6E5-08BCFDE69A20}"
EndProject
Project("{8BC9CEB8-8B4A-11D0-8D11-00A0C91BC942}") = "bai179", "bai179\bai179.vcxproj", "{6C9E84E5-E903-48F2-8F93-5D97284FC3EE}"
EndProject
Project("{8BC9CEB8-8B4A-11D0-8D11-00A0C91BC942}") = "bai180", "bai180\bai180.vcxproj", "{F78592B7-8B2D-48E8-8CFB-B396ECF8DA19}"
EndProject
Project("{8BC9CEB8-8B4A-11D0-8D11-00A0C91BC942}") = "bai181", "bai181\bai181.vcxproj", "{12985F3E-D89F-4BD9-BEAF-D95421DBF950}"
EndProject
Project("{8BC9CEB8-8B4A-11D0-8D11-00A0C91BC942}") = "bai182", "bai182\bai182.vcxproj", "{460D85BF-CD01-4688-B225-43FD895E9749}"
EndProject
Project("{8BC9CEB8-8B4A-11D0-8D11-00A0C91BC942}") = "bai183", "bai183\bai183.vcxproj", "{862EFE01-39A9-4538-95A5-1F92DD424E30}"
EndProject
Project("{8BC9CEB8-8B4A-11D0-8D11-00A0C91BC942}") = "bai184", "bai184\bai184.vcxproj", "{C329E59E-FAA5-4A46-AC2B-BB4043AED0AE}"
EndProject
Project("{8BC9CEB8-8B4A-11D0-8D11-00A0C91BC942}") = "bai185", "bai185\bai185.vcxproj", "{8863547D-46C4-474B-A67B-CC6DE6AA2F03}"
EndProject
Project("{8BC9CEB8-8B4A-11D0-8D11-00A0C91BC942}") = "bai186", "bai186\bai186.vcxproj", "{24767DFD-60FD-45D0-AC8A-4B79301C5DCB}"
EndProject
Project("{8BC9CEB8-8B4A-11D0-8D11-00A0C91BC942}") = "bai187", "bai187\bai187.vcxproj", "{F227490D-3A6D-49B2-BF92-523322BA57AF}"
EndProject
Project("{8BC9CEB8-8B4A-11D0-8D11-00A0C91BC942}") = "bai188", "bai188\bai188.vcxproj", "{23F0AAF0-D6BB-4884-A3EA-721BCBB5D824}"
EndProject
Project("{8BC9CEB8-8B4A-11D0-8D11-00A0C91BC942}") = "bai189", "bai189\bai189.vcxproj", "{4EDE730F-5DE7-4517-91AF-770DC637E7D4}"
EndProject
Project("{8BC9CEB8-8B4A-11D0-8D11-00A0C91BC942}") = "bai190", "bai190\bai190.vcxproj", "{FC737D38-DE12-4D3A-A520-8923DD5CAB13}"
EndProject
Project("{8BC9CEB8-8B4A-11D0-8D11-00A0C91BC942}") = "bai191", "bai191\bai191.vcxproj", "{18F92160-DA43-444C-9691-8876CC8E8478}"
EndProject
Project("{8BC9CEB8-8B4A-11D0-8D11-00A0C91BC942}") = "bai192", "bai192\bai192.vcxproj", "{6006ADBB-EFE9-492C-B52B-C0D1FCF7453A}"
EndProject
Project("{8BC9CEB8-8B4A-11D0-8D11-00A0C91BC942}") = "bai193", "bai193\bai193.vcxproj", "{12668E73-C65C-44B0-9885-8DAC6935DBA4}"
EndProject
Project("{8BC9CEB8-8B4A-11D0-8D11-00A0C91BC942}") = "bai194", "bai194\bai194.vcxproj", "{E439D852-DB9C-41C2-8B89-3950A2A4BCE3}"
EndProject
Project("{8BC9CEB8-8B4A-11D0-8D11-00A0C91BC942}") = "bai195", "bai195\bai195.vcxproj", "{57DE6C04-537F-47BA-B481-B15C90DDDC73}"
EndProject
Project("{8BC9CEB8-8B4A-11D0-8D11-00A0C91BC942}") = "bai196", "bai196\bai196.vcxproj", "{A0AB6868-8145-4BD1-840C-C8E84802BC4C}"
EndProject
Project("{8BC9CEB8-8B4A-11D0-8D11-00A0C91BC942}") = "bai197", "bai197\bai197.vcxproj", "{7AA6D1A6-ADCF-438B-89BB-6591CCC446CA}"
EndProject
Project("{8BC9CEB8-8B4A-11D0-8D11-00A0C91BC942}") = "bai198", "bai198\bai198.vcxproj", "{D268CE41-89C8-4DA2-91EB-AD1E333DE1D9}"
EndProject
Project("{8BC9CEB8-8B4A-11D0-8D11-00A0C91BC942}") = "bai199", "bai199\bai199.vcxproj", "{ACB1E5F4-5D06-43DF-A1BD-3F90537D2435}"
EndProject
Project("{8BC9CEB8-8B4A-11D0-8D11-00A0C91BC942}") = "bai200", "bai200\bai200.vcxproj", "{36339179-9B84-4907-B0A4-808FEF0AEA66}"
EndProject
Project("{8BC9CEB8-8B4A-11D0-8D11-00A0C91BC942}") = "bai201", "bai201\bai201.vcxproj", "{4E9A3A85-2268-4209-AE30-CFFA83E45477}"
EndProject
Project("{8BC9CEB8-8B4A-11D0-8D11-00A0C91BC942}") = "bai202", "bai202\bai202.vcxproj", "{14EAEE37-F710-4071-8485-F6C3A03108FA}"
EndProject
Project("{8BC9CEB8-8B4A-11D0-8D11-00A0C91BC942}") = "bai203", "bai203\bai203.vcxproj", "{B85F7BA2-3D0B-4C94-A77A-55816B45F967}"
EndProject
Project("{8BC9CEB8-8B4A-11D0-8D11-00A0C91BC942}") = "bai204", "bai204\bai204.vcxproj", "{DCA29CBD-19EC-40D9-8C61-D45BD348747F}"
EndProject
Project("{8BC9CEB8-8B4A-11D0-8D11-00A0C91BC942}") = "bai205", "bai205\bai205.vcxproj", "{AC289BF5-FEDF-4313-A1ED-8D7E35218512}"
EndProject
Project("{8BC9CEB8-8B4A-11D0-8D11-00A0C91BC942}") = "bai206", "bai206\bai206.vcxproj", "{5F749392-FFF0-4DE4-B713-7B146C73B1FF}"
EndProject
Project("{8BC9CEB8-8B4A-11D0-8D11-00A0C91BC942}") = "bai207", "bai207\bai207.vcxproj", "{FADC8D9B-C04F-4B4C-A023-ED7E2A288B48}"
EndProject
Project("{8BC9CEB8-8B4A-11D0-8D11-00A0C91BC942}") = "bai208", "bai208\bai208.vcxproj", "{BB71FD38-DC33-443F-85D4-3589A290DC5F}"
EndProject
Project("{8BC9CEB8-8B4A-11D0-8D11-00A0C91BC942}") = "bai209", "bai209\bai209.vcxproj", "{8D51FED5-7C69-4B42-A30A-E5BE37B1B5D0}"
EndProject
Project("{8BC9CEB8-8B4A-11D0-8D11-00A0C91BC942}") = "bai210", "bai210\bai210.vcxproj", "{30CCC246-184D-4398-A1DC-9D4698880FA2}"
EndProject
Project("{8BC9CEB8-8B4A-11D0-8D11-00A0C91BC942}") = "bai211", "bai211\bai211.vcxproj", "{BACDC707-0444-432E-9BC3-A7D382639E11}"
EndProject
Project("{8BC9CEB8-8B4A-11D0-8D11-00A0C91BC942}") = "bai212", "bai212\bai212.vcxproj", "{73C23363-083B-448E-BAA4-8BD351295C98}"
EndProject
Project("{8BC9CEB8-8B4A-11D0-8D11-00A0C91BC942}") = "bai213", "bai213\bai213.vcxproj", "{3BD325F6-0515-475F-8916-7CCF841C4221}"
EndProject
Project("{8BC9CEB8-8B4A-11D0-8D11-00A0C91BC942}") = "bai214", "bai214\bai214.vcxproj", "{1203B56C-B6A0-424C-B93D-AFFD05EFC33B}"
EndProject
Project("{8BC9CEB8-8B4A-11D0-8D11-00A0C91BC942}") = "bai215", "bai215\bai215.vcxproj", "{CA2A0838-7315-4F9E-A5CE-1E3E11FD3F5B}"
EndProject
Global
	GlobalSection(SolutionConfigurationPlatforms) = preSolution
		Debug|x64 = Debug|x64
		Debug|x86 = Debug|x86
		Release|x64 = Release|x64
		Release|x86 = Release|x86
	EndGlobalSection
	GlobalSection(ProjectConfigurationPlatforms) = postSolution
		{E70886CE-22D8-437E-8BD4-C292DEB703F9}.Debug|x64.ActiveCfg = Debug|x64
		{E70886CE-22D8-437E-8BD4-C292DEB703F9}.Debug|x64.Build.0 = Debug|x64
		{E70886CE-22D8-437E-8BD4-C292DEB703F9}.Debug|x86.ActiveCfg = Debug|Win32
		{E70886CE-22D8-437E-8BD4-C292DEB703F9}.Debug|x86.Build.0 = Debug|Win32
		{E70886CE-22D8-437E-8BD4-C292DEB703F9}.Release|x64.ActiveCfg = Release|x64
		{E70886CE-22D8-437E-8BD4-C292DEB703F9}.Release|x64.Build.0 = Release|x64
		{E70886CE-22D8-437E-8BD4-C292DEB703F9}.Release|x86.ActiveCfg = Release|Win32
		{E70886CE-22D8-437E-8BD4-C292DEB703F9}.Release|x86.Build.0 = Release|Win32
		{EE28DE40-AF3D-48ED-B1C1-0DA98982B693}.Debug|x64.ActiveCfg = Debug|x64
		{EE28DE40-AF3D-48ED-B1C1-0DA98982B693}.Debug|x64.Build.0 = Debug|x64
		{EE28DE40-AF3D-48ED-B1C1-0DA98982B693}.Debug|x86.ActiveCfg = Debug|Win32
		{EE28DE40-AF3D-48ED-B1C1-0DA98982B693}.Debug|x86.Build.0 = Debug|Win32
		{EE28DE40-AF3D-48ED-B1C1-0DA98982B693}.Release|x64.ActiveCfg = Release|x64
		{EE28DE40-AF3D-48ED-B1C1-0DA98982B693}.Release|x64.Build.0 = Release|x64
		{EE28DE40-AF3D-48ED-B1C1-0DA98982B693}.Release|x86.ActiveCfg = Release|Win32
		{EE28DE40-AF3D-48ED-B1C1-0DA98982B693}.Release|x86.Build.0 = Release|Win32
		{040AAE17-34BA-483F-9D18-79524637A62C}.Debug|x64.ActiveCfg = Debug|x64
		{040AAE17-34BA-483F-9D18-79524637A62C}.Debug|x64.Build.0 = Debug|x64
		{040AAE17-34BA-483F-9D18-79524637A62C}.Debug|x86.ActiveCfg = Debug|Win32
		{040AAE17-34BA-483F-9D18-79524637A62C}.Debug|x86.Build.0 = Debug|Win32
		{040AAE17-34BA-483F-9D18-79524637A62C}.Release|x64.ActiveCfg = Release|x64
		{040AAE17-34BA-483F-9D18-79524637A62C}.Release|x64.Build.0 = Release|x64
		{040AAE17-34BA-483F-9D18-79524637A62C}.Release|x86.ActiveCfg = Release|Win32
		{040AAE17-34BA-483F-9D18-79524637A62C}.Release|x86.Build.0 = Release|Win32
		{C2C9C8A4-0194-406F-AA0C-3EF680E93871}.Debug|x64.ActiveCfg = Debug|x64
		{C2C9C8A4-0194-406F-AA0C-3EF680E93871}.Debug|x64.Build.0 = Debug|x64
		{C2C9C8A4-0194-406F-AA0C-3EF680E93871}.Debug|x86.ActiveCfg = Debug|Win32
		{C2C9C8A4-0194-406F-AA0C-3EF680E93871}.Debug|x86.Build.0 = Debug|Win32
		{C2C9C8A4-0194-406F-AA0C-3EF680E93871}.Release|x64.ActiveCfg = Release|x64
		{C2C9C8A4-0194-406F-AA0C-3EF680E93871}.Release|x64.Build.0 = Release|x64
		{C2C9C8A4-0194-406F-AA0C-3EF680E93871}.Release|x86.ActiveCfg = Release|Win32
		{C2C9C8A4-0194-406F-AA0C-3EF680E93871}.Release|x86.Build.0 = Release|Win32
		{8CC3BAEC-358F-4B88-9F0F-E714D8FB18E4}.Debug|x64.ActiveCfg = Debug|x64
		{8CC3BAEC-358F-4B88-9F0F-E714D8FB18E4}.Debug|x64.Build.0 = Debug|x64
		{8CC3BAEC-358F-4B88-9F0F-E714D8FB18E4}.Debug|x86.ActiveCfg = Debug|Win32
		{8CC3BAEC-358F-4B88-9F0F-E714D8FB18E4}.Debug|x86.Build.0 = Debug|Win32
		{8CC3BAEC-358F-4B88-9F0F-E714D8FB18E4}.Release|x64.ActiveCfg = Release|x64
		{8CC3BAEC-358F-4B88-9F0F-E714D8FB18E4}.Release|x64.Build.0 = Release|x64
		{8CC3BAEC-358F-4B88-9F0F-E714D8FB18E4}.Release|x86.ActiveCfg = Release|Win32
		{8CC3BAEC-358F-4B88-9F0F-E714D8FB18E4}.Release|x86.Build.0 = Release|Win32
		{BB942040-ABCF-47EE-A8EC-616089769CF8}.Debug|x64.ActiveCfg = Debug|x64
		{BB942040-ABCF-47EE-A8EC-616089769CF8}.Debug|x64.Build.0 = Debug|x64
		{BB942040-ABCF-47EE-A8EC-616089769CF8}.Debug|x86.ActiveCfg = Debug|Win32
		{BB942040-ABCF-47EE-A8EC-616089769CF8}.Debug|x86.Build.0 = Debug|Win32
		{BB942040-ABCF-47EE-A8EC-616089769CF8}.Release|x64.ActiveCfg = Release|x64
		{BB942040-ABCF-47EE-A8EC-616089769CF8}.Release|x64.Build.0 = Release|x64
		{BB942040-ABCF-47EE-A8EC-616089769CF8}.Release|x86.ActiveCfg = Release|Win32
		{BB942040-ABCF-47EE-A8EC-616089769CF8}.Release|x86.Build.0 = Release|Win32
		{11203CEC-A68E-4831-9472-2DD96C009285}.Debug|x64.ActiveCfg = Debug|x64
		{11203CEC-A68E-4831-9472-2DD96C009285}.Debug|x64.Build.0 = Debug|x64
		{11203CEC-A68E-4831-9472-2DD96C009285}.Debug|x86.ActiveCfg = Debug|Win32
		{11203CEC-A68E-4831-9472-2DD96C009285}.Debug|x86.Build.0 = Debug|Win32
		{11203CEC-A68E-4831-9472-2DD96C009285}.Release|x64.ActiveCfg = Release|x64
		{11203CEC-A68E-4831-9472-2DD96C009285}.Release|x64.Build.0 = Release|x64
		{11203CEC-A68E-4831-9472-2DD96C009285}.Release|x86.ActiveCfg = Release|Win32
		{11203CEC-A68E-4831-9472-2DD96C009285}.Release|x86.Build.0 = Release|Win32
		{CBF6AE99-BB39-4C53-91A3-4B2FA98A626E}.Debug|x64.ActiveCfg = Debug|x64
		{CBF6AE99-BB39-4C53-91A3-4B2FA98A626E}.Debug|x64.Build.0 = Debug|x64
		{CBF6AE99-BB39-4C53-91A3-4B2FA98A626E}.Debug|x86.ActiveCfg = Debug|Win32
		{CBF6AE99-BB39-4C53-91A3-4B2FA98A626E}.Debug|x86.Build.0 = Debug|Win32
		{CBF6AE99-BB39-4C53-91A3-4B2FA98A626E}.Release|x64.ActiveCfg = Release|x64
		{CBF6AE99-BB39-4C53-91A3-4B2FA98A626E}.Release|x64.Build.0 = Release|x64
		{CBF6AE99-BB39-4C53-91A3-4B2FA98A626E}.Release|x86.ActiveCfg = Release|Win32
		{CBF6AE99-BB39-4C53-91A3-4B2FA98A626E}.Release|x86.Build.0 = Release|Win32
		{E1F453DE-D292-4A9B-A5D3-E9C5702F0AFE}.Debug|x64.ActiveCfg = Debug|x64
		{E1F453DE-D292-4A9B-A5D3-E9C5702F0AFE}.Debug|x64.Build.0 = Debug|x64
		{E1F453DE-D292-4A9B-A5D3-E9C5702F0AFE}.Debug|x86.ActiveCfg = Debug|Win32
		{E1F453DE-D292-4A9B-A5D3-E9C5702F0AFE}.Debug|x86.Build.0 = Debug|Win32
		{E1F453DE-D292-4A9B-A5D3-E9C5702F0AFE}.Release|x64.ActiveCfg = Release|x64
		{E1F453DE-D292-4A9B-A5D3-E9C5702F0AFE}.Release|x64.Build.0 = Release|x64
		{E1F453DE-D292-4A9B-A5D3-E9C5702F0AFE}.Release|x86.ActiveCfg = Release|Win32
		{E1F453DE-D292-4A9B-A5D3-E9C5702F0AFE}.Release|x86.Build.0 = Release|Win32
		{E853EB1D-B3B0-46BC-8605-62D59FA36DA2}.Debug|x64.ActiveCfg = Debug|x64
		{E853EB1D-B3B0-46BC-8605-62D59FA36DA2}.Debug|x64.Build.0 = Debug|x64
		{E853EB1D-B3B0-46BC-8605-62D59FA36DA2}.Debug|x86.ActiveCfg = Debug|Win32
		{E853EB1D-B3B0-46BC-8605-62D59FA36DA2}.Debug|x86.Build.0 = Debug|Win32
		{E853EB1D-B3B0-46BC-8605-62D59FA36DA2}.Release|x64.ActiveCfg = Release|x64
		{E853EB1D-B3B0-46BC-8605-62D59FA36DA2}.Release|x64.Build.0 = Release|x64
		{E853EB1D-B3B0-46BC-8605-62D59FA36DA2}.Release|x86.ActiveCfg = Release|Win32
		{E853EB1D-B3B0-46BC-8605-62D59FA36DA2}.Release|x86.Build.0 = Release|Win32
		{505DF062-FECB-4875-AA13-3C470A937CDF}.Debug|x64.ActiveCfg = Debug|x64
		{505DF062-FECB-4875-AA13-3C470A937CDF}.Debug|x64.Build.0 = Debug|x64
		{505DF062-FECB-4875-AA13-3C470A937CDF}.Debug|x86.ActiveCfg = Debug|Win32
		{505DF062-FECB-4875-AA13-3C470A937CDF}.Debug|x86.Build.0 = Debug|Win32
		{505DF062-FECB-4875-AA13-3C470A937CDF}.Release|x64.ActiveCfg = Release|x64
		{505DF062-FECB-4875-AA13-3C470A937CDF}.Release|x64.Build.0 = Release|x64
		{505DF062-FECB-4875-AA13-3C470A937CDF}.Release|x86.ActiveCfg = Release|Win32
		{505DF062-FECB-4875-AA13-3C470A937CDF}.Release|x86.Build.0 = Release|Win32
		{A9092A1B-1EBD-44FD-BE89-32C961CC90BA}.Debug|x64.ActiveCfg = Debug|x64
		{A9092A1B-1EBD-44FD-BE89-32C961CC90BA}.Debug|x64.Build.0 = Debug|x64
		{A9092A1B-1EBD-44FD-BE89-32C961CC90BA}.Debug|x86.ActiveCfg = Debug|Win32
		{A9092A1B-1EBD-44FD-BE89-32C961CC90BA}.Debug|x86.Build.0 = Debug|Win32
		{A9092A1B-1EBD-44FD-BE89-32C961CC90BA}.Release|x64.ActiveCfg = Release|x64
		{A9092A1B-1EBD-44FD-BE89-32C961CC90BA}.Release|x64.Build.0 = Release|x64
		{A9092A1B-1EBD-44FD-BE89-32C961CC90BA}.Release|x86.ActiveCfg = Release|Win32
		{A9092A1B-1EBD-44FD-BE89-32C961CC90BA}.Release|x86.Build.0 = Release|Win32
		{56EE6A44-30EC-4E6F-80A3-49C2353CB385}.Debug|x64.ActiveCfg = Debug|x64
		{56EE6A44-30EC-4E6F-80A3-49C2353CB385}.Debug|x64.Build.0 = Debug|x64
		{56EE6A44-30EC-4E6F-80A3-49C2353CB385}.Debug|x86.ActiveCfg = Debug|Win32
		{56EE6A44-30EC-4E6F-80A3-49C2353CB385}.Debug|x86.Build.0 = Debug|Win32
		{56EE6A44-30EC-4E6F-80A3-49C2353CB385}.Release|x64.ActiveCfg = Release|x64
		{56EE6A44-30EC-4E6F-80A3-49C2353CB385}.Release|x64.Build.0 = Release|x64
		{56EE6A44-30EC-4E6F-80A3-49C2353CB385}.Release|x86.ActiveCfg = Release|Win32
		{56EE6A44-30EC-4E6F-80A3-49C2353CB385}.Release|x86.Build.0 = Release|Win32
		{8487A49F-B69F-4116-B6DB-75E8262A0D6D}.Debug|x64.ActiveCfg = Debug|x64
		{8487A49F-B69F-4116-B6DB-75E8262A0D6D}.Debug|x64.Build.0 = Debug|x64
		{8487A49F-B69F-4116-B6DB-75E8262A0D6D}.Debug|x86.ActiveCfg = Debug|Win32
		{8487A49F-B69F-4116-B6DB-75E8262A0D6D}.Debug|x86.Build.0 = Debug|Win32
		{8487A49F-B69F-4116-B6DB-75E8262A0D6D}.Release|x64.ActiveCfg = Release|x64
		{8487A49F-B69F-4116-B6DB-75E8262A0D6D}.Release|x64.Build.0 = Release|x64
		{8487A49F-B69F-4116-B6DB-75E8262A0D6D}.Release|x86.ActiveCfg = Release|Win32
		{8487A49F-B69F-4116-B6DB-75E8262A0D6D}.Release|x86.Build.0 = Release|Win32
		{F5E2BB4A-BB3D-4CA6-91E8-7DDF120F9060}.Debug|x64.ActiveCfg = Debug|x64
		{F5E2BB4A-BB3D-4CA6-91E8-7DDF120F9060}.Debug|x64.Build.0 = Debug|x64
		{F5E2BB4A-BB3D-4CA6-91E8-7DDF120F9060}.Debug|x86.ActiveCfg = Debug|Win32
		{F5E2BB4A-BB3D-4CA6-91E8-7DDF120F9060}.Debug|x86.Build.0 = Debug|Win32
		{F5E2BB4A-BB3D-4CA6-91E8-7DDF120F9060}.Release|x64.ActiveCfg = Release|x64
		{F5E2BB4A-BB3D-4CA6-91E8-7DDF120F9060}.Release|x64.Build.0 = Release|x64
		{F5E2BB4A-BB3D-4CA6-91E8-7DDF120F9060}.Release|x86.ActiveCfg = Release|Win32
		{F5E2BB4A-BB3D-4CA6-91E8-7DDF120F9060}.Release|x86.Build.0 = Release|Win32
		{6E848E8E-B234-4FBF-BE03-D3A20573AB73}.Debug|x64.ActiveCfg = Debug|x64
		{6E848E8E-B234-4FBF-BE03-D3A20573AB73}.Debug|x64.Build.0 = Debug|x64
		{6E848E8E-B234-4FBF-BE03-D3A20573AB73}.Debug|x86.ActiveCfg = Debug|Win32
		{6E848E8E-B234-4FBF-BE03-D3A20573AB73}.Debug|x86.Build.0 = Debug|Win32
		{6E848E8E-B234-4FBF-BE03-D3A20573AB73}.Release|x64.ActiveCfg = Release|x64
		{6E848E8E-B234-4FBF-BE03-D3A20573AB73}.Release|x64.Build.0 = Release|x64
		{6E848E8E-B234-4FBF-BE03-D3A20573AB73}.Release|x86.ActiveCfg = Release|Win32
		{6E848E8E-B234-4FBF-BE03-D3A20573AB73}.Release|x86.Build.0 = Release|Win32
		{F417A0A7-BC0D-4558-9743-4E5B6C02D8A2}.Debug|x64.ActiveCfg = Debug|x64
		{F417A0A7-BC0D-4558-9743-4E5B6C02D8A2}.Debug|x64.Build.0 = Debug|x64
		{F417A0A7-BC0D-4558-9743-4E5B6C02D8A2}.Debug|x86.ActiveCfg = Debug|Win32
		{F417A0A7-BC0D-4558-9743-4E5B6C02D8A2}.Debug|x86.Build.0 = Debug|Win32
		{F417A0A7-BC0D-4558-9743-4E5B6C02D8A2}.Release|x64.ActiveCfg = Release|x64
		{F417A0A7-BC0D-4558-9743-4E5B6C02D8A2}.Release|x64.Build.0 = Release|x64
		{F417A0A7-BC0D-4558-9743-4E5B6C02D8A2}.Release|x86.ActiveCfg = Release|Win32
		{F417A0A7-BC0D-4558-9743-4E5B6C02D8A2}.Release|x86.Build.0 = Release|Win32
		{234D860B-F57B-45A2-8A24-011E02067789}.Debug|x64.ActiveCfg = Debug|x64
		{234D860B-F57B-45A2-8A24-011E02067789}.Debug|x64.Build.0 = Debug|x64
		{234D860B-F57B-45A2-8A24-011E02067789}.Debug|x86.ActiveCfg = Debug|Win32
		{234D860B-F57B-45A2-8A24-011E02067789}.Debug|x86.Build.0 = Debug|Win32
		{234D860B-F57B-45A2-8A24-011E02067789}.Release|x64.ActiveCfg = Release|x64
		{234D860B-F57B-45A2-8A24-011E02067789}.Release|x64.Build.0 = Release|x64
		{234D860B-F57B-45A2-8A24-011E02067789}.Release|x86.ActiveCfg = Release|Win32
		{234D860B-F57B-45A2-8A24-011E02067789}.Release|x86.Build.0 = Release|Win32
		{32715D45-F1F3-4501-88D7-3DAAAC2A1D84}.Debug|x64.ActiveCfg = Debug|x64
		{32715D45-F1F3-4501-88D7-3DAAAC2A1D84}.Debug|x64.Build.0 = Debug|x64
		{32715D45-F1F3-4501-88D7-3DAAAC2A1D84}.Debug|x86.ActiveCfg = Debug|Win32
		{32715D45-F1F3-4501-88D7-3DAAAC2A1D84}.Debug|x86.Build.0 = Debug|Win32
		{32715D45-F1F3-4501-88D7-3DAAAC2A1D84}.Release|x64.ActiveCfg = Release|x64
		{32715D45-F1F3-4501-88D7-3DAAAC2A1D84}.Release|x64.Build.0 = Release|x64
		{32715D45-F1F3-4501-88D7-3DAAAC2A1D84}.Release|x86.ActiveCfg = Release|Win32
		{32715D45-F1F3-4501-88D7-3DAAAC2A1D84}.Release|x86.Build.0 = Release|Win32
		{A207A7F0-AEFB-467D-8EA5-3136D6673ED4}.Debug|x64.ActiveCfg = Debug|x64
		{A207A7F0-AEFB-467D-8EA5-3136D6673ED4}.Debug|x64.Build.0 = Debug|x64
		{A207A7F0-AEFB-467D-8EA5-3136D6673ED4}.Debug|x86.ActiveCfg = Debug|Win32
		{A207A7F0-AEFB-467D-8EA5-3136D6673ED4}.Debug|x86.Build.0 = Debug|Win32
		{A207A7F0-AEFB-467D-8EA5-3136D6673ED4}.Release|x64.ActiveCfg = Release|x64
		{A207A7F0-AEFB-467D-8EA5-3136D6673ED4}.Release|x64.Build.0 = Release|x64
		{A207A7F0-AEFB-467D-8EA5-3136D6673ED4}.Release|x86.ActiveCfg = Release|Win32
		{A207A7F0-AEFB-467D-8EA5-3136D6673ED4}.Release|x86.Build.0 = Release|Win32
		{0EB97940-8B3C-439C-93CE-B48C14805591}.Debug|x64.ActiveCfg = Debug|x64
		{0EB97940-8B3C-439C-93CE-B48C14805591}.Debug|x64.Build.0 = Debug|x64
		{0EB97940-8B3C-439C-93CE-B48C14805591}.Debug|x86.ActiveCfg = Debug|Win32
		{0EB97940-8B3C-439C-93CE-B48C14805591}.Debug|x86.Build.0 = Debug|Win32
		{0EB97940-8B3C-439C-93CE-B48C14805591}.Release|x64.ActiveCfg = Release|x64
		{0EB97940-8B3C-439C-93CE-B48C14805591}.Release|x64.Build.0 = Release|x64
		{0EB97940-8B3C-439C-93CE-B48C14805591}.Release|x86.ActiveCfg = Release|Win32
		{0EB97940-8B3C-439C-93CE-B48C14805591}.Release|x86.Build.0 = Release|Win32
		{7FC487C1-C01D-4D95-9800-5C5D261B0A93}.Debug|x64.ActiveCfg = Debug|x64
		{7FC487C1-C01D-4D95-9800-5C5D261B0A93}.Debug|x64.Build.0 = Debug|x64
		{7FC487C1-C01D-4D95-9800-5C5D261B0A93}.Debug|x86.ActiveCfg = Debug|Win32
		{7FC487C1-C01D-4D95-9800-5C5D261B0A93}.Debug|x86.Build.0 = Debug|Win32
		{7FC487C1-C01D-4D95-9800-5C5D261B0A93}.Release|x64.ActiveCfg = Release|x64
		{7FC487C1-C01D-4D95-9800-5C5D261B0A93}.Release|x64.Build.0 = Release|x64
		{7FC487C1-C01D-4D95-9800-5C5D261B0A93}.Release|x86.ActiveCfg = Release|Win32
		{7FC487C1-C01D-4D95-9800-5C5D261B0A93}.Release|x86.Build.0 = Release|Win32
		{4B9CB16E-1D0B-46F3-AADE-44B7E4F7F61D}.Debug|x64.ActiveCfg = Debug|x64
		{4B9CB16E-1D0B-46F3-AADE-44B7E4F7F61D}.Debug|x64.Build.0 = Debug|x64
		{4B9CB16E-1D0B-46F3-AADE-44B7E4F7F61D}.Debug|x86.ActiveCfg = Debug|Win32
		{4B9CB16E-1D0B-46F3-AADE-44B7E4F7F61D}.Debug|x86.Build.0 = Debug|Win32
		{4B9CB16E-1D0B-46F3-AADE-44B7E4F7F61D}.Release|x64.ActiveCfg = Release|x64
		{4B9CB16E-1D0B-46F3-AADE-44B7E4F7F61D}.Release|x64.Build.0 = Release|x64
		{4B9CB16E-1D0B-46F3-AADE-44B7E4F7F61D}.Release|x86.ActiveCfg = Release|Win32
		{4B9CB16E-1D0B-46F3-AADE-44B7E4F7F61D}.Release|x86.Build.0 = Release|Win32
		{61253795-5486-4B9E-95F6-C54F0F9065EE}.Debug|x64.ActiveCfg = Debug|x64
		{61253795-5486-4B9E-95F6-C54F0F9065EE}.Debug|x64.Build.0 = Debug|x64
		{61253795-5486-4B9E-95F6-C54F0F9065EE}.Debug|x86.ActiveCfg = Debug|Win32
		{61253795-5486-4B9E-95F6-C54F0F9065EE}.Debug|x86.Build.0 = Debug|Win32
		{61253795-5486-4B9E-95F6-C54F0F9065EE}.Release|x64.ActiveCfg = Release|x64
		{61253795-5486-4B9E-95F6-C54F0F9065EE}.Release|x64.Build.0 = Release|x64
		{61253795-5486-4B9E-95F6-C54F0F9065EE}.Release|x86.ActiveCfg = Release|Win32
		{61253795-5486-4B9E-95F6-C54F0F9065EE}.Release|x86.Build.0 = Release|Win32
		{959D9166-1205-4BBF-8E7D-56E000853B56}.Debug|x64.ActiveCfg = Debug|x64
		{959D9166-1205-4BBF-8E7D-56E000853B56}.Debug|x64.Build.0 = Debug|x64
		{959D9166-1205-4BBF-8E7D-56E000853B56}.Debug|x86.ActiveCfg = Debug|Win32
		{959D9166-1205-4BBF-8E7D-56E000853B56}.Debug|x86.Build.0 = Debug|Win32
		{959D9166-1205-4BBF-8E7D-56E000853B56}.Release|x64.ActiveCfg = Release|x64
		{959D9166-1205-4BBF-8E7D-56E000853B56}.Release|x64.Build.0 = Release|x64
		{959D9166-1205-4BBF-8E7D-56E000853B56}.Release|x86.ActiveCfg = Release|Win32
		{959D9166-1205-4BBF-8E7D-56E000853B56}.Release|x86.Build.0 = Release|Win32
		{345C6A11-5356-4FA8-94C8-580F4444F0FC}.Debug|x64.ActiveCfg = Debug|x64
		{345C6A11-5356-4FA8-94C8-580F4444F0FC}.Debug|x64.Build.0 = Debug|x64
		{345C6A11-5356-4FA8-94C8-580F4444F0FC}.Debug|x86.ActiveCfg = Debug|Win32
		{345C6A11-5356-4FA8-94C8-580F4444F0FC}.Debug|x86.Build.0 = Debug|Win32
		{345C6A11-5356-4FA8-94C8-580F4444F0FC}.Release|x64.ActiveCfg = Release|x64
		{345C6A11-5356-4FA8-94C8-580F4444F0FC}.Release|x64.Build.0 = Release|x64
		{345C6A11-5356-4FA8-94C8-580F4444F0FC}.Release|x86.ActiveCfg = Release|Win32
		{345C6A11-5356-4FA8-94C8-580F4444F0FC}.Release|x86.Build.0 = Release|Win32
		{CF5E1EF0-88B2-4C54-8F64-3548A5CD53A5}.Debug|x64.ActiveCfg = Debug|x64
		{CF5E1EF0-88B2-4C54-8F64-3548A5CD53A5}.Debug|x64.Build.0 = Debug|x64
		{CF5E1EF0-88B2-4C54-8F64-3548A5CD53A5}.Debug|x86.ActiveCfg = Debug|Win32
		{CF5E1EF0-88B2-4C54-8F64-3548A5CD53A5}.Debug|x86.Build.0 = Debug|Win32
		{CF5E1EF0-88B2-4C54-8F64-3548A5CD53A5}.Release|x64.ActiveCfg = Release|x64
		{CF5E1EF0-88B2-4C54-8F64-3548A5CD53A5}.Release|x64.Build.0 = Release|x64
		{CF5E1EF0-88B2-4C54-8F64-3548A5CD53A5}.Release|x86.ActiveCfg = Release|Win32
		{CF5E1EF0-88B2-4C54-8F64-3548A5CD53A5}.Release|x86.Build.0 = Release|Win32
		{B1E4F5B7-4E0C-4E51-AB74-4A7BE5416E7C}.Debug|x64.ActiveCfg = Debug|x64
		{B1E4F5B7-4E0C-4E51-AB74-4A7BE5416E7C}.Debug|x64.Build.0 = Debug|x64
		{B1E4F5B7-4E0C-4E51-AB74-4A7BE5416E7C}.Debug|x86.ActiveCfg = Debug|Win32
		{B1E4F5B7-4E0C-4E51-AB74-4A7BE5416E7C}.Debug|x86.Build.0 = Debug|Win32
		{B1E4F5B7-4E0C-4E51-AB74-4A7BE5416E7C}.Release|x64.ActiveCfg = Release|x64
		{B1E4F5B7-4E0C-4E51-AB74-4A7BE5416E7C}.Release|x64.Build.0 = Release|x64
		{B1E4F5B7-4E0C-4E51-AB74-4A7BE5416E7C}.Release|x86.ActiveCfg = Release|Win32
		{B1E4F5B7-4E0C-4E51-AB74-4A7BE5416E7C}.Release|x86.Build.0 = Release|Win32
		{AD9B56D3-A5DD-4AE1-96C4-651F62234189}.Debug|x64.ActiveCfg = Debug|x64
		{AD9B56D3-A5DD-4AE1-96C4-651F62234189}.Debug|x64.Build.0 = Debug|x64
		{AD9B56D3-A5DD-4AE1-96C4-651F62234189}.Debug|x86.ActiveCfg = Debug|Win32
		{AD9B56D3-A5DD-4AE1-96C4-651F62234189}.Debug|x86.Build.0 = Debug|Win32
		{AD9B56D3-A5DD-4AE1-96C4-651F62234189}.Release|x64.ActiveCfg = Release|x64
		{AD9B56D3-A5DD-4AE1-96C4-651F62234189}.Release|x64.Build.0 = Release|x64
		{AD9B56D3-A5DD-4AE1-96C4-651F62234189}.Release|x86.ActiveCfg = Release|Win32
		{AD9B56D3-A5DD-4AE1-96C4-651F62234189}.Release|x86.Build.0 = Release|Win32
		{7F0E1D44-CE55-4377-A0FA-77427175DA63}.Debug|x64.ActiveCfg = Debug|x64
		{7F0E1D44-CE55-4377-A0FA-77427175DA63}.Debug|x64.Build.0 = Debug|x64
		{7F0E1D44-CE55-4377-A0FA-77427175DA63}.Debug|x86.ActiveCfg = Debug|Win32
		{7F0E1D44-CE55-4377-A0FA-77427175DA63}.Debug|x86.Build.0 = Debug|Win32
		{7F0E1D44-CE55-4377-A0FA-77427175DA63}.Release|x64.ActiveCfg = Release|x64
		{7F0E1D44-CE55-4377-A0FA-77427175DA63}.Release|x64.Build.0 = Release|x64
		{7F0E1D44-CE55-4377-A0FA-77427175DA63}.Release|x86.ActiveCfg = Release|Win32
		{7F0E1D44-CE55-4377-A0FA-77427175DA63}.Release|x86.Build.0 = Release|Win32
		{70F8DE9F-4D66-4E79-9770-852DF76B8B29}.Debug|x64.ActiveCfg = Debug|x64
		{70F8DE9F-4D66-4E79-9770-852DF76B8B29}.Debug|x64.Build.0 = Debug|x64
		{70F8DE9F-4D66-4E79-9770-852DF76B8B29}.Debug|x86.ActiveCfg = Debug|Win32
		{70F8DE9F-4D66-4E79-9770-852DF76B8B29}.Debug|x86.Build.0 = Debug|Win32
		{70F8DE9F-4D66-4E79-9770-852DF76B8B29}.Release|x64.ActiveCfg = Release|x64
		{70F8DE9F-4D66-4E79-9770-852DF76B8B29}.Release|x64.Build.0 = Release|x64
		{70F8DE9F-4D66-4E79-9770-852DF76B8B29}.Release|x86.ActiveCfg = Release|Win32
		{70F8DE9F-4D66-4E79-9770-852DF76B8B29}.Release|x86.Build.0 = Release|Win32
		{05EADDCD-CF83-4D71-AD27-37EE34D1DC89}.Debug|x64.ActiveCfg = Debug|x64
		{05EADDCD-CF83-4D71-AD27-37EE34D1DC89}.Debug|x64.Build.0 = Debug|x64
		{05EADDCD-CF83-4D71-AD27-37EE34D1DC89}.Debug|x86.ActiveCfg = Debug|Win32
		{05EADDCD-CF83-4D71-AD27-37EE34D1DC89}.Debug|x86.Build.0 = Debug|Win32
		{05EADDCD-CF83-4D71-AD27-37EE34D1DC89}.Release|x64.ActiveCfg = Release|x64
		{05EADDCD-CF83-4D71-AD27-37EE34D1DC89}.Release|x64.Build.0 = Release|x64
		{05EADDCD-CF83-4D71-AD27-37EE34D1DC89}.Release|x86.ActiveCfg = Release|Win32
		{05EADDCD-CF83-4D71-AD27-37EE34D1DC89}.Release|x86.Build.0 = Release|Win32
		{D084FF8D-D4D8-4DEE-AA48-B72B2EE34B51}.Debug|x64.ActiveCfg = Debug|x64
		{D084FF8D-D4D8-4DEE-AA48-B72B2EE34B51}.Debug|x64.Build.0 = Debug|x64
		{D084FF8D-D4D8-4DEE-AA48-B72B2EE34B51}.Debug|x86.ActiveCfg = Debug|Win32
		{D084FF8D-D4D8-4DEE-AA48-B72B2EE34B51}.Debug|x86.Build.0 = Debug|Win32
		{D084FF8D-D4D8-4DEE-AA48-B72B2EE34B51}.Release|x64.ActiveCfg = Release|x64
		{D084FF8D-D4D8-4DEE-AA48-B72B2EE34B51}.Release|x64.Build.0 = Release|x64
		{D084FF8D-D4D8-4DEE-AA48-B72B2EE34B51}.Release|x86.ActiveCfg = Release|Win32
		{D084FF8D-D4D8-4DEE-AA48-B72B2EE34B51}.Release|x86.Build.0 = Release|Win32
		{736C7DDD-C9EF-4D12-832E-351D062281BF}.Debug|x64.ActiveCfg = Debug|x64
		{736C7DDD-C9EF-4D12-832E-351D062281BF}.Debug|x64.Build.0 = Debug|x64
		{736C7DDD-C9EF-4D12-832E-351D062281BF}.Debug|x86.ActiveCfg = Debug|Win32
		{736C7DDD-C9EF-4D12-832E-351D062281BF}.Debug|x86.Build.0 = Debug|Win32
		{736C7DDD-C9EF-4D12-832E-351D062281BF}.Release|x64.ActiveCfg = Release|x64
		{736C7DDD-C9EF-4D12-832E-351D062281BF}.Release|x64.Build.0 = Release|x64
		{736C7DDD-C9EF-4D12-832E-351D062281BF}.Release|x86.ActiveCfg = Release|Win32
		{736C7DDD-C9EF-4D12-832E-351D062281BF}.Release|x86.Build.0 = Release|Win32
		{A74A971D-A413-4441-B9B4-A619833D916F}.Debug|x64.ActiveCfg = Debug|x64
		{A74A971D-A413-4441-B9B4-A619833D916F}.Debug|x64.Build.0 = Debug|x64
		{A74A971D-A413-4441-B9B4-A619833D916F}.Debug|x86.ActiveCfg = Debug|Win32
		{A74A971D-A413-4441-B9B4-A619833D916F}.Debug|x86.Build.0 = Debug|Win32
		{A74A971D-A413-4441-B9B4-A619833D916F}.Release|x64.ActiveCfg = Release|x64
		{A74A971D-A413-4441-B9B4-A619833D916F}.Release|x64.Build.0 = Release|x64
		{A74A971D-A413-4441-B9B4-A619833D916F}.Release|x86.ActiveCfg = Release|Win32
		{A74A971D-A413-4441-B9B4-A619833D916F}.Release|x86.Build.0 = Release|Win32
		{87290CC2-82B6-4724-9313-C5612E221ED6}.Debug|x64.ActiveCfg = Debug|x64
		{87290CC2-82B6-4724-9313-C5612E221ED6}.Debug|x64.Build.0 = Debug|x64
		{87290CC2-82B6-4724-9313-C5612E221ED6}.Debug|x86.ActiveCfg = Debug|Win32
		{87290CC2-82B6-4724-9313-C5612E221ED6}.Debug|x86.Build.0 = Debug|Win32
		{87290CC2-82B6-4724-9313-C5612E221ED6}.Release|x64.ActiveCfg = Release|x64
		{87290CC2-82B6-4724-9313-C5612E221ED6}.Release|x64.Build.0 = Release|x64
		{87290CC2-82B6-4724-9313-C5612E221ED6}.Release|x86.ActiveCfg = Release|Win32
		{87290CC2-82B6-4724-9313-C5612E221ED6}.Release|x86.Build.0 = Release|Win32
		{69311655-2D08-4EF5-8C7E-05D78CCB7B8F}.Debug|x64.ActiveCfg = Debug|x64
		{69311655-2D08-4EF5-8C7E-05D78CCB7B8F}.Debug|x64.Build.0 = Debug|x64
		{69311655-2D08-4EF5-8C7E-05D78CCB7B8F}.Debug|x86.ActiveCfg = Debug|Win32
		{69311655-2D08-4EF5-8C7E-05D78CCB7B8F}.Debug|x86.Build.0 = Debug|Win32
		{69311655-2D08-4EF5-8C7E-05D78CCB7B8F}.Release|x64.ActiveCfg = Release|x64
		{69311655-2D08-4EF5-8C7E-05D78CCB7B8F}.Release|x64.Build.0 = Release|x64
		{69311655-2D08-4EF5-8C7E-05D78CCB7B8F}.Release|x86.ActiveCfg = Release|Win32
		{69311655-2D08-4EF5-8C7E-05D78CCB7B8F}.Release|x86.Build.0 = Release|Win32
		{00EC52AD-C57A-467C-926F-568FAAC0E6DB}.Debug|x64.ActiveCfg = Debug|x64
		{00EC52AD-C57A-467C-926F-568FAAC0E6DB}.Debug|x64.Build.0 = Debug|x64
		{00EC52AD-C57A-467C-926F-568FAAC0E6DB}.Debug|x86.ActiveCfg = Debug|Win32
		{00EC52AD-C57A-467C-926F-568FAAC0E6DB}.Debug|x86.Build.0 = Debug|Win32
		{00EC52AD-C57A-467C-926F-568FAAC0E6DB}.Release|x64.ActiveCfg = Release|x64
		{00EC52AD-C57A-467C-926F-568FAAC0E6DB}.Release|x64.Build.0 = Release|x64
		{00EC52AD-C57A-467C-926F-568FAAC0E6DB}.Release|x86.ActiveCfg = Release|Win32
		{00EC52AD-C57A-467C-926F-568FAAC0E6DB}.Release|x86.Build.0 = Release|Win32
		{45918F90-60EC-4C0F-AE11-3E2912411747}.Debug|x64.ActiveCfg = Debug|x64
		{45918F90-60EC-4C0F-AE11-3E2912411747}.Debug|x64.Build.0 = Debug|x64
		{45918F90-60EC-4C0F-AE11-3E2912411747}.Debug|x86.ActiveCfg = Debug|Win32
		{45918F90-60EC-4C0F-AE11-3E2912411747}.Debug|x86.Build.0 = Debug|Win32
		{45918F90-60EC-4C0F-AE11-3E2912411747}.Release|x64.ActiveCfg = Release|x64
		{45918F90-60EC-4C0F-AE11-3E2912411747}.Release|x64.Build.0 = Release|x64
		{45918F90-60EC-4C0F-AE11-3E2912411747}.Release|x86.ActiveCfg = Release|Win32
		{45918F90-60EC-4C0F-AE11-3E2912411747}.Release|x86.Build.0 = Release|Win32
		{69ECF4DA-8C41-41AC-961A-0039046830CF}.Debug|x64.ActiveCfg = Debug|x64
		{69ECF4DA-8C41-41AC-961A-0039046830CF}.Debug|x64.Build.0 = Debug|x64
		{69ECF4DA-8C41-41AC-961A-0039046830CF}.Debug|x86.ActiveCfg = Debug|Win32
		{69ECF4DA-8C41-41AC-961A-0039046830CF}.Debug|x86.Build.0 = Debug|Win32
		{69ECF4DA-8C41-41AC-961A-0039046830CF}.Release|x64.ActiveCfg = Release|x64
		{69ECF4DA-8C41-41AC-961A-0039046830CF}.Release|x64.Build.0 = Release|x64
		{69ECF4DA-8C41-41AC-961A-0039046830CF}.Release|x86.ActiveCfg = Release|Win32
		{69ECF4DA-8C41-41AC-961A-0039046830CF}.Release|x86.Build.0 = Release|Win32
		{2C64C984-3E52-469D-92F1-D52177F89DA7}.Debug|x64.ActiveCfg = Debug|x64
		{2C64C984-3E52-469D-92F1-D52177F89DA7}.Debug|x64.Build.0 = Debug|x64
		{2C64C984-3E52-469D-92F1-D52177F89DA7}.Debug|x86.ActiveCfg = Debug|Win32
		{2C64C984-3E52-469D-92F1-D52177F89DA7}.Debug|x86.Build.0 = Debug|Win32
		{2C64C984-3E52-469D-92F1-D52177F89DA7}.Release|x64.ActiveCfg = Release|x64
		{2C64C984-3E52-469D-92F1-D52177F89DA7}.Release|x64.Build.0 = Release|x64
		{2C64C984-3E52-469D-92F1-D52177F89DA7}.Release|x86.ActiveCfg = Release|Win32
		{2C64C984-3E52-469D-92F1-D52177F89DA7}.Release|x86.Build.0 = Release|Win32
		{624CDE6D-9740-4060-B5B5-6D08851B56E4}.Debug|x64.ActiveCfg = Debug|x64
		{624CDE6D-9740-4060-B5B5-6D08851B56E4}.Debug|x64.Build.0 = Debug|x64
		{624CDE6D-9740-4060-B5B5-6D08851B56E4}.Debug|x86.ActiveCfg = Debug|Win32
		{624CDE6D-9740-4060-B5B5-6D08851B56E4}.Debug|x86.Build.0 = Debug|Win32
		{624CDE6D-9740-4060-B5B5-6D08851B56E4}.Release|x64.ActiveCfg = Release|x64
		{624CDE6D-9740-4060-B5B5-6D08851B56E4}.Release|x64.Build.0 = Release|x64
		{624CDE6D-9740-4060-B5B5-6D08851B56E4}.Release|x86.ActiveCfg = Release|Win32
		{624CDE6D-9740-4060-B5B5-6D08851B56E4}.Release|x86.Build.0 = Release|Win32
		{5C3EE7E9-E307-420A-A633-C545D14FAC09}.Debug|x64.ActiveCfg = Debug|x64
		{5C3EE7E9-E307-420A-A633-C545D14FAC09}.Debug|x64.Build.0 = Debug|x64
		{5C3EE7E9-E307-420A-A633-C545D14FAC09}.Debug|x86.ActiveCfg = Debug|Win32
		{5C3EE7E9-E307-420A-A633-C545D14FAC09}.Debug|x86.Build.0 = Debug|Win32
		{5C3EE7E9-E307-420A-A633-C545D14FAC09}.Release|x64.ActiveCfg = Release|x64
		{5C3EE7E9-E307-420A-A633-C545D14FAC09}.Release|x64.Build.0 = Release|x64
		{5C3EE7E9-E307-420A-A633-C545D14FAC09}.Release|x86.ActiveCfg = Release|Win32
		{5C3EE7E9-E307-420A-A633-C545D14FAC09}.Release|x86.Build.0 = Release|Win32
		{B3FAE505-ACE9-4385-BE98-C9ADF8CF6548}.Debug|x64.ActiveCfg = Debug|x64
		{B3FAE505-ACE9-4385-BE98-C9ADF8CF6548}.Debug|x64.Build.0 = Debug|x64
		{B3FAE505-ACE9-4385-BE98-C9ADF8CF6548}.Debug|x86.ActiveCfg = Debug|Win32
		{B3FAE505-ACE9-4385-BE98-C9ADF8CF6548}.Debug|x86.Build.0 = Debug|Win32
		{B3FAE505-ACE9-4385-BE98-C9ADF8CF6548}.Release|x64.ActiveCfg = Release|x64
		{B3FAE505-ACE9-4385-BE98-C9ADF8CF6548}.Release|x64.Build.0 = Release|x64
		{B3FAE505-ACE9-4385-BE98-C9ADF8CF6548}.Release|x86.ActiveCfg = Release|Win32
		{B3FAE505-ACE9-4385-BE98-C9ADF8CF6548}.Release|x86.Build.0 = Release|Win32
		{16320A2E-2973-42C4-B541-75071AC68730}.Debug|x64.ActiveCfg = Debug|x64
		{16320A2E-2973-42C4-B541-75071AC68730}.Debug|x64.Build.0 = Debug|x64
		{16320A2E-2973-42C4-B541-75071AC68730}.Debug|x86.ActiveCfg = Debug|Win32
		{16320A2E-2973-42C4-B541-75071AC68730}.Debug|x86.Build.0 = Debug|Win32
		{16320A2E-2973-42C4-B541-75071AC68730}.Release|x64.ActiveCfg = Release|x64
		{16320A2E-2973-42C4-B541-75071AC68730}.Release|x64.Build.0 = Release|x64
		{16320A2E-2973-42C4-B541-75071AC68730}.Release|x86.ActiveCfg = Release|Win32
		{16320A2E-2973-42C4-B541-75071AC68730}.Release|x86.Build.0 = Release|Win32
		{21525C0B-6480-4394-ABEB-3EADDFA8BEF9}.Debug|x64.ActiveCfg = Debug|x64
		{21525C0B-6480-4394-ABEB-3EADDFA8BEF9}.Debug|x64.Build.0 = Debug|x64
		{21525C0B-6480-4394-ABEB-3EADDFA8BEF9}.Debug|x86.ActiveCfg = Debug|Win32
		{21525C0B-6480-4394-ABEB-3EADDFA8BEF9}.Debug|x86.Build.0 = Debug|Win32
		{21525C0B-6480-4394-ABEB-3EADDFA8BEF9}.Release|x64.ActiveCfg = Release|x64
		{21525C0B-6480-4394-ABEB-3EADDFA8BEF9}.Release|x64.Build.0 = Release|x64
		{21525C0B-6480-4394-ABEB-3EADDFA8BEF9}.Release|x86.ActiveCfg = Release|Win32
		{21525C0B-6480-4394-ABEB-3EADDFA8BEF9}.Release|x86.Build.0 = Release|Win32
		{BE556DFD-EA89-492D-BBCE-6B41A7B45728}.Debug|x64.ActiveCfg = Debug|x64
		{BE556DFD-EA89-492D-BBCE-6B41A7B45728}.Debug|x64.Build.0 = Debug|x64
		{BE556DFD-EA89-492D-BBCE-6B41A7B45728}.Debug|x86.ActiveCfg = Debug|Win32
		{BE556DFD-EA89-492D-BBCE-6B41A7B45728}.Debug|x86.Build.0 = Debug|Win32
		{BE556DFD-EA89-492D-BBCE-6B41A7B45728}.Release|x64.ActiveCfg = Release|x64
		{BE556DFD-EA89-492D-BBCE-6B41A7B45728}.Release|x64.Build.0 = Release|x64
		{BE556DFD-EA89-492D-BBCE-6B41A7B45728}.Release|x86.ActiveCfg = Release|Win32
		{BE556DFD-EA89-492D-BBCE-6B41A7B45728}.Release|x86.Build.0 = Release|Win32
		{012EA855-4939-488C-802C-38B9D1AEEEA2}.Debug|x64.ActiveCfg = Debug|x64
		{012EA855-4939-488C-802C-38B9D1AEEEA2}.Debug|x64.Build.0 = Debug|x64
		{012EA855-4939-488C-802C-38B9D1AEEEA2}.Debug|x86.ActiveCfg = Debug|Win32
		{012EA855-4939-488C-802C-38B9D1AEEEA2}.Debug|x86.Build.0 = Debug|Win32
		{012EA855-4939-488C-802C-38B9D1AEEEA2}.Release|x64.ActiveCfg = Release|x64
		{012EA855-4939-488C-802C-38B9D1AEEEA2}.Release|x64.Build.0 = Release|x64
		{012EA855-4939-488C-802C-38B9D1AEEEA2}.Release|x86.ActiveCfg = Release|Win32
		{012EA855-4939-488C-802C-38B9D1AEEEA2}.Release|x86.Build.0 = Release|Win32
		{7D1239DB-B0BC-4860-87A9-7BBD8795E159}.Debug|x64.ActiveCfg = Debug|x64
		{7D1239DB-B0BC-4860-87A9-7BBD8795E159}.Debug|x64.Build.0 = Debug|x64
		{7D1239DB-B0BC-4860-87A9-7BBD8795E159}.Debug|x86.ActiveCfg = Debug|Win32
		{7D1239DB-B0BC-4860-87A9-7BBD8795E159}.Debug|x86.Build.0 = Debug|Win32
		{7D1239DB-B0BC-4860-87A9-7BBD8795E159}.Release|x64.ActiveCfg = Release|x64
		{7D1239DB-B0BC-4860-87A9-7BBD8795E159}.Release|x64.Build.0 = Release|x64
		{7D1239DB-B0BC-4860-87A9-7BBD8795E159}.Release|x86.ActiveCfg = Release|Win32
		{7D1239DB-B0BC-4860-87A9-7BBD8795E159}.Release|x86.Build.0 = Release|Win32
		{8B8D33B8-1864-4326-8B0E-9CE6BB231ED4}.Debug|x64.ActiveCfg = Debug|x64
		{8B8D33B8-1864-4326-8B0E-9CE6BB231ED4}.Debug|x64.Build.0 = Debug|x64
		{8B8D33B8-1864-4326-8B0E-9CE6BB231ED4}.Debug|x86.ActiveCfg = Debug|Win32
		{8B8D33B8-1864-4326-8B0E-9CE6BB231ED4}.Debug|x86.Build.0 = Debug|Win32
		{8B8D33B8-1864-4326-8B0E-9CE6BB231ED4}.Release|x64.ActiveCfg = Release|x64
		{8B8D33B8-1864-4326-8B0E-9CE6BB231ED4}.Release|x64.Build.0 = Release|x64
		{8B8D33B8-1864-4326-8B0E-9CE6BB231ED4}.Release|x86.ActiveCfg = Release|Win32
		{8B8D33B8-1864-4326-8B0E-9CE6BB231ED4}.Release|x86.Build.0 = Release|Win32
		{A3724EE8-7482-4F7D-8A8E-3C1ECA517E67}.Debug|x64.ActiveCfg = Debug|x64
		{A3724EE8-7482-4F7D-8A8E-3C1ECA517E67}.Debug|x64.Build.0 = Debug|x64
		{A3724EE8-7482-4F7D-8A8E-3C1ECA517E67}.Debug|x86.ActiveCfg = Debug|Win32
		{A3724EE8-7482-4F7D-8A8E-3C1ECA517E67}.Debug|x86.Build.0 = Debug|Win32
		{A3724EE8-7482-4F7D-8A8E-3C1ECA517E67}.Release|x64.ActiveCfg = Release|x64
		{A3724EE8-7482-4F7D-8A8E-3C1ECA517E67}.Release|x64.Build.0 = Release|x64
		{A3724EE8-7482-4F7D-8A8E-3C1ECA517E67}.Release|x86.ActiveCfg = Release|Win32
		{A3724EE8-7482-4F7D-8A8E-3C1ECA517E67}.Release|x86.Build.0 = Release|Win32
		{FD168294-CB74-418E-AB3E-564ACF7849DD}.Debug|x64.ActiveCfg = Debug|x64
		{FD168294-CB74-418E-AB3E-564ACF7849DD}.Debug|x64.Build.0 = Debug|x64
		{FD168294-CB74-418E-AB3E-564ACF7849DD}.Debug|x86.ActiveCfg = Debug|Win32
		{FD168294-CB74-418E-AB3E-564ACF7849DD}.Debug|x86.Build.0 = Debug|Win32
		{FD168294-CB74-418E-AB3E-564ACF7849DD}.Release|x64.ActiveCfg = Release|x64
		{FD168294-CB74-418E-AB3E-564ACF7849DD}.Release|x64.Build.0 = Release|x64
		{FD168294-CB74-418E-AB3E-564ACF7849DD}.Release|x86.ActiveCfg = Release|Win32
		{FD168294-CB74-418E-AB3E-564ACF7849DD}.Release|x86.Build.0 = Release|Win32
		{014F7BD1-8509-4941-9479-D6B1A2E3F46A}.Debug|x64.ActiveCfg = Debug|x64
		{014F7BD1-8509-4941-9479-D6B1A2E3F46A}.Debug|x64.Build.0 = Debug|x64
		{014F7BD1-8509-4941-9479-D6B1A2E3F46A}.Debug|x86.ActiveCfg = Debug|Win32
		{014F7BD1-8509-4941-9479-D6B1A2E3F46A}.Debug|x86.Build.0 = Debug|Win32
		{014F7BD1-8509-4941-9479-D6B1A2E3F46A}.Release|x64.ActiveCfg = Release|x64
		{014F7BD1-8509-4941-9479-D6B1A2E3F46A}.Release|x64.Build.0 = Release|x64
		{014F7BD1-8509-4941-9479-D6B1A2E3F46A}.Release|x86.ActiveCfg = Release|Win32
		{014F7BD1-8509-4941-9479-D6B1A2E3F46A}.Release|x86.Build.0 = Release|Win32
		{4C75CE0D-C4D8-42B1-8FF6-B4B9EC6D69CB}.Debug|x64.ActiveCfg = Debug|x64
		{4C75CE0D-C4D8-42B1-8FF6-B4B9EC6D69CB}.Debug|x64.Build.0 = Debug|x64
		{4C75CE0D-C4D8-42B1-8FF6-B4B9EC6D69CB}.Debug|x86.ActiveCfg = Debug|Win32
		{4C75CE0D-C4D8-42B1-8FF6-B4B9EC6D69CB}.Debug|x86.Build.0 = Debug|Win32
		{4C75CE0D-C4D8-42B1-8FF6-B4B9EC6D69CB}.Release|x64.ActiveCfg = Release|x64
		{4C75CE0D-C4D8-42B1-8FF6-B4B9EC6D69CB}.Release|x64.Build.0 = Release|x64
		{4C75CE0D-C4D8-42B1-8FF6-B4B9EC6D69CB}.Release|x86.ActiveCfg = Release|Win32
		{4C75CE0D-C4D8-42B1-8FF6-B4B9EC6D69CB}.Release|x86.Build.0 = Release|Win32
		{E73D2C8C-127D-4B37-8B35-7E9492B972B8}.Debug|x64.ActiveCfg = Debug|x64
		{E73D2C8C-127D-4B37-8B35-7E9492B972B8}.Debug|x64.Build.0 = Debug|x64
		{E73D2C8C-127D-4B37-8B35-7E9492B972B8}.Debug|x86.ActiveCfg = Debug|Win32
		{E73D2C8C-127D-4B37-8B35-7E9492B972B8}.Debug|x86.Build.0 = Debug|Win32
		{E73D2C8C-127D-4B37-8B35-7E9492B972B8}.Release|x64.ActiveCfg = Release|x64
		{E73D2C8C-127D-4B37-8B35-7E9492B972B8}.Release|x64.Build.0 = Release|x64
		{E73D2C8C-127D-4B37-8B35-7E9492B972B8}.Release|x86.ActiveCfg = Release|Win32
		{E73D2C8C-127D-4B37-8B35-7E9492B972B8}.Release|x86.Build.0 = Release|Win32
		{7F05060A-3DAB-4027-9031-1A957C4D2A09}.Debug|x64.ActiveCfg = Debug|x64
		{7F05060A-3DAB-4027-9031-1A957C4D2A09}.Debug|x64.Build.0 = Debug|x64
		{7F05060A-3DAB-4027-9031-1A957C4D2A09}.Debug|x86.ActiveCfg = Debug|Win32
		{7F05060A-3DAB-4027-9031-1A957C4D2A09}.Debug|x86.Build.0 = Debug|Win32
		{7F05060A-3DAB-4027-9031-1A957C4D2A09}.Release|x64.ActiveCfg = Release|x64
		{7F05060A-3DAB-4027-9031-1A957C4D2A09}.Release|x64.Build.0 = Release|x64
		{7F05060A-3DAB-4027-9031-1A957C4D2A09}.Release|x86.ActiveCfg = Release|Win32
		{7F05060A-3DAB-4027-9031-1A957C4D2A09}.Release|x86.Build.0 = Release|Win32
		{958DE0D8-7166-497A-B9CC-5DA0D3AE0744}.Debug|x64.ActiveCfg = Debug|x64
		{958DE0D8-7166-497A-B9CC-5DA0D3AE0744}.Debug|x64.Build.0 = Debug|x64
		{958DE0D8-7166-497A-B9CC-5DA0D3AE0744}.Debug|x86.ActiveCfg = Debug|Win32
		{958DE0D8-7166-497A-B9CC-5DA0D3AE0744}.Debug|x86.Build.0 = Debug|Win32
		{958DE0D8-7166-497A-B9CC-5DA0D3AE0744}.Release|x64.ActiveCfg = Release|x64
		{958DE0D8-7166-497A-B9CC-5DA0D3AE0744}.Release|x64.Build.0 = Release|x64
		{958DE0D8-7166-497A-B9CC-5DA0D3AE0744}.Release|x86.ActiveCfg = Release|Win32
		{958DE0D8-7166-497A-B9CC-5DA0D3AE0744}.Release|x86.Build.0 = Release|Win32
		{44645AF5-082F-4DBD-A300-0295F6A63595}.Debug|x64.ActiveCfg = Debug|x64
		{44645AF5-082F-4DBD-A300-0295F6A63595}.Debug|x64.Build.0 = Debug|x64
		{44645AF5-082F-4DBD-A300-0295F6A63595}.Debug|x86.ActiveCfg = Debug|Win32
		{44645AF5-082F-4DBD-A300-0295F6A63595}.Debug|x86.Build.0 = Debug|Win32
		{44645AF5-082F-4DBD-A300-0295F6A63595}.Release|x64.ActiveCfg = Release|x64
		{44645AF5-082F-4DBD-A300-0295F6A63595}.Release|x64.Build.0 = Release|x64
		{44645AF5-082F-4DBD-A300-0295F6A63595}.Release|x86.ActiveCfg = Release|Win32
		{44645AF5-082F-4DBD-A300-0295F6A63595}.Release|x86.Build.0 = Release|Win32
		{ED3E3304-97BF-49EC-8CC8-6E2FD00FA6A6}.Debug|x64.ActiveCfg = Debug|x64
		{ED3E3304-97BF-49EC-8CC8-6E2FD00FA6A6}.Debug|x64.Build.0 = Debug|x64
		{ED3E3304-97BF-49EC-8CC8-6E2FD00FA6A6}.Debug|x86.ActiveCfg = Debug|Win32
		{ED3E3304-97BF-49EC-8CC8-6E2FD00FA6A6}.Debug|x86.Build.0 = Debug|Win32
		{ED3E3304-97BF-49EC-8CC8-6E2FD00FA6A6}.Release|x64.ActiveCfg = Release|x64
		{ED3E3304-97BF-49EC-8CC8-6E2FD00FA6A6}.Release|x64.Build.0 = Release|x64
		{ED3E3304-97BF-49EC-8CC8-6E2FD00FA6A6}.Release|x86.ActiveCfg = Release|Win32
		{ED3E3304-97BF-49EC-8CC8-6E2FD00FA6A6}.Release|x86.Build.0 = Release|Win32
		{5C107C3C-D4C0-4E0C-846B-F1EF8BF3E611}.Debug|x64.ActiveCfg = Debug|x64
		{5C107C3C-D4C0-4E0C-846B-F1EF8BF3E611}.Debug|x64.Build.0 = Debug|x64
		{5C107C3C-D4C0-4E0C-846B-F1EF8BF3E611}.Debug|x86.ActiveCfg = Debug|Win32
		{5C107C3C-D4C0-4E0C-846B-F1EF8BF3E611}.Debug|x86.Build.0 = Debug|Win32
		{5C107C3C-D4C0-4E0C-846B-F1EF8BF3E611}.Release|x64.ActiveCfg = Release|x64
		{5C107C3C-D4C0-4E0C-846B-F1EF8BF3E611}.Release|x64.Build.0 = Release|x64
		{5C107C3C-D4C0-4E0C-846B-F1EF8BF3E611}.Release|x86.ActiveCfg = Release|Win32
		{5C107C3C-D4C0-4E0C-846B-F1EF8BF3E611}.Release|x86.Build.0 = Release|Win32
		{B24D07F9-6A51-4179-976C-42FBF8CAD707}.Debug|x64.ActiveCfg = Debug|x64
		{B24D07F9-6A51-4179-976C-42FBF8CAD707}.Debug|x64.Build.0 = Debug|x64
		{B24D07F9-6A51-4179-976C-42FBF8CAD707}.Debug|x86.ActiveCfg = Debug|Win32
		{B24D07F9-6A51-4179-976C-42FBF8CAD707}.Debug|x86.Build.0 = Debug|Win32
		{B24D07F9-6A51-4179-976C-42FBF8CAD707}.Release|x64.ActiveCfg = Release|x64
		{B24D07F9-6A51-4179-976C-42FBF8CAD707}.Release|x64.Build.0 = Release|x64
		{B24D07F9-6A51-4179-976C-42FBF8CAD707}.Release|x86.ActiveCfg = Release|Win32
		{B24D07F9-6A51-4179-976C-42FBF8CAD707}.Release|x86.Build.0 = Release|Win32
		{99285AB1-0931-4186-8498-182DCFA491FD}.Debug|x64.ActiveCfg = Debug|x64
		{99285AB1-0931-4186-8498-182DCFA491FD}.Debug|x64.Build.0 = Debug|x64
		{99285AB1-0931-4186-8498-182DCFA491FD}.Debug|x86.ActiveCfg = Debug|Win32
		{99285AB1-0931-4186-8498-182DCFA491FD}.Debug|x86.Build.0 = Debug|Win32
		{99285AB1-0931-4186-8498-182DCFA491FD}.Release|x64.ActiveCfg = Release|x64
		{99285AB1-0931-4186-8498-182DCFA491FD}.Release|x64.Build.0 = Release|x64
		{99285AB1-0931-4186-8498-182DCFA491FD}.Release|x86.ActiveCfg = Release|Win32
		{99285AB1-0931-4186-8498-182DCFA491FD}.Release|x86.Build.0 = Release|Win32
		{7B195FA9-FE95-4030-9A8D-54D08A2BD0CD}.Debug|x64.ActiveCfg = Debug|x64
		{7B195FA9-FE95-4030-9A8D-54D08A2BD0CD}.Debug|x64.Build.0 = Debug|x64
		{7B195FA9-FE95-4030-9A8D-54D08A2BD0CD}.Debug|x86.ActiveCfg = Debug|Win32
		{7B195FA9-FE95-4030-9A8D-54D08A2BD0CD}.Debug|x86.Build.0 = Debug|Win32
		{7B195FA9-FE95-4030-9A8D-54D08A2BD0CD}.Release|x64.ActiveCfg = Release|x64
		{7B195FA9-FE95-4030-9A8D-54D08A2BD0CD}.Release|x64.Build.0 = Release|x64
		{7B195FA9-FE95-4030-9A8D-54D08A2BD0CD}.Release|x86.ActiveCfg = Release|Win32
		{7B195FA9-FE95-4030-9A8D-54D08A2BD0CD}.Release|x86.Build.0 = Release|Win32
		{11966367-8DDB-4C76-9C06-D55510AF032C}.Debug|x64.ActiveCfg = Debug|x64
		{11966367-8DDB-4C76-9C06-D55510AF032C}.Debug|x64.Build.0 = Debug|x64
		{11966367-8DDB-4C76-9C06-D55510AF032C}.Debug|x86.ActiveCfg = Debug|Win32
		{11966367-8DDB-4C76-9C06-D55510AF032C}.Debug|x86.Build.0 = Debug|Win32
		{11966367-8DDB-4C76-9C06-D55510AF032C}.Release|x64.ActiveCfg = Release|x64
		{11966367-8DDB-4C76-9C06-D55510AF032C}.Release|x64.Build.0 = Release|x64
		{11966367-8DDB-4C76-9C06-D55510AF032C}.Release|x86.ActiveCfg = Release|Win32
		{11966367-8DDB-4C76-9C06-D55510AF032C}.Release|x86.Build.0 = Release|Win32
		{9B58694D-68E6-40B5-B6BA-BE973C8BE24B}.Debug|x64.ActiveCfg = Debug|x64
		{9B58694D-68E6-40B5-B6BA-BE973C8BE24B}.Debug|x64.Build.0 = Debug|x64
		{9B58694D-68E6-40B5-B6BA-BE973C8BE24B}.Debug|x86.ActiveCfg = Debug|Win32
		{9B58694D-68E6-40B5-B6BA-BE973C8BE24B}.Debug|x86.Build.0 = Debug|Win32
		{9B58694D-68E6-40B5-B6BA-BE973C8BE24B}.Release|x64.ActiveCfg = Release|x64
		{9B58694D-68E6-40B5-B6BA-BE973C8BE24B}.Release|x64.Build.0 = Release|x64
		{9B58694D-68E6-40B5-B6BA-BE973C8BE24B}.Release|x86.ActiveCfg = Release|Win32
		{9B58694D-68E6-40B5-B6BA-BE973C8BE24B}.Release|x86.Build.0 = Release|Win32
		{E78050B6-E9AA-4282-A38A-912CA3DCFB97}.Debug|x64.ActiveCfg = Debug|x64
		{E78050B6-E9AA-4282-A38A-912CA3DCFB97}.Debug|x64.Build.0 = Debug|x64
		{E78050B6-E9AA-4282-A38A-912CA3DCFB97}.Debug|x86.ActiveCfg = Debug|Win32
		{E78050B6-E9AA-4282-A38A-912CA3DCFB97}.Debug|x86.Build.0 = Debug|Win32
		{E78050B6-E9AA-4282-A38A-912CA3DCFB97}.Release|x64.ActiveCfg = Release|x64
		{E78050B6-E9AA-4282-A38A-912CA3DCFB97}.Release|x64.Build.0 = Release|x64
		{E78050B6-E9AA-4282-A38A-912CA3DCFB97}.Release|x86.ActiveCfg = Release|Win32
		{E78050B6-E9AA-4282-A38A-912CA3DCFB97}.Release|x86.Build.0 = Release|Win32
		{0B443927-EDA2-4769-A25D-0CD917B667BF}.Debug|x64.ActiveCfg = Debug|x64
		{0B443927-EDA2-4769-A25D-0CD917B667BF}.Debug|x64.Build.0 = Debug|x64
		{0B443927-EDA2-4769-A25D-0CD917B667BF}.Debug|x86.ActiveCfg = Debug|Win32
		{0B443927-EDA2-4769-A25D-0CD917B667BF}.Debug|x86.Build.0 = Debug|Win32
		{0B443927-EDA2-4769-A25D-0CD917B667BF}.Release|x64.ActiveCfg = Release|x64
		{0B443927-EDA2-4769-A25D-0CD917B667BF}.Release|x64.Build.0 = Release|x64
		{0B443927-EDA2-4769-A25D-0CD917B667BF}.Release|x86.ActiveCfg = Release|Win32
		{0B443927-EDA2-4769-A25D-0CD917B667BF}.Release|x86.Build.0 = Release|Win32
		{28128E0B-38C1-4374-92A0-53926499548D}.Debug|x64.ActiveCfg = Debug|x64
		{28128E0B-38C1-4374-92A0-53926499548D}.Debug|x64.Build.0 = Debug|x64
		{28128E0B-38C1-4374-92A0-53926499548D}.Debug|x86.ActiveCfg = Debug|Win32
		{28128E0B-38C1-4374-92A0-53926499548D}.Debug|x86.Build.0 = Debug|Win32
		{28128E0B-38C1-4374-92A0-53926499548D}.Release|x64.ActiveCfg = Release|x64
		{28128E0B-38C1-4374-92A0-53926499548D}.Release|x64.Build.0 = Release|x64
		{28128E0B-38C1-4374-92A0-53926499548D}.Release|x86.ActiveCfg = Release|Win32
		{28128E0B-38C1-4374-92A0-53926499548D}.Release|x86.Build.0 = Release|Win32
		{26D670A1-9CCC-4402-AC34-6B548EAEFA55}.Debug|x64.ActiveCfg = Debug|x64
		{26D670A1-9CCC-4402-AC34-6B548EAEFA55}.Debug|x64.Build.0 = Debug|x64
		{26D670A1-9CCC-4402-AC34-6B548EAEFA55}.Debug|x86.ActiveCfg = Debug|Win32
		{26D670A1-9CCC-4402-AC34-6B548EAEFA55}.Debug|x86.Build.0 = Debug|Win32
		{26D670A1-9CCC-4402-AC34-6B548EAEFA55}.Release|x64.ActiveCfg = Release|x64
		{26D670A1-9CCC-4402-AC34-6B548EAEFA55}.Release|x64.Build.0 = Release|x64
		{26D670A1-9CCC-4402-AC34-6B548EAEFA55}.Release|x86.ActiveCfg = Release|Win32
		{26D670A1-9CCC-4402-AC34-6B548EAEFA55}.Release|x86.Build.0 = Release|Win32
		{858DE49C-3201-4258-9BA8-ABD6E6DF2A86}.Debug|x64.ActiveCfg = Debug|x64
		{858DE49C-3201-4258-9BA8-ABD6E6DF2A86}.Debug|x64.Build.0 = Debug|x64
		{858DE49C-3201-4258-9BA8-ABD6E6DF2A86}.Debug|x86.ActiveCfg = Debug|Win32
		{858DE49C-3201-4258-9BA8-ABD6E6DF2A86}.Debug|x86.Build.0 = Debug|Win32
		{858DE49C-3201-4258-9BA8-ABD6E6DF2A86}.Release|x64.ActiveCfg = Release|x64
		{858DE49C-3201-4258-9BA8-ABD6E6DF2A86}.Release|x64.Build.0 = Release|x64
		{858DE49C-3201-4258-9BA8-ABD6E6DF2A86}.Release|x86.ActiveCfg = Release|Win32
		{858DE49C-3201-4258-9BA8-ABD6E6DF2A86}.Release|x86.Build.0 = Release|Win32
		{15E28C1B-2872-412B-A621-37993F22A4D9}.Debug|x64.ActiveCfg = Debug|x64
		{15E28C1B-2872-412B-A621-37993F22A4D9}.Debug|x64.Build.0 = Debug|x64
		{15E28C1B-2872-412B-A621-37993F22A4D9}.Debug|x86.ActiveCfg = Debug|Win32
		{15E28C1B-2872-412B-A621-37993F22A4D9}.Debug|x86.Build.0 = Debug|Win32
		{15E28C1B-2872-412B-A621-37993F22A4D9}.Release|x64.ActiveCfg = Release|x64
		{15E28C1B-2872-412B-A621-37993F22A4D9}.Release|x64.Build.0 = Release|x64
		{15E28C1B-2872-412B-A621-37993F22A4D9}.Release|x86.ActiveCfg = Release|Win32
		{15E28C1B-2872-412B-A621-37993F22A4D9}.Release|x86.Build.0 = Release|Win32
		{93D5DA30-B375-480B-99F8-7B70644A062F}.Debug|x64.ActiveCfg = Debug|x64
		{93D5DA30-B375-480B-99F8-7B70644A062F}.Debug|x64.Build.0 = Debug|x64
		{93D5DA30-B375-480B-99F8-7B70644A062F}.Debug|x86.ActiveCfg = Debug|Win32
		{93D5DA30-B375-480B-99F8-7B70644A062F}.Debug|x86.Build.0 = Debug|Win32
		{93D5DA30-B375-480B-99F8-7B70644A062F}.Release|x64.ActiveCfg = Release|x64
		{93D5DA30-B375-480B-99F8-7B70644A062F}.Release|x64.Build.0 = Release|x64
		{93D5DA30-B375-480B-99F8-7B70644A062F}.Release|x86.ActiveCfg = Release|Win32
		{93D5DA30-B375-480B-99F8-7B70644A062F}.Release|x86.Build.0 = Release|Win32
		{7DBE975C-62A0-486C-A461-3FBF516F06D3}.Debug|x64.ActiveCfg = Debug|x64
		{7DBE975C-62A0-486C-A461-3FBF516F06D3}.Debug|x64.Build.0 = Debug|x64
		{7DBE975C-62A0-486C-A461-3FBF516F06D3}.Debug|x86.ActiveCfg = Debug|Win32
		{7DBE975C-62A0-486C-A461-3FBF516F06D3}.Debug|x86.Build.0 = Debug|Win32
		{7DBE975C-62A0-486C-A461-3FBF516F06D3}.Release|x64.ActiveCfg = Release|x64
		{7DBE975C-62A0-486C-A461-3FBF516F06D3}.Release|x64.Build.0 = Release|x64
		{7DBE975C-62A0-486C-A461-3FBF516F06D3}.Release|x86.ActiveCfg = Release|Win32
		{7DBE975C-62A0-486C-A461-3FBF516F06D3}.Release|x86.Build.0 = Release|Win32
		{38FDFFAF-8614-4143-9764-DE424CB2B2AB}.Debug|x64.ActiveCfg = Debug|x64
		{38FDFFAF-8614-4143-9764-DE424CB2B2AB}.Debug|x64.Build.0 = Debug|x64
		{38FDFFAF-8614-4143-9764-DE424CB2B2AB}.Debug|x86.ActiveCfg = Debug|Win32
		{38FDFFAF-8614-4143-9764-DE424CB2B2AB}.Debug|x86.Build.0 = Debug|Win32
		{38FDFFAF-8614-4143-9764-DE424CB2B2AB}.Release|x64.ActiveCfg = Release|x64
		{38FDFFAF-8614-4143-9764-DE424CB2B2AB}.Release|x64.Build.0 = Release|x64
		{38FDFFAF-8614-4143-9764-DE424CB2B2AB}.Release|x86.ActiveCfg = Release|Win32
		{38FDFFAF-8614-4143-9764-DE424CB2B2AB}.Release|x86.Build.0 = Release|Win32
		{5E9D07C0-17AA-4EB1-9192-9361BDF2F542}.Debug|x64.ActiveCfg = Debug|x64
		{5E9D07C0-17AA-4EB1-9192-9361BDF2F542}.Debug|x64.Build.0 = Debug|x64
		{5E9D07C0-17AA-4EB1-9192-9361BDF2F542}.Debug|x86.ActiveCfg = Debug|Win32
		{5E9D07C0-17AA-4EB1-9192-9361BDF2F542}.Debug|x86.Build.0 = Debug|Win32
		{5E9D07C0-17AA-4EB1-9192-9361BDF2F542}.Release|x64.ActiveCfg = Release|x64
		{5E9D07C0-17AA-4EB1-9192-9361BDF2F542}.Release|x64.Build.0 = Release|x64
		{5E9D07C0-17AA-4EB1-9192-9361BDF2F542}.Release|x86.ActiveCfg = Release|Win32
		{5E9D07C0-17AA-4EB1-9192-9361BDF2F542}.Release|x86.Build.0 = Release|Win32
		{663D11EF-F255-4B5E-B0CF-8A1DACBD136C}.Debug|x64.ActiveCfg = Debug|x64
		{663D11EF-F255-4B5E-B0CF-8A1DACBD136C}.Debug|x64.Build.0 = Debug|x64
		{663D11EF-F255-4B5E-B0CF-8A1DACBD136C}.Debug|x86.ActiveCfg = Debug|Win32
		{663D11EF-F255-4B5E-B0CF-8A1DACBD136C}.Debug|x86.Build.0 = Debug|Win32
		{663D11EF-F255-4B5E-B0CF-8A1DACBD136C}.Release|x64.ActiveCfg = Release|x64
		{663D11EF-F255-4B5E-B0CF-8A1DACBD136C}.Release|x64.Build.0 = Release|x64
		{663D11EF-F255-4B5E-B0CF-8A1DACBD136C}.Release|x86.ActiveCfg = Release|Win32
		{663D11EF-F255-4B5E-B0CF-8A1DACBD136C}.Release|x86.Build.0 = Release|Win32
		{A2018DAC-F1D2-4D03-B313-7C4E782C3367}.Debug|x64.ActiveCfg = Debug|x64
		{A2018DAC-F1D2-4D03-B313-7C4E782C3367}.Debug|x64.Build.0 = Debug|x64
		{A2018DAC-F1D2-4D03-B313-7C4E782C3367}.Debug|x86.ActiveCfg = Debug|Win32
		{A2018DAC-F1D2-4D03-B313-7C4E782C3367}.Debug|x86.Build.0 = Debug|Win32
		{A2018DAC-F1D2-4D03-B313-7C4E782C3367}.Release|x64.ActiveCfg = Release|x64
		{A2018DAC-F1D2-4D03-B313-7C4E782C3367}.Release|x64.Build.0 = Release|x64
		{A2018DAC-F1D2-4D03-B313-7C4E782C3367}.Release|x86.ActiveCfg = Release|Win32
		{A2018DAC-F1D2-4D03-B313-7C4E782C3367}.Release|x86.Build.0 = Release|Win32
		{3E0493A0-2BCA-443A-A5B4-4A59F0DA2B20}.Debug|x64.ActiveCfg = Debug|x64
		{3E0493A0-2BCA-443A-A5B4-4A59F0DA2B20}.Debug|x64.Build.0 = Debug|x64
		{3E0493A0-2BCA-443A-A5B4-4A59F0DA2B20}.Debug|x86.ActiveCfg = Debug|Win32
		{3E0493A0-2BCA-443A-A5B4-4A59F0DA2B20}.Debug|x86.Build.0 = Debug|Win32
		{3E0493A0-2BCA-443A-A5B4-4A59F0DA2B20}.Release|x64.ActiveCfg = Release|x64
		{3E0493A0-2BCA-443A-A5B4-4A59F0DA2B20}.Release|x64.Build.0 = Release|x64
		{3E0493A0-2BCA-443A-A5B4-4A59F0DA2B20}.Release|x86.ActiveCfg = Release|Win32
		{3E0493A0-2BCA-443A-A5B4-4A59F0DA2B20}.Release|x86.Build.0 = Release|Win32
		{4C88588D-AB10-49FA-A1CD-456308D1D09E}.Debug|x64.ActiveCfg = Debug|x64
		{4C88588D-AB10-49FA-A1CD-456308D1D09E}.Debug|x64.Build.0 = Debug|x64
		{4C88588D-AB10-49FA-A1CD-456308D1D09E}.Debug|x86.ActiveCfg = Debug|Win32
		{4C88588D-AB10-49FA-A1CD-456308D1D09E}.Debug|x86.Build.0 = Debug|Win32
		{4C88588D-AB10-49FA-A1CD-456308D1D09E}.Release|x64.ActiveCfg = Release|x64
		{4C88588D-AB10-49FA-A1CD-456308D1D09E}.Release|x64.Build.0 = Release|x64
		{4C88588D-AB10-49FA-A1CD-456308D1D09E}.Release|x86.ActiveCfg = Release|Win32
		{4C88588D-AB10-49FA-A1CD-456308D1D09E}.Release|x86.Build.0 = Release|Win32
		{AA3BA8E5-0CC6-4714-8C9C-24465BB301D9}.Debug|x64.ActiveCfg = Debug|x64
		{AA3BA8E5-0CC6-4714-8C9C-24465BB301D9}.Debug|x64.Build.0 = Debug|x64
		{AA3BA8E5-0CC6-4714-8C9C-24465BB301D9}.Debug|x86.ActiveCfg = Debug|Win32
		{AA3BA8E5-0CC6-4714-8C9C-24465BB301D9}.Debug|x86.Build.0 = Debug|Win32
		{AA3BA8E5-0CC6-4714-8C9C-24465BB301D9}.Release|x64.ActiveCfg = Release|x64
		{AA3BA8E5-0CC6-4714-8C9C-24465BB301D9}.Release|x64.Build.0 = Release|x64
		{AA3BA8E5-0CC6-4714-8C9C-24465BB301D9}.Release|x86.ActiveCfg = Release|Win32
		{AA3BA8E5-0CC6-4714-8C9C-24465BB301D9}.Release|x86.Build.0 = Release|Win32
		{8B53560A-ADCC-44AF-9654-169417355632}.Debug|x64.ActiveCfg = Debug|x64
		{8B53560A-ADCC-44AF-9654-169417355632}.Debug|x64.Build.0 = Debug|x64
		{8B53560A-ADCC-44AF-9654-169417355632}.Debug|x86.ActiveCfg = Debug|Win32
		{8B53560A-ADCC-44AF-9654-169417355632}.Debug|x86.Build.0 = Debug|Win32
		{8B53560A-ADCC-44AF-9654-169417355632}.Release|x64.ActiveCfg = Release|x64
		{8B53560A-ADCC-44AF-9654-169417355632}.Release|x64.Build.0 = Release|x64
		{8B53560A-ADCC-44AF-9654-169417355632}.Release|x86.ActiveCfg = Release|Win32
		{8B53560A-ADCC-44AF-9654-169417355632}.Release|x86.Build.0 = Release|Win32
		{8DEF72FC-F9B6-41EE-8BE8-90451C4F7273}.Debug|x64.ActiveCfg = Debug|x64
		{8DEF72FC-F9B6-41EE-8BE8-90451C4F7273}.Debug|x64.Build.0 = Debug|x64
		{8DEF72FC-F9B6-41EE-8BE8-90451C4F7273}.Debug|x86.ActiveCfg = Debug|Win32
		{8DEF72FC-F9B6-41EE-8BE8-90451C4F7273}.Debug|x86.Build.0 = Debug|Win32
		{8DEF72FC-F9B6-41EE-8BE8-90451C4F7273}.Release|x64.ActiveCfg = Release|x64
		{8DEF72FC-F9B6-41EE-8BE8-90451C4F7273}.Release|x64.Build.0 = Release|x64
		{8DEF72FC-F9B6-41EE-8BE8-90451C4F7273}.Release|x86.ActiveCfg = Release|Win32
		{8DEF72FC-F9B6-41EE-8BE8-90451C4F7273}.Release|x86.Build.0 = Release|Win32
		{D6F50392-98A8-439C-8427-29E8B58BB4B6}.Debug|x64.ActiveCfg = Debug|x64
		{D6F50392-98A8-439C-8427-29E8B58BB4B6}.Debug|x64.Build.0 = Debug|x64
		{D6F50392-98A8-439C-8427-29E8B58BB4B6}.Debug|x86.ActiveCfg = Debug|Win32
		{D6F50392-98A8-439C-8427-29E8B58BB4B6}.Debug|x86.Build.0 = Debug|Win32
		{D6F50392-98A8-439C-8427-29E8B58BB4B6}.Release|x64.ActiveCfg = Release|x64
		{D6F50392-98A8-439C-8427-29E8B58BB4B6}.Release|x64.Build.0 = Release|x64
		{D6F50392-98A8-439C-8427-29E8B58BB4B6}.Release|x86.ActiveCfg = Release|Win32
		{D6F50392-98A8-439C-8427-29E8B58BB4B6}.Release|x86.Build.0 = Release|Win32
		{B343BA63-EE61-446D-A719-156ADA469A73}.Debug|x64.ActiveCfg = Debug|x64
		{B343BA63-EE61-446D-A719-156ADA469A73}.Debug|x64.Build.0 = Debug|x64
		{B343BA63-EE61-446D-A719-156ADA469A73}.Debug|x86.ActiveCfg = Debug|Win32
		{B343BA63-EE61-446D-A719-156ADA469A73}.Debug|x86.Build.0 = Debug|Win32
		{B343BA63-EE61-446D-A719-156ADA469A73}.Release|x64.ActiveCfg = Release|x64
		{B343BA63-EE61-446D-A719-156ADA469A73}.Release|x64.Build.0 = Release|x64
		{B343BA63-EE61-446D-A719-156ADA469A73}.Release|x86.ActiveCfg = Release|Win32
		{B343BA63-EE61-446D-A719-156ADA469A73}.Release|x86.Build.0 = Release|Win32
		{AB644628-05BF-4F74-B65B-4461703FD132}.Debug|x64.ActiveCfg = Debug|x64
		{AB644628-05BF-4F74-B65B-4461703FD132}.Debug|x64.Build.0 = Debug|x64
		{AB644628-05BF-4F74-B65B-4461703FD132}.Debug|x86.ActiveCfg = Debug|Win32
		{AB644628-05BF-4F74-B65B-4461703FD132}.Debug|x86.Build.0 = Debug|Win32
		{AB644628-05BF-4F74-B65B-4461703FD132}.Release|x64.ActiveCfg = Release|x64
		{AB644628-05BF-4F74-B65B-4461703FD132}.Release|x64.Build.0 = Release|x64
		{AB644628-05BF-4F74-B65B-4461703FD132}.Release|x86.ActiveCfg = Release|Win32
		{AB644628-05BF-4F74-B65B-4461703FD132}.Release|x86.Build.0 = Release|Win32
		{92F331B4-862B-4D14-B8B0-7ADF945D6EFD}.Debug|x64.ActiveCfg = Debug|x64
		{92F331B4-862B-4D14-B8B0-7ADF945D6EFD}.Debug|x64.Build.0 = Debug|x64
		{92F331B4-862B-4D14-B8B0-7ADF945D6EFD}.Debug|x86.ActiveCfg = Debug|Win32
		{92F331B4-862B-4D14-B8B0-7ADF945D6EFD}.Debug|x86.Build.0 = Debug|Win32
		{92F331B4-862B-4D14-B8B0-7ADF945D6EFD}.Release|x64.ActiveCfg = Release|x64
		{92F331B4-862B-4D14-B8B0-7ADF945D6EFD}.Release|x64.Build.0 = Release|x64
		{92F331B4-862B-4D14-B8B0-7ADF945D6EFD}.Release|x86.ActiveCfg = Release|Win32
		{92F331B4-862B-4D14-B8B0-7ADF945D6EFD}.Release|x86.Build.0 = Release|Win32
		{7EEE8ECA-6B7A-40E3-A569-93075CD33493}.Debug|x64.ActiveCfg = Debug|x64
		{7EEE8ECA-6B7A-40E3-A569-93075CD33493}.Debug|x64.Build.0 = Debug|x64
		{7EEE8ECA-6B7A-40E3-A569-93075CD33493}.Debug|x86.ActiveCfg = Debug|Win32
		{7EEE8ECA-6B7A-40E3-A569-93075CD33493}.Debug|x86.Build.0 = Debug|Win32
		{7EEE8ECA-6B7A-40E3-A569-93075CD33493}.Release|x64.ActiveCfg = Release|x64
		{7EEE8ECA-6B7A-40E3-A569-93075CD33493}.Release|x64.Build.0 = Release|x64
		{7EEE8ECA-6B7A-40E3-A569-93075CD33493}.Release|x86.ActiveCfg = Release|Win32
		{7EEE8ECA-6B7A-40E3-A569-93075CD33493}.Release|x86.Build.0 = Release|Win32
		{92240F4B-10CE-42B0-9729-D6343EF3DCEA}.Debug|x64.ActiveCfg = Debug|x64
		{92240F4B-10CE-42B0-9729-D6343EF3DCEA}.Debug|x64.Build.0 = Debug|x64
		{92240F4B-10CE-42B0-9729-D6343EF3DCEA}.Debug|x86.ActiveCfg = Debug|Win32
		{92240F4B-10CE-42B0-9729-D6343EF3DCEA}.Debug|x86.Build.0 = Debug|Win32
		{92240F4B-10CE-42B0-9729-D6343EF3DCEA}.Release|x64.ActiveCfg = Release|x64
		{92240F4B-10CE-42B0-9729-D6343EF3DCEA}.Release|x64.Build.0 = Release|x64
		{92240F4B-10CE-42B0-9729-D6343EF3DCEA}.Release|x86.ActiveCfg = Release|Win32
		{92240F4B-10CE-42B0-9729-D6343EF3DCEA}.Release|x86.Build.0 = Release|Win32
		{6F97DE80-7DA0-4FFD-8C09-5AAF8229B4DB}.Debug|x64.ActiveCfg = Debug|x64
		{6F97DE80-7DA0-4FFD-8C09-5AAF8229B4DB}.Debug|x64.Build.0 = Debug|x64
		{6F97DE80-7DA0-4FFD-8C09-5AAF8229B4DB}.Debug|x86.ActiveCfg = Debug|Win32
		{6F97DE80-7DA0-4FFD-8C09-5AAF8229B4DB}.Debug|x86.Build.0 = Debug|Win32
		{6F97DE80-7DA0-4FFD-8C09-5AAF8229B4DB}.Release|x64.ActiveCfg = Release|x64
		{6F97DE80-7DA0-4FFD-8C09-5AAF8229B4DB}.Release|x64.Build.0 = Release|x64
		{6F97DE80-7DA0-4FFD-8C09-5AAF8229B4DB}.Release|x86.ActiveCfg = Release|Win32
		{6F97DE80-7DA0-4FFD-8C09-5AAF8229B4DB}.Release|x86.Build.0 = Release|Win32
		{8715D3A3-AD5C-40CC-92A9-6D59E503BDD6}.Debug|x64.ActiveCfg = Debug|x64
		{8715D3A3-AD5C-40CC-92A9-6D59E503BDD6}.Debug|x64.Build.0 = Debug|x64
		{8715D3A3-AD5C-40CC-92A9-6D59E503BDD6}.Debug|x86.ActiveCfg = Debug|Win32
		{8715D3A3-AD5C-40CC-92A9-6D59E503BDD6}.Debug|x86.Build.0 = Debug|Win32
		{8715D3A3-AD5C-40CC-92A9-6D59E503BDD6}.Release|x64.ActiveCfg = Release|x64
		{8715D3A3-AD5C-40CC-92A9-6D59E503BDD6}.Release|x64.Build.0 = Release|x64
		{8715D3A3-AD5C-40CC-92A9-6D59E503BDD6}.Release|x86.ActiveCfg = Release|Win32
		{8715D3A3-AD5C-40CC-92A9-6D59E503BDD6}.Release|x86.Build.0 = Release|Win32
		{903C5D46-FA3A-421B-AF54-5FF32A0CA650}.Debug|x64.ActiveCfg = Debug|x64
		{903C5D46-FA3A-421B-AF54-5FF32A0CA650}.Debug|x64.Build.0 = Debug|x64
		{903C5D46-FA3A-421B-AF54-5FF32A0CA650}.Debug|x86.ActiveCfg = Debug|Win32
		{903C5D46-FA3A-421B-AF54-5FF32A0CA650}.Debug|x86.Build.0 = Debug|Win32
		{903C5D46-FA3A-421B-AF54-5FF32A0CA650}.Release|x64.ActiveCfg = Release|x64
		{903C5D46-FA3A-421B-AF54-5FF32A0CA650}.Release|x64.Build.0 = Release|x64
		{903C5D46-FA3A-421B-AF54-5FF32A0CA650}.Release|x86.ActiveCfg = Release|Win32
		{903C5D46-FA3A-421B-AF54-5FF32A0CA650}.Release|x86.Build.0 = Release|Win32
		{C1FDDCBB-3292-44FA-95B4-89EA1121ECFA}.Debug|x64.ActiveCfg = Debug|x64
		{C1FDDCBB-3292-44FA-95B4-89EA1121ECFA}.Debug|x64.Build.0 = Debug|x64
		{C1FDDCBB-3292-44FA-95B4-89EA1121ECFA}.Debug|x86.ActiveCfg = Debug|Win32
		{C1FDDCBB-3292-44FA-95B4-89EA1121ECFA}.Debug|x86.Build.0 = Debug|Win32
		{C1FDDCBB-3292-44FA-95B4-89EA1121ECFA}.Release|x64.ActiveCfg = Release|x64
		{C1FDDCBB-3292-44FA-95B4-89EA1121ECFA}.Release|x64.Build.0 = Release|x64
		{C1FDDCBB-3292-44FA-95B4-89EA1121ECFA}.Release|x86.ActiveCfg = Release|Win32
		{C1FDDCBB-3292-44FA-95B4-89EA1121ECFA}.Release|x86.Build.0 = Release|Win32
		{E2728936-920C-4414-9CE8-70B60156D763}.Debug|x64.ActiveCfg = Debug|x64
		{E2728936-920C-4414-9CE8-70B60156D763}.Debug|x64.Build.0 = Debug|x64
		{E2728936-920C-4414-9CE8-70B60156D763}.Debug|x86.ActiveCfg = Debug|Win32
		{E2728936-920C-4414-9CE8-70B60156D763}.Debug|x86.Build.0 = Debug|Win32
		{E2728936-920C-4414-9CE8-70B60156D763}.Release|x64.ActiveCfg = Release|x64
		{E2728936-920C-4414-9CE8-70B60156D763}.Release|x64.Build.0 = Release|x64
		{E2728936-920C-4414-9CE8-70B60156D763}.Release|x86.ActiveCfg = Release|Win32
		{E2728936-920C-4414-9CE8-70B60156D763}.Release|x86.Build.0 = Release|Win32
		{8317B492-013E-460E-8C5F-C2E482783845}.Debug|x64.ActiveCfg = Debug|x64
		{8317B492-013E-460E-8C5F-C2E482783845}.Debug|x64.Build.0 = Debug|x64
		{8317B492-013E-460E-8C5F-C2E482783845}.Debug|x86.ActiveCfg = Debug|Win32
		{8317B492-013E-460E-8C5F-C2E482783845}.Debug|x86.Build.0 = Debug|Win32
		{8317B492-013E-460E-8C5F-C2E482783845}.Release|x64.ActiveCfg = Release|x64
		{8317B492-013E-460E-8C5F-C2E482783845}.Release|x64.Build.0 = Release|x64
		{8317B492-013E-460E-8C5F-C2E482783845}.Release|x86.ActiveCfg = Release|Win32
		{8317B492-013E-460E-8C5F-C2E482783845}.Release|x86.Build.0 = Release|Win32
		{1EAA54C6-A0BC-4F72-B6E5-08BCFDE69A20}.Debug|x64.ActiveCfg = Debug|x64
		{1EAA54C6-A0BC-4F72-B6E5-08BCFDE69A20}.Debug|x64.Build.0 = Debug|x64
		{1EAA54C6-A0BC-4F72-B6E5-08BCFDE69A20}.Debug|x86.ActiveCfg = Debug|Win32
		{1EAA54C6-A0BC-4F72-B6E5-08BCFDE69A20}.Debug|x86.Build.0 = Debug|Win32
		{1EAA54C6-A0BC-4F72-B6E5-08BCFDE69A20}.Release|x64.ActiveCfg = Release|x64
		{1EAA54C6-A0BC-4F72-B6E5-08BCFDE69A20}.Release|x64.Build.0 = Release|x64
		{1EAA54C6-A0BC-4F72-B6E5-08BCFDE69A20}.Release|x86.ActiveCfg = Release|Win32
		{1EAA54C6-A0BC-4F72-B6E5-08BCFDE69A20}.Release|x86.Build.0 = Release|Win32
		{6C9E84E5-E903-48F2-8F93-5D97284FC3EE}.Debug|x64.ActiveCfg = Debug|x64
		{6C9E84E5-E903-48F2-8F93-5D97284FC3EE}.Debug|x64.Build.0 = Debug|x64
		{6C9E84E5-E903-48F2-8F93-5D97284FC3EE}.Debug|x86.ActiveCfg = Debug|Win32
		{6C9E84E5-E903-48F2-8F93-5D97284FC3EE}.Debug|x86.Build.0 = Debug|Win32
		{6C9E84E5-E903-48F2-8F93-5D97284FC3EE}.Release|x64.ActiveCfg = Release|x64
		{6C9E84E5-E903-48F2-8F93-5D97284FC3EE}.Release|x64.Build.0 = Release|x64
		{6C9E84E5-E903-48F2-8F93-5D97284FC3EE}.Release|x86.ActiveCfg = Release|Win32
		{6C9E84E5-E903-48F2-8F93-5D97284FC3EE}.Release|x86.Build.0 = Release|Win32
		{F78592B7-8B2D-48E8-8CFB-B396ECF8DA19}.Debug|x64.ActiveCfg = Debug|x64
		{F78592B7-8B2D-48E8-8CFB-B396ECF8DA19}.Debug|x64.Build.0 = Debug|x64
		{F78592B7-8B2D-48E8-8CFB-B396ECF8DA19}.Debug|x86.ActiveCfg = Debug|Win32
		{F78592B7-8B2D-48E8-8CFB-B396ECF8DA19}.Debug|x86.Build.0 = Debug|Win32
		{F78592B7-8B2D-48E8-8CFB-B396ECF8DA19}.Release|x64.ActiveCfg = Release|x64
		{F78592B7-8B2D-48E8-8CFB-B396ECF8DA19}.Release|x64.Build.0 = Release|x64
		{F78592B7-8B2D-48E8-8CFB-B396ECF8DA19}.Release|x86.ActiveCfg = Release|Win32
		{F78592B7-8B2D-48E8-8CFB-B396ECF8DA19}.Release|x86.Build.0 = Release|Win32
		{12985F3E-D89F-4BD9-BEAF-D95421DBF950}.Debug|x64.ActiveCfg = Debug|x64
		{12985F3E-D89F-4BD9-BEAF-D95421DBF950}.Debug|x64.Build.0 = Debug|x64
		{12985F3E-D89F-4BD9-BEAF-D95421DBF950}.Debug|x86.ActiveCfg = Debug|Win32
		{12985F3E-D89F-4BD9-BEAF-D95421DBF950}.Debug|x86.Build.0 = Debug|Win32
		{12985F3E-D89F-4BD9-BEAF-D95421DBF950}.Release|x64.ActiveCfg = Release|x64
		{12985F3E-D89F-4BD9-BEAF-D95421DBF950}.Release|x64.Build.0 = Release|x64
		{12985F3E-D89F-4BD9-BEAF-D95421DBF950}.Release|x86.ActiveCfg = Release|Win32
		{12985F3E-D89F-4BD9-BEAF-D95421DBF950}.Release|x86.Build.0 = Release|Win32
		{460D85BF-CD01-4688-B225-43FD895E9749}.Debug|x64.ActiveCfg = Debug|x64
		{460D85BF-CD01-4688-B225-43FD895E9749}.Debug|x64.Build.0 = Debug|x64
		{460D85BF-CD01-4688-B225-43FD895E9749}.Debug|x86.ActiveCfg = Debug|Win32
		{460D85BF-CD01-4688-B225-43FD895E9749}.Debug|x86.Build.0 = Debug|Win32
		{460D85BF-CD01-4688-B225-43FD895E9749}.Release|x64.ActiveCfg = Release|x64
		{460D85BF-CD01-4688-B225-43FD895E9749}.Release|x64.Build.0 = Release|x64
		{460D85BF-CD01-4688-B225-43FD895E9749}.Release|x86.ActiveCfg = Release|Win32
		{460D85BF-CD01-4688-B225-43FD895E9749}.Release|x86.Build.0 = Release|Win32
		{862EFE01-39A9-4538-95A5-1F92DD424E30}.Debug|x64.ActiveCfg = Debug|x64
		{862EFE01-39A9-4538-95A5-1F92DD424E30}.Debug|x64.Build.0 = Debug|x64
		{862EFE01-39A9-4538-95A5-1F92DD424E30}.Debug|x86.ActiveCfg = Debug|Win32
		{862EFE01-39A9-4538-95A5-1F92DD424E30}.Debug|x86.Build.0 = Debug|Win32
		{862EFE01-39A9-4538-95A5-1F92DD424E30}.Release|x64.ActiveCfg = Release|x64
		{862EFE01-39A9-4538-95A5-1F92DD424E30}.Release|x64.Build.0 = Release|x64
		{862EFE01-39A9-4538-95A5-1F92DD424E30}.Release|x86.ActiveCfg = Release|Win32
		{862EFE01-39A9-4538-95A5-1F92DD424E30}.Release|x86.Build.0 = Release|Win32
		{C329E59E-FAA5-4A46-AC2B-BB4043AED0AE}.Debug|x64.ActiveCfg = Debug|x64
		{C329E59E-FAA5-4A46-AC2B-BB4043AED0AE}.Debug|x64.Build.0 = Debug|x64
		{C329E59E-FAA5-4A46-AC2B-BB4043AED0AE}.Debug|x86.ActiveCfg = Debug|Win32
		{C329E59E-FAA5-4A46-AC2B-BB4043AED0AE}.Debug|x86.Build.0 = Debug|Win32
		{C329E59E-FAA5-4A46-AC2B-BB4043AED0AE}.Release|x64.ActiveCfg = Release|x64
		{C329E59E-FAA5-4A46-AC2B-BB4043AED0AE}.Release|x64.Build.0 = Release|x64
		{C329E59E-FAA5-4A46-AC2B-BB4043AED0AE}.Release|x86.ActiveCfg = Release|Win32
		{C329E59E-FAA5-4A46-AC2B-BB4043AED0AE}.Release|x86.Build.0 = Release|Win32
		{8863547D-46C4-474B-A67B-CC6DE6AA2F03}.Debug|x64.ActiveCfg = Debug|x64
		{8863547D-46C4-474B-A67B-CC6DE6AA2F03}.Debug|x64.Build.0 = Debug|x64
		{8863547D-46C4-474B-A67B-CC6DE6AA2F03}.Debug|x86.ActiveCfg = Debug|Win32
		{8863547D-46C4-474B-A67B-CC6DE6AA2F03}.Debug|x86.Build.0 = Debug|Win32
		{8863547D-46C4-474B-A67B-CC6DE6AA2F03}.Release|x64.ActiveCfg = Release|x64
		{8863547D-46C4-474B-A67B-CC6DE6AA2F03}.Release|x64.Build.0 = Release|x64
		{8863547D-46C4-474B-A67B-CC6DE6AA2F03}.Release|x86.ActiveCfg = Release|Win32
		{8863547D-46C4-474B-A67B-CC6DE6AA2F03}.Release|x86.Build.0 = Release|Win32
		{24767DFD-60FD-45D0-AC8A-4B79301C5DCB}.Debug|x64.ActiveCfg = Debug|x64
		{24767DFD-60FD-45D0-AC8A-4B79301C5DCB}.Debug|x64.Build.0 = Debug|x64
		{24767DFD-60FD-45D0-AC8A-4B79301C5DCB}.Debug|x86.ActiveCfg = Debug|Win32
		{24767DFD-60FD-45D0-AC8A-4B79301C5DCB}.Debug|x86.Build.0 = Debug|Win32
		{24767DFD-60FD-45D0-AC8A-4B79301C5DCB}.Release|x64.ActiveCfg = Release|x64
		{24767DFD-60FD-45D0-AC8A-4B79301C5DCB}.Release|x64.Build.0 = Release|x64
		{24767DFD-60FD-45D0-AC8A-4B79301C5DCB}.Release|x86.ActiveCfg = Release|Win32
		{24767DFD-60FD-45D0-AC8A-4B79301C5DCB}.Release|x86.Build.0 = Release|Win32
		{F227490D-3A6D-49B2-BF92-523322BA57AF}.Debug|x64.ActiveCfg = Debug|x64
		{F227490D-3A6D-49B2-BF92-523322BA57AF}.Debug|x64.Build.0 = Debug|x64
		{F227490D-3A6D-49B2-BF92-523322BA57AF}.Debug|x86.ActiveCfg = Debug|Win32
		{F227490D-3A6D-49B2-BF92-523322BA57AF}.Debug|x86.Build.0 = Debug|Win32
		{F227490D-3A6D-49B2-BF92-523322BA57AF}.Release|x64.ActiveCfg = Release|x64
		{F227490D-3A6D-49B2-BF92-523322BA57AF}.Release|x64.Build.0 = Release|x64
		{F227490D-3A6D-49B2-BF92-523322BA57AF}.Release|x86.ActiveCfg = Release|Win32
		{F227490D-3A6D-49B2-BF92-523322BA57AF}.Release|x86.Build.0 = Release|Win32
		{23F0AAF0-D6BB-4884-A3EA-721BCBB5D824}.Debug|x64.ActiveCfg = Debug|x64
		{23F0AAF0-D6BB-4884-A3EA-721BCBB5D824}.Debug|x64.Build.0 = Debug|x64
		{23F0AAF0-D6BB-4884-A3EA-721BCBB5D824}.Debug|x86.ActiveCfg = Debug|Win32
		{23F0AAF0-D6BB-4884-A3EA-721BCBB5D824}.Debug|x86.Build.0 = Debug|Win32
		{23F0AAF0-D6BB-4884-A3EA-721BCBB5D824}.Release|x64.ActiveCfg = Release|x64
		{23F0AAF0-D6BB-4884-A3EA-721BCBB5D824}.Release|x64.Build.0 = Release|x64
		{23F0AAF0-D6BB-4884-A3EA-721BCBB5D824}.Release|x86.ActiveCfg = Release|Win32
		{23F0AAF0-D6BB-4884-A3EA-721BCBB5D824}.Release|x86.Build.0 = Release|Win32
		{4EDE730F-5DE7-4517-91AF-770DC637E7D4}.Debug|x64.ActiveCfg = Debug|x64
		{4EDE730F-5DE7-4517-91AF-770DC637E7D4}.Debug|x64.Build.0 = Debug|x64
		{4EDE730F-5DE7-4517-91AF-770DC637E7D4}.Debug|x86.ActiveCfg = Debug|Win32
		{4EDE730F-5DE7-4517-91AF-770DC637E7D4}.Debug|x86.Build.0 = Debug|Win32
		{4EDE730F-5DE7-4517-91AF-770DC637E7D4}.Release|x64.ActiveCfg = Release|x64
		{4EDE730F-5DE7-4517-91AF-770DC637E7D4}.Release|x64.Build.0 = Release|x64
		{4EDE730F-5DE7-4517-91AF-770DC637E7D4}.Release|x86.ActiveCfg = Release|Win32
		{4EDE730F-5DE7-4517-91AF-770DC637E7D4}.Release|x86.Build.0 = Release|Win32
		{FC737D38-DE12-4D3A-A520-8923DD5CAB13}.Debug|x64.ActiveCfg = Debug|x64
		{FC737D38-DE12-4D3A-A520-8923DD5CAB13}.Debug|x64.Build.0 = Debug|x64
		{FC737D38-DE12-4D3A-A520-8923DD5CAB13}.Debug|x86.ActiveCfg = Debug|Win32
		{FC737D38-DE12-4D3A-A520-8923DD5CAB13}.Debug|x86.Build.0 = Debug|Win32
		{FC737D38-DE12-4D3A-A520-8923DD5CAB13}.Release|x64.ActiveCfg = Release|x64
		{FC737D38-DE12-4D3A-A520-8923DD5CAB13}.Release|x64.Build.0 = Release|x64
		{FC737D38-DE12-4D3A-A520-8923DD5CAB13}.Release|x86.ActiveCfg = Release|Win32
		{FC737D38-DE12-4D3A-A520-8923DD5CAB13}.Release|x86.Build.0 = Release|Win32
		{18F92160-DA43-444C-9691-8876CC8E8478}.Debug|x64.ActiveCfg = Debug|x64
		{18F92160-DA43-444C-9691-8876CC8E8478}.Debug|x64.Build.0 = Debug|x64
		{18F92160-DA43-444C-9691-8876CC8E8478}.Debug|x86.ActiveCfg = Debug|Win32
		{18F92160-DA43-444C-9691-8876CC8E8478}.Debug|x86.Build.0 = Debug|Win32
		{18F92160-DA43-444C-9691-8876CC8E8478}.Release|x64.ActiveCfg = Release|x64
		{18F92160-DA43-444C-9691-8876CC8E8478}.Release|x64.Build.0 = Release|x64
		{18F92160-DA43-444C-9691-8876CC8E8478}.Release|x86.ActiveCfg = Release|Win32
		{18F92160-DA43-444C-9691-8876CC8E8478}.Release|x86.Build.0 = Release|Win32
		{6006ADBB-EFE9-492C-B52B-C0D1FCF7453A}.Debug|x64.ActiveCfg = Debug|x64
		{6006ADBB-EFE9-492C-B52B-C0D1FCF7453A}.Debug|x64.Build.0 = Debug|x64
		{6006ADBB-EFE9-492C-B52B-C0D1FCF7453A}.Debug|x86.ActiveCfg = Debug|Win32
		{6006ADBB-EFE9-492C-B52B-C0D1FCF7453A}.Debug|x86.Build.0 = Debug|Win32
		{6006ADBB-EFE9-492C-B52B-C0D1FCF7453A}.Release|x64.ActiveCfg = Release|x64
		{6006ADBB-EFE9-492C-B52B-C0D1FCF7453A}.Release|x64.Build.0 = Release|x64
		{6006ADBB-EFE9-492C-B52B-C0D1FCF7453A}.Release|x86.ActiveCfg = Release|Win32
		{6006ADBB-EFE9-492C-B52B-C0D1FCF7453A}.Release|x86.Build.0 = Release|Win32
		{12668E73-C65C-44B0-9885-8DAC6935DBA4}.Debug|x64.ActiveCfg = Debug|x64
		{12668E73-C65C-44B0-9885-8DAC6935DBA4}.Debug|x64.Build.0 = Debug|x64
		{12668E73-C65C-44B0-9885-8DAC6935DBA4}.Debug|x86.ActiveCfg = Debug|Win32
		{12668E73-C65C-44B0-9885-8DAC6935DBA4}.Debug|x86.Build.0 = Debug|Win32
		{12668E73-C65C-44B0-9885-8DAC6935DBA4}.Release|x64.ActiveCfg = Release|x64
		{12668E73-C65C-44B0-9885-8DAC6935DBA4}.Release|x64.Build.0 = Release|x64
		{12668E73-C65C-44B0-9885-8DAC6935DBA4}.Release|x86.ActiveCfg = Release|Win32
		{12668E73-C65C-44B0-9885-8DAC6935DBA4}.Release|x86.Build.0 = Release|Win32
		{E439D852-DB9C-41C2-8B89-3950A2A4BCE3}.Debug|x64.ActiveCfg = Debug|x64
		{E439D852-DB9C-41C2-8B89-3950A2A4BCE3}.Debug|x64.Build.0 = Debug|x64
		{E439D852-DB9C-41C2-8B89-3950A2A4BCE3}.Debug|x86.ActiveCfg = Debug|Win32
		{E439D852-DB9C-41C2-8B89-3950A2A4BCE3}.Debug|x86.Build.0 = Debug|Win32
		{E439D852-DB9C-41C2-8B89-3950A2A4BCE3}.Release|x64.ActiveCfg = Release|x64
		{E439D852-DB9C-41C2-8B89-3950A2A4BCE3}.Release|x64.Build.0 = Release|x64
		{E439D852-DB9C-41C2-8B89-3950A2A4BCE3}.Release|x86.ActiveCfg = Release|Win32
		{E439D852-DB9C-41C2-8B89-3950A2A4BCE3}.Release|x86.Build.0 = Release|Win32
		{57DE6C04-537F-47BA-B481-B15C90DDDC73}.Debug|x64.ActiveCfg = Debug|x64
		{57DE6C04-537F-47BA-B481-B15C90DDDC73}.Debug|x64.Build.0 = Debug|x64
		{57DE6C04-537F-47BA-B481-B15C90DDDC73}.Debug|x86.ActiveCfg = Debug|Win32
		{57DE6C04-537F-47BA-B481-B15C90DDDC73}.Debug|x86.Build.0 = Debug|Win32
		{57DE6C04-537F-47BA-B481-B15C90DDDC73}.Release|x64.ActiveCfg = Release|x64
		{57DE6C04-537F-47BA-B481-B15C90DDDC73}.Release|x64.Build.0 = Release|x64
		{57DE6C04-537F-47BA-B481-B15C90DDDC73}.Release|x86.ActiveCfg = Release|Win32
		{57DE6C04-537F-47BA-B481-B15C90DDDC73}.Release|x86.Build.0 = Release|Win32
		{A0AB6868-8145-4BD1-840C-C8E84802BC4C}.Debug|x64.ActiveCfg = Debug|x64
		{A0AB6868-8145-4BD1-840C-C8E84802BC4C}.Debug|x64.Build.0 = Debug|x64
		{A0AB6868-8145-4BD1-840C-C8E84802BC4C}.Debug|x86.ActiveCfg = Debug|Win32
		{A0AB6868-8145-4BD1-840C-C8E84802BC4C}.Debug|x86.Build.0 = Debug|Win32
		{A0AB6868-8145-4BD1-840C-C8E84802BC4C}.Release|x64.ActiveCfg = Release|x64
		{A0AB6868-8145-4BD1-840C-C8E84802BC4C}.Release|x64.Build.0 = Release|x64
		{A0AB6868-8145-4BD1-840C-C8E84802BC4C}.Release|x86.ActiveCfg = Release|Win32
		{A0AB6868-8145-4BD1-840C-C8E84802BC4C}.Release|x86.Build.0 = Release|Win32
		{7AA6D1A6-ADCF-438B-89BB-6591CCC446CA}.Debug|x64.ActiveCfg = Debug|x64
		{7AA6D1A6-ADCF-438B-89BB-6591CCC446CA}.Debug|x64.Build.0 = Debug|x64
		{7AA6D1A6-ADCF-438B-89BB-6591CCC446CA}.Debug|x86.ActiveCfg = Debug|Win32
		{7AA6D1A6-ADCF-438B-89BB-6591CCC446CA}.Debug|x86.Build.0 = Debug|Win32
		{7AA6D1A6-ADCF-438B-89BB-6591CCC446CA}.Release|x64.ActiveCfg = Release|x64
		{7AA6D1A6-ADCF-438B-89BB-6591CCC446CA}.Release|x64.Build.0 = Release|x64
		{7AA6D1A6-ADCF-438B-89BB-6591CCC446CA}.Release|x86.ActiveCfg = Release|Win32
		{7AA6D1A6-ADCF-438B-89BB-6591CCC446CA}.Release|x86.Build.0 = Release|Win32
		{D268CE41-89C8-4DA2-91EB-AD1E333DE1D9}.Debug|x64.ActiveCfg = Debug|x64
		{D268CE41-89C8-4DA2-91EB-AD1E333DE1D9}.Debug|x64.Build.0 = Debug|x64
		{D268CE41-89C8-4DA2-91EB-AD1E333DE1D9}.Debug|x86.ActiveCfg = Debug|Win32
		{D268CE41-89C8-4DA2-91EB-AD1E333DE1D9}.Debug|x86.Build.0 = Debug|Win32
		{D268CE41-89C8-4DA2-91EB-AD1E333DE1D9}.Release|x64.ActiveCfg = Release|x64
		{D268CE41-89C8-4DA2-91EB-AD1E333DE1D9}.Release|x64.Build.0 = Release|x64
		{D268CE41-89C8-4DA2-91EB-AD1E333DE1D9}.Release|x86.ActiveCfg = Release|Win32
		{D268CE41-89C8-4DA2-91EB-AD1E333DE1D9}.Release|x86.Build.0 = Release|Win32
		{ACB1E5F4-5D06-43DF-A1BD-3F90537D2435}.Debug|x64.ActiveCfg = Debug|x64
		{ACB1E5F4-5D06-43DF-A1BD-3F90537D2435}.Debug|x64.Build.0 = Debug|x64
		{ACB1E5F4-5D06-43DF-A1BD-3F90537D2435}.Debug|x86.ActiveCfg = Debug|Win32
		{ACB1E5F4-5D06-43DF-A1BD-3F90537D2435}.Debug|x86.Build.0 = Debug|Win32
		{ACB1E5F4-5D06-43DF-A1BD-3F90537D2435}.Release|x64.ActiveCfg = Release|x64
		{ACB1E5F4-5D06-43DF-A1BD-3F90537D2435}.Release|x64.Build.0 = Release|x64
		{ACB1E5F4-5D06-43DF-A1BD-3F90537D2435}.Release|x86.ActiveCfg = Release|Win32
		{ACB1E5F4-5D06-43DF-A1BD-3F90537D2435}.Release|x86.Build.0 = Release|Win32
		{36339179-9B84-4907-B0A4-808FEF0AEA66}.Debug|x64.ActiveCfg = Debug|x64
		{36339179-9B84-4907-B0A4-808FEF0AEA66}.Debug|x64.Build.0 = Debug|x64
		{36339179-9B84-4907-B0A4-808FEF0AEA66}.Debug|x86.ActiveCfg = Debug|Win32
		{36339179-9B84-4907-B0A4-808FEF0AEA66}.Debug|x86.Build.0 = Debug|Win32
		{36339179-9B84-4907-B0A4-808FEF0AEA66}.Release|x64.ActiveCfg = Release|x64
		{36339179-9B84-4907-B0A4-808FEF0AEA66}.Release|x64.Build.0 = Release|x64
		{36339179-9B84-4907-B0A4-808FEF0AEA66}.Release|x86.ActiveCfg = Release|Win32
		{36339179-9B84-4907-B0A4-808FEF0AEA66}.Release|x86.Build.0 = Release|Win32
		{4E9A3A85-2268-4209-AE30-CFFA83E45477}.Debug|x64.ActiveCfg = Debug|x64
		{4E9A3A85-2268-4209-AE30-CFFA83E45477}.Debug|x64.Build.0 = Debug|x64
		{4E9A3A85-2268-4209-AE30-CFFA83E45477}.Debug|x86.ActiveCfg = Debug|Win32
		{4E9A3A85-2268-4209-AE30-CFFA83E45477}.Debug|x86.Build.0 = Debug|Win32
		{4E9A3A85-2268-4209-AE30-CFFA83E45477}.Release|x64.ActiveCfg = Release|x64
		{4E9A3A85-2268-4209-AE30-CFFA83E45477}.Release|x64.Build.0 = Release|x64
		{4E9A3A85-2268-4209-AE30-CFFA83E45477}.Release|x86.ActiveCfg = Release|Win32
		{4E9A3A85-2268-4209-AE30-CFFA83E45477}.Release|x86.Build.0 = Release|Win32
		{14EAEE37-F710-4071-8485-F6C3A03108FA}.Debug|x64.ActiveCfg = Debug|x64
		{14EAEE37-F710-4071-8485-F6C3A03108FA}.Debug|x64.Build.0 = Debug|x64
		{14EAEE37-F710-4071-8485-F6C3A03108FA}.Debug|x86.ActiveCfg = Debug|Win32
		{14EAEE37-F710-4071-8485-F6C3A03108FA}.Debug|x86.Build.0 = Debug|Win32
		{14EAEE37-F710-4071-8485-F6C3A03108FA}.Release|x64.ActiveCfg = Release|x64
		{14EAEE37-F710-4071-8485-F6C3A03108FA}.Release|x64.Build.0 = Release|x64
		{14EAEE37-F710-4071-8485-F6C3A03108FA}.Release|x86.ActiveCfg = Release|Win32
		{14EAEE37-F710-4071-8485-F6C3A03108FA}.Release|x86.Build.0 = Release|Win32
		{B85F7BA2-3D0B-4C94-A77A-55816B45F967}.Debug|x64.ActiveCfg = Debug|x64
		{B85F7BA2-3D0B-4C94-A77A-55816B45F967}.Debug|x64.Build.0 = Debug|x64
		{B85F7BA2-3D0B-4C94-A77A-55816B45F967}.Debug|x86.ActiveCfg = Debug|Win32
		{B85F7BA2-3D0B-4C94-A77A-55816B45F967}.Debug|x86.Build.0 = Debug|Win32
		{B85F7BA2-3D0B-4C94-A77A-55816B45F967}.Release|x64.ActiveCfg = Release|x64
		{B85F7BA2-3D0B-4C94-A77A-55816B45F967}.Release|x64.Build.0 = Release|x64
		{B85F7BA2-3D0B-4C94-A77A-55816B45F967}.Release|x86.ActiveCfg = Release|Win32
		{B85F7BA2-3D0B-4C94-A77A-55816B45F967}.Release|x86.Build.0 = Release|Win32
		{DCA29CBD-19EC-40D9-8C61-D45BD348747F}.Debug|x64.ActiveCfg = Debug|x64
		{DCA29CBD-19EC-40D9-8C61-D45BD348747F}.Debug|x64.Build.0 = Debug|x64
		{DCA29CBD-19EC-40D9-8C61-D45BD348747F}.Debug|x86.ActiveCfg = Debug|Win32
		{DCA29CBD-19EC-40D9-8C61-D45BD348747F}.Debug|x86.Build.0 = Debug|Win32
		{DCA29CBD-19EC-40D9-8C61-D45BD348747F}.Release|x64.ActiveCfg = Release|x64
		{DCA29CBD-19EC-40D9-8C61-D45BD348747F}.Release|x64.Build.0 = Release|x64
		{DCA29CBD-19EC-40D9-8C61-D45BD348747F}.Release|x86.ActiveCfg = Release|Win32
		{DCA29CBD-19EC-40D9-8C61-D45BD348747F}.Release|x86.Build.0 = Release|Win32
		{AC289BF5-FEDF-4313-A1ED-8D7E35218512}.Debug|x64.ActiveCfg = Debug|x64
		{AC289BF5-FEDF-4313-A1ED-8D7E35218512}.Debug|x64.Build.0 = Debug|x64
		{AC289BF5-FEDF-4313-A1ED-8D7E35218512}.Debug|x86.ActiveCfg = Debug|Win32
		{AC289BF5-FEDF-4313-A1ED-8D7E35218512}.Debug|x86.Build.0 = Debug|Win32
		{AC289BF5-FEDF-4313-A1ED-8D7E35218512}.Release|x64.ActiveCfg = Release|x64
		{AC289BF5-FEDF-4313-A1ED-8D7E35218512}.Release|x64.Build.0 = Release|x64
		{AC289BF5-FEDF-4313-A1ED-8D7E35218512}.Release|x86.ActiveCfg = Release|Win32
		{AC289BF5-FEDF-4313-A1ED-8D7E35218512}.Release|x86.Build.0 = Release|Win32
		{5F749392-FFF0-4DE4-B713-7B146C73B1FF}.Debug|x64.ActiveCfg = Debug|x64
		{5F749392-FFF0-4DE4-B713-7B146C73B1FF}.Debug|x64.Build.0 = Debug|x64
		{5F749392-FFF0-4DE4-B713-7B146C73B1FF}.Debug|x86.ActiveCfg = Debug|Win32
		{5F749392-FFF0-4DE4-B713-7B146C73B1FF}.Debug|x86.Build.0 = Debug|Win32
		{5F749392-FFF0-4DE4-B713-7B146C73B1FF}.Release|x64.ActiveCfg = Release|x64
		{5F749392-FFF0-4DE4-B713-7B146C73B1FF}.Release|x64.Build.0 = Release|x64
		{5F749392-FFF0-4DE4-B713-7B146C73B1FF}.Release|x86.ActiveCfg = Release|Win32
		{5F749392-FFF0-4DE4-B713-7B146C73B1FF}.Release|x86.Build.0 = Release|Win32
		{FADC8D9B-C04F-4B4C-A023-ED7E2A288B48}.Debug|x64.ActiveCfg = Debug|x64
		{FADC8D9B-C04F-4B4C-A023-ED7E2A288B48}.Debug|x64.Build.0 = Debug|x64
		{FADC8D9B-C04F-4B4C-A023-ED7E2A288B48}.Debug|x86.ActiveCfg = Debug|Win32
		{FADC8D9B-C04F-4B4C-A023-ED7E2A288B48}.Debug|x86.Build.0 = Debug|Win32
		{FADC8D9B-C04F-4B4C-A023-ED7E2A288B48}.Release|x64.ActiveCfg = Release|x64
		{FADC8D9B-C04F-4B4C-A023-ED7E2A288B48}.Release|x64.Build.0 = Release|x64
		{FADC8D9B-C04F-4B4C-A023-ED7E2A288B48}.Release|x86.ActiveCfg = Release|Win32
		{FADC8D9B-C04F-4B4C-A023-ED7E2A288B48}.Release|x86.Build.0 = Release|Win32
		{BB71FD38-DC33-443F-85D4-3589A290DC5F}.Debug|x64.ActiveCfg = Debug|x64
		{BB71FD38-DC33-443F-85D4-3589A290DC5F}.Debug|x64.Build.0 = Debug|x64
		{BB71FD38-DC33-443F-85D4-3589A290DC5F}.Debug|x86.ActiveCfg = Debug|Win32
		{BB71FD38-DC33-443F-85D4-3589A290DC5F}.Debug|x86.Build.0 = Debug|Win32
		{BB71FD38-DC33-443F-85D4-3589A290DC5F}.Release|x64.ActiveCfg = Release|x64
		{BB71FD38-DC33-443F-85D4-3589A290DC5F}.Release|x64.Build.0 = Release|x64
		{BB71FD38-DC33-443F-85D4-3589A290DC5F}.Release|x86.ActiveCfg = Release|Win32
		{BB71FD38-DC33-443F-85D4-3589A290DC5F}.Release|x86.Build.0 = Release|Win32
		{8D51FED5-7C69-4B42-A30A-E5BE37B1B5D0}.Debug|x64.ActiveCfg = Debug|x64
		{8D51FED5-7C69-4B42-A30A-E5BE37B1B5D0}.Debug|x64.Build.0 = Debug|x64
		{8D51FED5-7C69-4B42-A30A-E5BE37B1B5D0}.Debug|x86.ActiveCfg = Debug|Win32
		{8D51FED5-7C69-4B42-A30A-E5BE37B1B5D0}.Debug|x86.Build.0 = Debug|Win32
		{8D51FED5-7C69-4B42-A30A-E5BE37B1B5D0}.Release|x64.ActiveCfg = Release|x64
		{8D51FED5-7C69-4B42-A30A-E5BE37B1B5D0}.Release|x64.Build.0 = Release|x64
		{8D51FED5-7C69-4B42-A30A-E5BE37B1B5D0}.Release|x86.ActiveCfg = Release|Win32
		{8D51FED5-7C69-4B42-A30A-E5BE37B1B5D0}.Release|x86.Build.0 = Release|Win32
		{30CCC246-184D-4398-A1DC-9D4698880FA2}.Debug|x64.ActiveCfg = Debug|x64
		{30CCC246-184D-4398-A1DC-9D4698880FA2}.Debug|x64.Build.0 = Debug|x64
		{30CCC246-184D-4398-A1DC-9D4698880FA2}.Debug|x86.ActiveCfg = Debug|Win32
		{30CCC246-184D-4398-A1DC-9D4698880FA2}.Debug|x86.Build.0 = Debug|Win32
		{30CCC246-184D-4398-A1DC-9D4698880FA2}.Release|x64.ActiveCfg = Release|x64
		{30CCC246-184D-4398-A1DC-9D4698880FA2}.Release|x64.Build.0 = Release|x64
		{30CCC246-184D-4398-A1DC-9D4698880FA2}.Release|x86.ActiveCfg = Release|Win32
		{30CCC246-184D-4398-A1DC-9D4698880FA2}.Release|x86.Build.0 = Release|Win32
		{BACDC707-0444-432E-9BC3-A7D382639E11}.Debug|x64.ActiveCfg = Debug|x64
		{BACDC707-0444-432E-9BC3-A7D382639E11}.Debug|x64.Build.0 = Debug|x64
		{BACDC707-0444-432E-9BC3-A7D382639E11}.Debug|x86.ActiveCfg = Debug|Win32
		{BACDC707-0444-432E-9BC3-A7D382639E11}.Debug|x86.Build.0 = Debug|Win32
		{BACDC707-0444-432E-9BC3-A7D382639E11}.Release|x64.ActiveCfg = Release|x64
		{BACDC707-0444-432E-9BC3-A7D382639E11}.Release|x64.Build.0 = Release|x64
		{BACDC707-0444-432E-9BC3-A7D382639E11}.Release|x86.ActiveCfg = Release|Win32
		{BACDC707-0444-432E-9BC3-A7D382639E11}.Release|x86.Build.0 = Release|Win32
		{73C23363-083B-448E-BAA4-8BD351295C98}.Debug|x64.ActiveCfg = Debug|x64
		{73C23363-083B-448E-BAA4-8BD351295C98}.Debug|x64.Build.0 = Debug|x64
		{73C23363-083B-448E-BAA4-8BD351295C98}.Debug|x86.ActiveCfg = Debug|Win32
		{73C23363-083B-448E-BAA4-8BD351295C98}.Debug|x86.Build.0 = Debug|Win32
		{73C23363-083B-448E-BAA4-8BD351295C98}.Release|x64.ActiveCfg = Release|x64
		{73C23363-083B-448E-BAA4-8BD351295C98}.Release|x64.Build.0 = Release|x64
		{73C23363-083B-448E-BAA4-8BD351295C98}.Release|x86.ActiveCfg = Release|Win32
		{73C23363-083B-448E-BAA4-8BD351295C98}.Release|x86.Build.0 = Release|Win32
		{3BD325F6-0515-475F-8916-7CCF841C4221}.Debug|x64.ActiveCfg = Debug|x64
		{3BD325F6-0515-475F-8916-7CCF841C4221}.Debug|x64.Build.0 = Debug|x64
		{3BD325F6-0515-475F-8916-7CCF841C4221}.Debug|x86.ActiveCfg = Debug|Win32
		{3BD325F6-0515-475F-8916-7CCF841C4221}.Debug|x86.Build.0 = Debug|Win32
		{3BD325F6-0515-475F-8916-7CCF841C4221}.Release|x64.ActiveCfg = Release|x64
		{3BD325F6-0515-475F-8916-7CCF841C4221}.Release|x64.Build.0 = Release|x64
		{3BD325F6-0515-475F-8916-7CCF841C4221}.Release|x86.ActiveCfg = Release|Win32
		{3BD325F6-0515-475F-8916-7CCF841C4221}.Release|x86.Build.0 = Release|Win32
		{1203B56C-B6A0-424C-B93D-AFFD05EFC33B}.Debug|x64.ActiveCfg = Debug|x64
		{1203B56C-B6A0-424C-B93D-AFFD05EFC33B}.Debug|x64.Build.0 = Debug|x64
		{1203B56C-B6A0-424C-B93D-AFFD05EFC33B}.Debug|x86.ActiveCfg = Debug|Win32
		{1203B56C-B6A0-424C-B93D-AFFD05EFC33B}.Debug|x86.Build.0 = Debug|Win32
		{1203B56C-B6A0-424C-B93D-AFFD05EFC33B}.Release|x64.ActiveCfg = Release|x64
		{1203B56C-B6A0-424C-B93D-AFFD05EFC33B}.Release|x64.Build.0 = Release|x64
		{1203B56C-B6A0-424C-B93D-AFFD05EFC33B}.Release|x86.ActiveCfg = Release|Win32
		{1203B56C-B6A0-424C-B93D-AFFD05EFC33B}.Release|x86.Build.0 = Release|Win32
		{CA2A0838-7315-4F9E-A5CE-1E3E11FD3F5B}.Debug|x64.ActiveCfg = Debug|x64
		{CA2A0838-7315-4F9E-A5CE-1E3E11FD3F5B}.Debug|x64.Build.0 = Debug|x64
		{CA2A0838-7315-4F9E-A5CE-1E3E11FD3F5B}.Debug|x86.ActiveCfg = Debug|Win32
		{CA2A0838-7315-4F9E-A5CE-1E3E11FD3F5B}.Debug|x86.Build.0 = Debug|Win32
		{CA2A0838-7315-4F9E-A5CE-1E3E11FD3F5B}.Release|x64.ActiveCfg = Release|x64
		{CA2A0838-7315-4F9E-A5CE-1E3E11FD3F5B}.Release|x64.Build.0 = Release|x64
		{CA2A0838-7315-4F9E-A5CE-1E3E11FD3F5B}.Release|x86.ActiveCfg = Release|Win32
		{CA2A0838-7315-4F9E-A5CE-1E3E11FD3F5B}.Release|x86.Build.0 = Release|Win32
	EndGlobalSection
	GlobalSection(SolutionProperties) = preSolution
		HideSolutionNode = FALSE
	EndGlobalSection
	GlobalSection(ExtensibilityGlobals) = postSolution
		SolutionGuid = {B3774EEF-6127-43DE-BD45-85CDD90B0EED}
	EndGlobalSection
EndGlobal
