
Microsoft Visual Studio Solution File, Format Version 12.00
# Visual Studio Version 16
VisualStudioVersion = 16.0.30804.86
MinimumVisualStudioVersion = 10.0.40219.1
Project("{8BC9CEB8-8B4A-11D0-8D11-00A0C91BC942}") = "nhanvien", "nhanvien\nhanvien.vcxproj", "{CA8F1B0C-C82B-4D70-AECF-C5AE2E42FA7A}"
EndProject
Project("{8BC9CEB8-8B4A-11D0-8D11-00A0C91BC942}") = "bai001", "bai001\bai001.vcxproj", "{6770B658-E39D-495C-85EA-79E01E13DC16}"
EndProject
Project("{8BC9CEB8-8B4A-11D0-8D11-00A0C91BC942}") = "bai002", "bai002\bai002.vcxproj", "{EBC33EEF-503C-4F46-9063-33DB6AC8CB40}"
EndProject
Project("{8BC9CEB8-8B4A-11D0-8D11-00A0C91BC942}") = "bai003", "bai003\bai003.vcxproj", "{9065C8CC-08CD-4496-AC30-ACBC73474234}"
EndProject
Project("{8BC9CEB8-8B4A-11D0-8D11-00A0C91BC942}") = "bai004", "bai004\bai004.vcxproj", "{DB068871-D9B3-49DC-927D-02A7D30035F4}"
EndProject
Project("{8BC9CEB8-8B4A-11D0-8D11-00A0C91BC942}") = "bai005", "bai005\bai005.vcxproj", "{05A86B04-8644-4028-B5D8-D08F09ECBA3E}"
EndProject
Project("{8BC9CEB8-8B4A-11D0-8D11-00A0C91BC942}") = "bai006", "bai006\bai006.vcxproj", "{3D2F54C6-5522-41BF-AFB7-A9C1B5953EA8}"
EndProject
Project("{8BC9CEB8-8B4A-11D0-8D11-00A0C91BC942}") = "bai007", "bai007\bai007.vcxproj", "{275118B8-0D86-43D0-B4C9-6744A044EF91}"
EndProject
Project("{8BC9CEB8-8B4A-11D0-8D11-00A0C91BC942}") = "bai008", "bai008\bai008.vcxproj", "{39116111-BB08-421A-8B40-DE546FDFB615}"
EndProject
Project("{8BC9CEB8-8B4A-11D0-8D11-00A0C91BC942}") = "bai009", "bai009\bai009.vcxproj", "{2ADC7F76-4F79-4795-96A5-66C37303F19D}"
EndProject
Project("{8BC9CEB8-8B4A-11D0-8D11-00A0C91BC942}") = "bai010", "bai010\bai010.vcxproj", "{7475B954-5110-4E6A-BB40-F743808838C4}"
EndProject
Project("{8BC9CEB8-8B4A-11D0-8D11-00A0C91BC942}") = "bai011", "bai011\bai011.vcxproj", "{C4E79422-4B56-465B-B223-8CCFD5F40D59}"
EndProject
Project("{8BC9CEB8-8B4A-11D0-8D11-00A0C91BC942}") = "bai012", "bai012\bai012.vcxproj", "{4B875F0F-705A-48D2-BCDF-C94349A5460A}"
EndProject
Project("{8BC9CEB8-8B4A-11D0-8D11-00A0C91BC942}") = "bai013", "bai013\bai013.vcxproj", "{5D463969-D440-4233-B77A-D307A875F31B}"
EndProject
Project("{8BC9CEB8-8B4A-11D0-8D11-00A0C91BC942}") = "bai014", "bai014\bai014.vcxproj", "{682D378D-0FE3-4E7F-9E77-75D85E4680AB}"
EndProject
Project("{8BC9CEB8-8B4A-11D0-8D11-00A0C91BC942}") = "bai015", "bai015\bai015.vcxproj", "{784C11E7-F61F-48FD-9356-8CF062D30808}"
EndProject
Project("{8BC9CEB8-8B4A-11D0-8D11-00A0C91BC942}") = "bai016", "bai016\bai016.vcxproj", "{7BFE7A49-E6C8-46AD-A64B-EF789A9FD1AC}"
EndProject
Project("{8BC9CEB8-8B4A-11D0-8D11-00A0C91BC942}") = "bai017", "bai017\bai017.vcxproj", "{A4E79E96-398F-4E38-9758-2C389CC2CFA5}"
EndProject
Project("{8BC9CEB8-8B4A-11D0-8D11-00A0C91BC942}") = "bai018", "bai018\bai018.vcxproj", "{A4689ACB-A96B-45FA-8EF4-F6B0ED46B46C}"
EndProject
Project("{8BC9CEB8-8B4A-11D0-8D11-00A0C91BC942}") = "bai019", "bai019\bai019.vcxproj", "{4C845CB0-1D66-4AA1-ABAA-52CF6F6EE236}"
EndProject
Project("{8BC9CEB8-8B4A-11D0-8D11-00A0C91BC942}") = "bai020", "bai020\bai020.vcxproj", "{60C2597D-636A-4ABA-B80A-80F55ED088EE}"
EndProject
Project("{8BC9CEB8-8B4A-11D0-8D11-00A0C91BC942}") = "bai021", "bai021\bai021.vcxproj", "{7F0DD1C9-0716-467D-A4CE-E9747C2CA601}"
EndProject
Project("{8BC9CEB8-8B4A-11D0-8D11-00A0C91BC942}") = "bai022", "bai022\bai022.vcxproj", "{46B8CE4E-4621-41D3-9278-4D10821CF441}"
EndProject
Project("{8BC9CEB8-8B4A-11D0-8D11-00A0C91BC942}") = "bai023", "bai023\bai023.vcxproj", "{FE5F5712-CD16-49DD-828C-BA3CBFA2057F}"
EndProject
Project("{8BC9CEB8-8B4A-11D0-8D11-00A0C91BC942}") = "bai024", "bai024\bai024.vcxproj", "{CB3A1A60-FEA0-4D21-B915-E1E93E84C91B}"
EndProject
Project("{8BC9CEB8-8B4A-11D0-8D11-00A0C91BC942}") = "bai025", "bai025\bai025.vcxproj", "{21E6630D-28A2-45BB-89AE-EAAEF99607D0}"
EndProject
Project("{8BC9CEB8-8B4A-11D0-8D11-00A0C91BC942}") = "bai026", "bai026\bai026.vcxproj", "{1FE82ECD-121D-4329-81D9-E627894CA608}"
EndProject
Project("{8BC9CEB8-8B4A-11D0-8D11-00A0C91BC942}") = "bai027", "bai027\bai027.vcxproj", "{E00C5990-54FF-475F-915B-FBDE73CE493A}"
EndProject
Project("{8BC9CEB8-8B4A-11D0-8D11-00A0C91BC942}") = "bai030", "bai030\bai030.vcxproj", "{6CEEB8AA-9580-4BD3-8A32-A74695AE7A40}"
EndProject
Project("{8BC9CEB8-8B4A-11D0-8D11-00A0C91BC942}") = "bai031", "bai031\bai031.vcxproj", "{C59015E5-F2ED-430A-9739-A75C50B17F7C}"
EndProject
Project("{8BC9CEB8-8B4A-11D0-8D11-00A0C91BC942}") = "bai032", "bai032\bai032.vcxproj", "{775C0E16-0FEC-400D-AE31-A757421229B7}"
EndProject
Project("{8BC9CEB8-8B4A-11D0-8D11-00A0C91BC942}") = "bai033", "bai033\bai033.vcxproj", "{4B0E8C57-25BB-47B0-BD83-57D176196572}"
EndProject
Project("{8BC9CEB8-8B4A-11D0-8D11-00A0C91BC942}") = "bai034", "bai034\bai034.vcxproj", "{745AC4AC-07A8-4D5A-9603-F6CF0773BCDC}"
EndProject
Project("{8BC9CEB8-8B4A-11D0-8D11-00A0C91BC942}") = "DIEM", "DIEM\DIEM.vcxproj", "{A844EAE1-373B-4197-AB9E-B609D688C1AA}"
EndProject
Project("{8BC9CEB8-8B4A-11D0-8D11-00A0C91BC942}") = "DIEMKHONGGIANOXYZ", "DIEMKHONGGIANOXYZ\DIEMKHONGGIANOXYZ.vcxproj", "{0890AA98-E378-4A0E-A600-065E712C16AC}"
EndProject
Project("{8BC9CEB8-8B4A-11D0-8D11-00A0C91BC942}") = "DUONGTHANG", "DUONGTHANG\DUONGTHANG.vcxproj", "{2C1C5793-9947-4B57-BB6E-2595B828708C}"
EndProject
Project("{8BC9CEB8-8B4A-11D0-8D11-00A0C91BC942}") = "PHANSO", "PHANSO\PHANSO.vcxproj", "{8720BC6E-7D08-41C8-B020-251A9BCB690E}"
EndProject
Project("{8BC9CEB8-8B4A-11D0-8D11-00A0C91BC942}") = "HONSO", "HONSO\HONSO.vcxproj", "{D1C1524D-4C02-4A54-997A-9DE707244F20}"
EndProject
Project("{8BC9CEB8-8B4A-11D0-8D11-00A0C91BC942}") = "SOPHUC", "SOPHUC\SOPHUC.vcxproj", "{5408C121-66A3-4FF0-85D9-C43294A56B39}"
EndProject
Project("{8BC9CEB8-8B4A-11D0-8D11-00A0C91BC942}") = "THOIGIAN", "THOIGIAN\THOIGIAN.vcxproj", "{FF57A33E-A366-4546-A3D9-8B06E830AAD2}"
EndProject
Project("{8BC9CEB8-8B4A-11D0-8D11-00A0C91BC942}") = "DONTHUC", "DONTHUC\DONTHUC.vcxproj", "{0A091720-34A2-4D05-9986-CCD985E85842}"
EndProject
Project("{8BC9CEB8-8B4A-11D0-8D11-00A0C91BC942}") = "DUONGTRON", "DUONGTRON\DUONGTRON.vcxproj", "{BA0031A4-FD4A-40F4-8690-716F32882C58}"
EndProject
Project("{8BC9CEB8-8B4A-11D0-8D11-00A0C91BC942}") = "HINHCAU", "HINHCAU\HINHCAU.vcxproj", "{862658BE-5DA0-40DE-BF7A-256FF7668450}"
EndProject
Project("{8BC9CEB8-8B4A-11D0-8D11-00A0C91BC942}") = "TAMGIAC", "TAMGIAC\TAMGIAC.vcxproj", "{EBC55523-93C5-4CAE-BA19-FE3602540C09}"
EndProject
Project("{8BC9CEB8-8B4A-11D0-8D11-00A0C91BC942}") = "NGAY", "NGAY\NGAY.vcxproj", "{A3DEEDDE-1367-4D62-9BD6-0CEB13A42A82}"
EndProject
Global
	GlobalSection(SolutionConfigurationPlatforms) = preSolution
		Debug|x64 = Debug|x64
		Debug|x86 = Debug|x86
		Release|x64 = Release|x64
		Release|x86 = Release|x86
	EndGlobalSection
	GlobalSection(ProjectConfigurationPlatforms) = postSolution
		{CA8F1B0C-C82B-4D70-AECF-C5AE2E42FA7A}.Debug|x64.ActiveCfg = Debug|x64
		{CA8F1B0C-C82B-4D70-AECF-C5AE2E42FA7A}.Debug|x64.Build.0 = Debug|x64
		{CA8F1B0C-C82B-4D70-AECF-C5AE2E42FA7A}.Debug|x86.ActiveCfg = Debug|Win32
		{CA8F1B0C-C82B-4D70-AECF-C5AE2E42FA7A}.Debug|x86.Build.0 = Debug|Win32
		{CA8F1B0C-C82B-4D70-AECF-C5AE2E42FA7A}.Release|x64.ActiveCfg = Release|x64
		{CA8F1B0C-C82B-4D70-AECF-C5AE2E42FA7A}.Release|x64.Build.0 = Release|x64
		{CA8F1B0C-C82B-4D70-AECF-C5AE2E42FA7A}.Release|x86.ActiveCfg = Release|Win32
		{CA8F1B0C-C82B-4D70-AECF-C5AE2E42FA7A}.Release|x86.Build.0 = Release|Win32
		{6770B658-E39D-495C-85EA-79E01E13DC16}.Debug|x64.ActiveCfg = Debug|x64
		{6770B658-E39D-495C-85EA-79E01E13DC16}.Debug|x64.Build.0 = Debug|x64
		{6770B658-E39D-495C-85EA-79E01E13DC16}.Debug|x86.ActiveCfg = Debug|Win32
		{6770B658-E39D-495C-85EA-79E01E13DC16}.Debug|x86.Build.0 = Debug|Win32
		{6770B658-E39D-495C-85EA-79E01E13DC16}.Release|x64.ActiveCfg = Release|x64
		{6770B658-E39D-495C-85EA-79E01E13DC16}.Release|x64.Build.0 = Release|x64
		{6770B658-E39D-495C-85EA-79E01E13DC16}.Release|x86.ActiveCfg = Release|Win32
		{6770B658-E39D-495C-85EA-79E01E13DC16}.Release|x86.Build.0 = Release|Win32
		{EBC33EEF-503C-4F46-9063-33DB6AC8CB40}.Debug|x64.ActiveCfg = Debug|x64
		{EBC33EEF-503C-4F46-9063-33DB6AC8CB40}.Debug|x64.Build.0 = Debug|x64
		{EBC33EEF-503C-4F46-9063-33DB6AC8CB40}.Debug|x86.ActiveCfg = Debug|Win32
		{EBC33EEF-503C-4F46-9063-33DB6AC8CB40}.Debug|x86.Build.0 = Debug|Win32
		{EBC33EEF-503C-4F46-9063-33DB6AC8CB40}.Release|x64.ActiveCfg = Release|x64
		{EBC33EEF-503C-4F46-9063-33DB6AC8CB40}.Release|x64.Build.0 = Release|x64
		{EBC33EEF-503C-4F46-9063-33DB6AC8CB40}.Release|x86.ActiveCfg = Release|Win32
		{EBC33EEF-503C-4F46-9063-33DB6AC8CB40}.Release|x86.Build.0 = Release|Win32
		{9065C8CC-08CD-4496-AC30-ACBC73474234}.Debug|x64.ActiveCfg = Debug|x64
		{9065C8CC-08CD-4496-AC30-ACBC73474234}.Debug|x64.Build.0 = Debug|x64
		{9065C8CC-08CD-4496-AC30-ACBC73474234}.Debug|x86.ActiveCfg = Debug|Win32
		{9065C8CC-08CD-4496-AC30-ACBC73474234}.Debug|x86.Build.0 = Debug|Win32
		{9065C8CC-08CD-4496-AC30-ACBC73474234}.Release|x64.ActiveCfg = Release|x64
		{9065C8CC-08CD-4496-AC30-ACBC73474234}.Release|x64.Build.0 = Release|x64
		{9065C8CC-08CD-4496-AC30-ACBC73474234}.Release|x86.ActiveCfg = Release|Win32
		{9065C8CC-08CD-4496-AC30-ACBC73474234}.Release|x86.Build.0 = Release|Win32
		{DB068871-D9B3-49DC-927D-02A7D30035F4}.Debug|x64.ActiveCfg = Debug|x64
		{DB068871-D9B3-49DC-927D-02A7D30035F4}.Debug|x64.Build.0 = Debug|x64
		{DB068871-D9B3-49DC-927D-02A7D30035F4}.Debug|x86.ActiveCfg = Debug|Win32
		{DB068871-D9B3-49DC-927D-02A7D30035F4}.Debug|x86.Build.0 = Debug|Win32
		{DB068871-D9B3-49DC-927D-02A7D30035F4}.Release|x64.ActiveCfg = Release|x64
		{DB068871-D9B3-49DC-927D-02A7D30035F4}.Release|x64.Build.0 = Release|x64
		{DB068871-D9B3-49DC-927D-02A7D30035F4}.Release|x86.ActiveCfg = Release|Win32
		{DB068871-D9B3-49DC-927D-02A7D30035F4}.Release|x86.Build.0 = Release|Win32
		{05A86B04-8644-4028-B5D8-D08F09ECBA3E}.Debug|x64.ActiveCfg = Debug|x64
		{05A86B04-8644-4028-B5D8-D08F09ECBA3E}.Debug|x64.Build.0 = Debug|x64
		{05A86B04-8644-4028-B5D8-D08F09ECBA3E}.Debug|x86.ActiveCfg = Debug|Win32
		{05A86B04-8644-4028-B5D8-D08F09ECBA3E}.Debug|x86.Build.0 = Debug|Win32
		{05A86B04-8644-4028-B5D8-D08F09ECBA3E}.Release|x64.ActiveCfg = Release|x64
		{05A86B04-8644-4028-B5D8-D08F09ECBA3E}.Release|x64.Build.0 = Release|x64
		{05A86B04-8644-4028-B5D8-D08F09ECBA3E}.Release|x86.ActiveCfg = Release|Win32
		{05A86B04-8644-4028-B5D8-D08F09ECBA3E}.Release|x86.Build.0 = Release|Win32
		{3D2F54C6-5522-41BF-AFB7-A9C1B5953EA8}.Debug|x64.ActiveCfg = Debug|x64
		{3D2F54C6-5522-41BF-AFB7-A9C1B5953EA8}.Debug|x64.Build.0 = Debug|x64
		{3D2F54C6-5522-41BF-AFB7-A9C1B5953EA8}.Debug|x86.ActiveCfg = Debug|Win32
		{3D2F54C6-5522-41BF-AFB7-A9C1B5953EA8}.Debug|x86.Build.0 = Debug|Win32
		{3D2F54C6-5522-41BF-AFB7-A9C1B5953EA8}.Release|x64.ActiveCfg = Release|x64
		{3D2F54C6-5522-41BF-AFB7-A9C1B5953EA8}.Release|x64.Build.0 = Release|x64
		{3D2F54C6-5522-41BF-AFB7-A9C1B5953EA8}.Release|x86.ActiveCfg = Release|Win32
		{3D2F54C6-5522-41BF-AFB7-A9C1B5953EA8}.Release|x86.Build.0 = Release|Win32
		{275118B8-0D86-43D0-B4C9-6744A044EF91}.Debug|x64.ActiveCfg = Debug|x64
		{275118B8-0D86-43D0-B4C9-6744A044EF91}.Debug|x64.Build.0 = Debug|x64
		{275118B8-0D86-43D0-B4C9-6744A044EF91}.Debug|x86.ActiveCfg = Debug|Win32
		{275118B8-0D86-43D0-B4C9-6744A044EF91}.Debug|x86.Build.0 = Debug|Win32
		{275118B8-0D86-43D0-B4C9-6744A044EF91}.Release|x64.ActiveCfg = Release|x64
		{275118B8-0D86-43D0-B4C9-6744A044EF91}.Release|x64.Build.0 = Release|x64
		{275118B8-0D86-43D0-B4C9-6744A044EF91}.Release|x86.ActiveCfg = Release|Win32
		{275118B8-0D86-43D0-B4C9-6744A044EF91}.Release|x86.Build.0 = Release|Win32
		{39116111-BB08-421A-8B40-DE546FDFB615}.Debug|x64.ActiveCfg = Debug|x64
		{39116111-BB08-421A-8B40-DE546FDFB615}.Debug|x64.Build.0 = Debug|x64
		{39116111-BB08-421A-8B40-DE546FDFB615}.Debug|x86.ActiveCfg = Debug|Win32
		{39116111-BB08-421A-8B40-DE546FDFB615}.Debug|x86.Build.0 = Debug|Win32
		{39116111-BB08-421A-8B40-DE546FDFB615}.Release|x64.ActiveCfg = Release|x64
		{39116111-BB08-421A-8B40-DE546FDFB615}.Release|x64.Build.0 = Release|x64
		{39116111-BB08-421A-8B40-DE546FDFB615}.Release|x86.ActiveCfg = Release|Win32
		{39116111-BB08-421A-8B40-DE546FDFB615}.Release|x86.Build.0 = Release|Win32
		{2ADC7F76-4F79-4795-96A5-66C37303F19D}.Debug|x64.ActiveCfg = Debug|x64
		{2ADC7F76-4F79-4795-96A5-66C37303F19D}.Debug|x64.Build.0 = Debug|x64
		{2ADC7F76-4F79-4795-96A5-66C37303F19D}.Debug|x86.ActiveCfg = Debug|Win32
		{2ADC7F76-4F79-4795-96A5-66C37303F19D}.Debug|x86.Build.0 = Debug|Win32
		{2ADC7F76-4F79-4795-96A5-66C37303F19D}.Release|x64.ActiveCfg = Release|x64
		{2ADC7F76-4F79-4795-96A5-66C37303F19D}.Release|x64.Build.0 = Release|x64
		{2ADC7F76-4F79-4795-96A5-66C37303F19D}.Release|x86.ActiveCfg = Release|Win32
		{2ADC7F76-4F79-4795-96A5-66C37303F19D}.Release|x86.Build.0 = Release|Win32
		{7475B954-5110-4E6A-BB40-F743808838C4}.Debug|x64.ActiveCfg = Debug|x64
		{7475B954-5110-4E6A-BB40-F743808838C4}.Debug|x64.Build.0 = Debug|x64
		{7475B954-5110-4E6A-BB40-F743808838C4}.Debug|x86.ActiveCfg = Debug|Win32
		{7475B954-5110-4E6A-BB40-F743808838C4}.Debug|x86.Build.0 = Debug|Win32
		{7475B954-5110-4E6A-BB40-F743808838C4}.Release|x64.ActiveCfg = Release|x64
		{7475B954-5110-4E6A-BB40-F743808838C4}.Release|x64.Build.0 = Release|x64
		{7475B954-5110-4E6A-BB40-F743808838C4}.Release|x86.ActiveCfg = Release|Win32
		{7475B954-5110-4E6A-BB40-F743808838C4}.Release|x86.Build.0 = Release|Win32
		{C4E79422-4B56-465B-B223-8CCFD5F40D59}.Debug|x64.ActiveCfg = Debug|x64
		{C4E79422-4B56-465B-B223-8CCFD5F40D59}.Debug|x64.Build.0 = Debug|x64
		{C4E79422-4B56-465B-B223-8CCFD5F40D59}.Debug|x86.ActiveCfg = Debug|Win32
		{C4E79422-4B56-465B-B223-8CCFD5F40D59}.Debug|x86.Build.0 = Debug|Win32
		{C4E79422-4B56-465B-B223-8CCFD5F40D59}.Release|x64.ActiveCfg = Release|x64
		{C4E79422-4B56-465B-B223-8CCFD5F40D59}.Release|x64.Build.0 = Release|x64
		{C4E79422-4B56-465B-B223-8CCFD5F40D59}.Release|x86.ActiveCfg = Release|Win32
		{C4E79422-4B56-465B-B223-8CCFD5F40D59}.Release|x86.Build.0 = Release|Win32
		{4B875F0F-705A-48D2-BCDF-C94349A5460A}.Debug|x64.ActiveCfg = Debug|x64
		{4B875F0F-705A-48D2-BCDF-C94349A5460A}.Debug|x64.Build.0 = Debug|x64
		{4B875F0F-705A-48D2-BCDF-C94349A5460A}.Debug|x86.ActiveCfg = Debug|Win32
		{4B875F0F-705A-48D2-BCDF-C94349A5460A}.Debug|x86.Build.0 = Debug|Win32
		{4B875F0F-705A-48D2-BCDF-C94349A5460A}.Release|x64.ActiveCfg = Release|x64
		{4B875F0F-705A-48D2-BCDF-C94349A5460A}.Release|x64.Build.0 = Release|x64
		{4B875F0F-705A-48D2-BCDF-C94349A5460A}.Release|x86.ActiveCfg = Release|Win32
		{4B875F0F-705A-48D2-BCDF-C94349A5460A}.Release|x86.Build.0 = Release|Win32
		{5D463969-D440-4233-B77A-D307A875F31B}.Debug|x64.ActiveCfg = Debug|x64
		{5D463969-D440-4233-B77A-D307A875F31B}.Debug|x64.Build.0 = Debug|x64
		{5D463969-D440-4233-B77A-D307A875F31B}.Debug|x86.ActiveCfg = Debug|Win32
		{5D463969-D440-4233-B77A-D307A875F31B}.Debug|x86.Build.0 = Debug|Win32
		{5D463969-D440-4233-B77A-D307A875F31B}.Release|x64.ActiveCfg = Release|x64
		{5D463969-D440-4233-B77A-D307A875F31B}.Release|x64.Build.0 = Release|x64
		{5D463969-D440-4233-B77A-D307A875F31B}.Release|x86.ActiveCfg = Release|Win32
		{5D463969-D440-4233-B77A-D307A875F31B}.Release|x86.Build.0 = Release|Win32
		{682D378D-0FE3-4E7F-9E77-75D85E4680AB}.Debug|x64.ActiveCfg = Debug|x64
		{682D378D-0FE3-4E7F-9E77-75D85E4680AB}.Debug|x64.Build.0 = Debug|x64
		{682D378D-0FE3-4E7F-9E77-75D85E4680AB}.Debug|x86.ActiveCfg = Debug|Win32
		{682D378D-0FE3-4E7F-9E77-75D85E4680AB}.Debug|x86.Build.0 = Debug|Win32
		{682D378D-0FE3-4E7F-9E77-75D85E4680AB}.Release|x64.ActiveCfg = Release|x64
		{682D378D-0FE3-4E7F-9E77-75D85E4680AB}.Release|x64.Build.0 = Release|x64
		{682D378D-0FE3-4E7F-9E77-75D85E4680AB}.Release|x86.ActiveCfg = Release|Win32
		{682D378D-0FE3-4E7F-9E77-75D85E4680AB}.Release|x86.Build.0 = Release|Win32
		{784C11E7-F61F-48FD-9356-8CF062D30808}.Debug|x64.ActiveCfg = Debug|x64
		{784C11E7-F61F-48FD-9356-8CF062D30808}.Debug|x64.Build.0 = Debug|x64
		{784C11E7-F61F-48FD-9356-8CF062D30808}.Debug|x86.ActiveCfg = Debug|Win32
		{784C11E7-F61F-48FD-9356-8CF062D30808}.Debug|x86.Build.0 = Debug|Win32
		{784C11E7-F61F-48FD-9356-8CF062D30808}.Release|x64.ActiveCfg = Release|x64
		{784C11E7-F61F-48FD-9356-8CF062D30808}.Release|x64.Build.0 = Release|x64
		{784C11E7-F61F-48FD-9356-8CF062D30808}.Release|x86.ActiveCfg = Release|Win32
		{784C11E7-F61F-48FD-9356-8CF062D30808}.Release|x86.Build.0 = Release|Win32
		{7BFE7A49-E6C8-46AD-A64B-EF789A9FD1AC}.Debug|x64.ActiveCfg = Debug|x64
		{7BFE7A49-E6C8-46AD-A64B-EF789A9FD1AC}.Debug|x64.Build.0 = Debug|x64
		{7BFE7A49-E6C8-46AD-A64B-EF789A9FD1AC}.Debug|x86.ActiveCfg = Debug|Win32
		{7BFE7A49-E6C8-46AD-A64B-EF789A9FD1AC}.Debug|x86.Build.0 = Debug|Win32
		{7BFE7A49-E6C8-46AD-A64B-EF789A9FD1AC}.Release|x64.ActiveCfg = Release|x64
		{7BFE7A49-E6C8-46AD-A64B-EF789A9FD1AC}.Release|x64.Build.0 = Release|x64
		{7BFE7A49-E6C8-46AD-A64B-EF789A9FD1AC}.Release|x86.ActiveCfg = Release|Win32
		{7BFE7A49-E6C8-46AD-A64B-EF789A9FD1AC}.Release|x86.Build.0 = Release|Win32
		{A4E79E96-398F-4E38-9758-2C389CC2CFA5}.Debug|x64.ActiveCfg = Debug|x64
		{A4E79E96-398F-4E38-9758-2C389CC2CFA5}.Debug|x64.Build.0 = Debug|x64
		{A4E79E96-398F-4E38-9758-2C389CC2CFA5}.Debug|x86.ActiveCfg = Debug|Win32
		{A4E79E96-398F-4E38-9758-2C389CC2CFA5}.Debug|x86.Build.0 = Debug|Win32
		{A4E79E96-398F-4E38-9758-2C389CC2CFA5}.Release|x64.ActiveCfg = Release|x64
		{A4E79E96-398F-4E38-9758-2C389CC2CFA5}.Release|x64.Build.0 = Release|x64
		{A4E79E96-398F-4E38-9758-2C389CC2CFA5}.Release|x86.ActiveCfg = Release|Win32
		{A4E79E96-398F-4E38-9758-2C389CC2CFA5}.Release|x86.Build.0 = Release|Win32
		{A4689ACB-A96B-45FA-8EF4-F6B0ED46B46C}.Debug|x64.ActiveCfg = Debug|x64
		{A4689ACB-A96B-45FA-8EF4-F6B0ED46B46C}.Debug|x64.Build.0 = Debug|x64
		{A4689ACB-A96B-45FA-8EF4-F6B0ED46B46C}.Debug|x86.ActiveCfg = Debug|Win32
		{A4689ACB-A96B-45FA-8EF4-F6B0ED46B46C}.Debug|x86.Build.0 = Debug|Win32
		{A4689ACB-A96B-45FA-8EF4-F6B0ED46B46C}.Release|x64.ActiveCfg = Release|x64
		{A4689ACB-A96B-45FA-8EF4-F6B0ED46B46C}.Release|x64.Build.0 = Release|x64
		{A4689ACB-A96B-45FA-8EF4-F6B0ED46B46C}.Release|x86.ActiveCfg = Release|Win32
		{A4689ACB-A96B-45FA-8EF4-F6B0ED46B46C}.Release|x86.Build.0 = Release|Win32
		{4C845CB0-1D66-4AA1-ABAA-52CF6F6EE236}.Debug|x64.ActiveCfg = Debug|x64
		{4C845CB0-1D66-4AA1-ABAA-52CF6F6EE236}.Debug|x64.Build.0 = Debug|x64
		{4C845CB0-1D66-4AA1-ABAA-52CF6F6EE236}.Debug|x86.ActiveCfg = Debug|Win32
		{4C845CB0-1D66-4AA1-ABAA-52CF6F6EE236}.Debug|x86.Build.0 = Debug|Win32
		{4C845CB0-1D66-4AA1-ABAA-52CF6F6EE236}.Release|x64.ActiveCfg = Release|x64
		{4C845CB0-1D66-4AA1-ABAA-52CF6F6EE236}.Release|x64.Build.0 = Release|x64
		{4C845CB0-1D66-4AA1-ABAA-52CF6F6EE236}.Release|x86.ActiveCfg = Release|Win32
		{4C845CB0-1D66-4AA1-ABAA-52CF6F6EE236}.Release|x86.Build.0 = Release|Win32
		{60C2597D-636A-4ABA-B80A-80F55ED088EE}.Debug|x64.ActiveCfg = Debug|x64
		{60C2597D-636A-4ABA-B80A-80F55ED088EE}.Debug|x64.Build.0 = Debug|x64
		{60C2597D-636A-4ABA-B80A-80F55ED088EE}.Debug|x86.ActiveCfg = Debug|Win32
		{60C2597D-636A-4ABA-B80A-80F55ED088EE}.Debug|x86.Build.0 = Debug|Win32
		{60C2597D-636A-4ABA-B80A-80F55ED088EE}.Release|x64.ActiveCfg = Release|x64
		{60C2597D-636A-4ABA-B80A-80F55ED088EE}.Release|x64.Build.0 = Release|x64
		{60C2597D-636A-4ABA-B80A-80F55ED088EE}.Release|x86.ActiveCfg = Release|Win32
		{60C2597D-636A-4ABA-B80A-80F55ED088EE}.Release|x86.Build.0 = Release|Win32
		{7F0DD1C9-0716-467D-A4CE-E9747C2CA601}.Debug|x64.ActiveCfg = Debug|x64
		{7F0DD1C9-0716-467D-A4CE-E9747C2CA601}.Debug|x64.Build.0 = Debug|x64
		{7F0DD1C9-0716-467D-A4CE-E9747C2CA601}.Debug|x86.ActiveCfg = Debug|Win32
		{7F0DD1C9-0716-467D-A4CE-E9747C2CA601}.Debug|x86.Build.0 = Debug|Win32
		{7F0DD1C9-0716-467D-A4CE-E9747C2CA601}.Release|x64.ActiveCfg = Release|x64
		{7F0DD1C9-0716-467D-A4CE-E9747C2CA601}.Release|x64.Build.0 = Release|x64
		{7F0DD1C9-0716-467D-A4CE-E9747C2CA601}.Release|x86.ActiveCfg = Release|Win32
		{7F0DD1C9-0716-467D-A4CE-E9747C2CA601}.Release|x86.Build.0 = Release|Win32
		{46B8CE4E-4621-41D3-9278-4D10821CF441}.Debug|x64.ActiveCfg = Debug|x64
		{46B8CE4E-4621-41D3-9278-4D10821CF441}.Debug|x64.Build.0 = Debug|x64
		{46B8CE4E-4621-41D3-9278-4D10821CF441}.Debug|x86.ActiveCfg = Debug|Win32
		{46B8CE4E-4621-41D3-9278-4D10821CF441}.Debug|x86.Build.0 = Debug|Win32
		{46B8CE4E-4621-41D3-9278-4D10821CF441}.Release|x64.ActiveCfg = Release|x64
		{46B8CE4E-4621-41D3-9278-4D10821CF441}.Release|x64.Build.0 = Release|x64
		{46B8CE4E-4621-41D3-9278-4D10821CF441}.Release|x86.ActiveCfg = Release|Win32
		{46B8CE4E-4621-41D3-9278-4D10821CF441}.Release|x86.Build.0 = Release|Win32
		{FE5F5712-CD16-49DD-828C-BA3CBFA2057F}.Debug|x64.ActiveCfg = Debug|x64
		{FE5F5712-CD16-49DD-828C-BA3CBFA2057F}.Debug|x64.Build.0 = Debug|x64
		{FE5F5712-CD16-49DD-828C-BA3CBFA2057F}.Debug|x86.ActiveCfg = Debug|Win32
		{FE5F5712-CD16-49DD-828C-BA3CBFA2057F}.Debug|x86.Build.0 = Debug|Win32
		{FE5F5712-CD16-49DD-828C-BA3CBFA2057F}.Release|x64.ActiveCfg = Release|x64
		{FE5F5712-CD16-49DD-828C-BA3CBFA2057F}.Release|x64.Build.0 = Release|x64
		{FE5F5712-CD16-49DD-828C-BA3CBFA2057F}.Release|x86.ActiveCfg = Release|Win32
		{FE5F5712-CD16-49DD-828C-BA3CBFA2057F}.Release|x86.Build.0 = Release|Win32
		{CB3A1A60-FEA0-4D21-B915-E1E93E84C91B}.Debug|x64.ActiveCfg = Debug|x64
		{CB3A1A60-FEA0-4D21-B915-E1E93E84C91B}.Debug|x64.Build.0 = Debug|x64
		{CB3A1A60-FEA0-4D21-B915-E1E93E84C91B}.Debug|x86.ActiveCfg = Debug|Win32
		{CB3A1A60-FEA0-4D21-B915-E1E93E84C91B}.Debug|x86.Build.0 = Debug|Win32
		{CB3A1A60-FEA0-4D21-B915-E1E93E84C91B}.Release|x64.ActiveCfg = Release|x64
		{CB3A1A60-FEA0-4D21-B915-E1E93E84C91B}.Release|x64.Build.0 = Release|x64
		{CB3A1A60-FEA0-4D21-B915-E1E93E84C91B}.Release|x86.ActiveCfg = Release|Win32
		{CB3A1A60-FEA0-4D21-B915-E1E93E84C91B}.Release|x86.Build.0 = Release|Win32
		{21E6630D-28A2-45BB-89AE-EAAEF99607D0}.Debug|x64.ActiveCfg = Debug|x64
		{21E6630D-28A2-45BB-89AE-EAAEF99607D0}.Debug|x64.Build.0 = Debug|x64
		{21E6630D-28A2-45BB-89AE-EAAEF99607D0}.Debug|x86.ActiveCfg = Debug|Win32
		{21E6630D-28A2-45BB-89AE-EAAEF99607D0}.Debug|x86.Build.0 = Debug|Win32
		{21E6630D-28A2-45BB-89AE-EAAEF99607D0}.Release|x64.ActiveCfg = Release|x64
		{21E6630D-28A2-45BB-89AE-EAAEF99607D0}.Release|x64.Build.0 = Release|x64
		{21E6630D-28A2-45BB-89AE-EAAEF99607D0}.Release|x86.ActiveCfg = Release|Win32
		{21E6630D-28A2-45BB-89AE-EAAEF99607D0}.Release|x86.Build.0 = Release|Win32
		{1FE82ECD-121D-4329-81D9-E627894CA608}.Debug|x64.ActiveCfg = Debug|x64
		{1FE82ECD-121D-4329-81D9-E627894CA608}.Debug|x64.Build.0 = Debug|x64
		{1FE82ECD-121D-4329-81D9-E627894CA608}.Debug|x86.ActiveCfg = Debug|Win32
		{1FE82ECD-121D-4329-81D9-E627894CA608}.Debug|x86.Build.0 = Debug|Win32
		{1FE82ECD-121D-4329-81D9-E627894CA608}.Release|x64.ActiveCfg = Release|x64
		{1FE82ECD-121D-4329-81D9-E627894CA608}.Release|x64.Build.0 = Release|x64
		{1FE82ECD-121D-4329-81D9-E627894CA608}.Release|x86.ActiveCfg = Release|Win32
		{1FE82ECD-121D-4329-81D9-E627894CA608}.Release|x86.Build.0 = Release|Win32
		{E00C5990-54FF-475F-915B-FBDE73CE493A}.Debug|x64.ActiveCfg = Debug|x64
		{E00C5990-54FF-475F-915B-FBDE73CE493A}.Debug|x64.Build.0 = Debug|x64
		{E00C5990-54FF-475F-915B-FBDE73CE493A}.Debug|x86.ActiveCfg = Debug|Win32
		{E00C5990-54FF-475F-915B-FBDE73CE493A}.Debug|x86.Build.0 = Debug|Win32
		{E00C5990-54FF-475F-915B-FBDE73CE493A}.Release|x64.ActiveCfg = Release|x64
		{E00C5990-54FF-475F-915B-FBDE73CE493A}.Release|x64.Build.0 = Release|x64
		{E00C5990-54FF-475F-915B-FBDE73CE493A}.Release|x86.ActiveCfg = Release|Win32
		{E00C5990-54FF-475F-915B-FBDE73CE493A}.Release|x86.Build.0 = Release|Win32
		{6CEEB8AA-9580-4BD3-8A32-A74695AE7A40}.Debug|x64.ActiveCfg = Debug|x64
		{6CEEB8AA-9580-4BD3-8A32-A74695AE7A40}.Debug|x64.Build.0 = Debug|x64
		{6CEEB8AA-9580-4BD3-8A32-A74695AE7A40}.Debug|x86.ActiveCfg = Debug|Win32
		{6CEEB8AA-9580-4BD3-8A32-A74695AE7A40}.Debug|x86.Build.0 = Debug|Win32
		{6CEEB8AA-9580-4BD3-8A32-A74695AE7A40}.Release|x64.ActiveCfg = Release|x64
		{6CEEB8AA-9580-4BD3-8A32-A74695AE7A40}.Release|x64.Build.0 = Release|x64
		{6CEEB8AA-9580-4BD3-8A32-A74695AE7A40}.Release|x86.ActiveCfg = Release|Win32
		{6CEEB8AA-9580-4BD3-8A32-A74695AE7A40}.Release|x86.Build.0 = Release|Win32
		{C59015E5-F2ED-430A-9739-A75C50B17F7C}.Debug|x64.ActiveCfg = Debug|x64
		{C59015E5-F2ED-430A-9739-A75C50B17F7C}.Debug|x64.Build.0 = Debug|x64
		{C59015E5-F2ED-430A-9739-A75C50B17F7C}.Debug|x86.ActiveCfg = Debug|Win32
		{C59015E5-F2ED-430A-9739-A75C50B17F7C}.Debug|x86.Build.0 = Debug|Win32
		{C59015E5-F2ED-430A-9739-A75C50B17F7C}.Release|x64.ActiveCfg = Release|x64
		{C59015E5-F2ED-430A-9739-A75C50B17F7C}.Release|x64.Build.0 = Release|x64
		{C59015E5-F2ED-430A-9739-A75C50B17F7C}.Release|x86.ActiveCfg = Release|Win32
		{C59015E5-F2ED-430A-9739-A75C50B17F7C}.Release|x86.Build.0 = Release|Win32
		{775C0E16-0FEC-400D-AE31-A757421229B7}.Debug|x64.ActiveCfg = Debug|x64
		{775C0E16-0FEC-400D-AE31-A757421229B7}.Debug|x64.Build.0 = Debug|x64
		{775C0E16-0FEC-400D-AE31-A757421229B7}.Debug|x86.ActiveCfg = Debug|Win32
		{775C0E16-0FEC-400D-AE31-A757421229B7}.Debug|x86.Build.0 = Debug|Win32
		{775C0E16-0FEC-400D-AE31-A757421229B7}.Release|x64.ActiveCfg = Release|x64
		{775C0E16-0FEC-400D-AE31-A757421229B7}.Release|x64.Build.0 = Release|x64
		{775C0E16-0FEC-400D-AE31-A757421229B7}.Release|x86.ActiveCfg = Release|Win32
		{775C0E16-0FEC-400D-AE31-A757421229B7}.Release|x86.Build.0 = Release|Win32
		{4B0E8C57-25BB-47B0-BD83-57D176196572}.Debug|x64.ActiveCfg = Debug|x64
		{4B0E8C57-25BB-47B0-BD83-57D176196572}.Debug|x64.Build.0 = Debug|x64
		{4B0E8C57-25BB-47B0-BD83-57D176196572}.Debug|x86.ActiveCfg = Debug|Win32
		{4B0E8C57-25BB-47B0-BD83-57D176196572}.Debug|x86.Build.0 = Debug|Win32
		{4B0E8C57-25BB-47B0-BD83-57D176196572}.Release|x64.ActiveCfg = Release|x64
		{4B0E8C57-25BB-47B0-BD83-57D176196572}.Release|x64.Build.0 = Release|x64
		{4B0E8C57-25BB-47B0-BD83-57D176196572}.Release|x86.ActiveCfg = Release|Win32
		{4B0E8C57-25BB-47B0-BD83-57D176196572}.Release|x86.Build.0 = Release|Win32
		{745AC4AC-07A8-4D5A-9603-F6CF0773BCDC}.Debug|x64.ActiveCfg = Debug|x64
		{745AC4AC-07A8-4D5A-9603-F6CF0773BCDC}.Debug|x64.Build.0 = Debug|x64
		{745AC4AC-07A8-4D5A-9603-F6CF0773BCDC}.Debug|x86.ActiveCfg = Debug|Win32
		{745AC4AC-07A8-4D5A-9603-F6CF0773BCDC}.Debug|x86.Build.0 = Debug|Win32
		{745AC4AC-07A8-4D5A-9603-F6CF0773BCDC}.Release|x64.ActiveCfg = Release|x64
		{745AC4AC-07A8-4D5A-9603-F6CF0773BCDC}.Release|x64.Build.0 = Release|x64
		{745AC4AC-07A8-4D5A-9603-F6CF0773BCDC}.Release|x86.ActiveCfg = Release|Win32
		{745AC4AC-07A8-4D5A-9603-F6CF0773BCDC}.Release|x86.Build.0 = Release|Win32
		{A844EAE1-373B-4197-AB9E-B609D688C1AA}.Debug|x64.ActiveCfg = Debug|x64
		{A844EAE1-373B-4197-AB9E-B609D688C1AA}.Debug|x64.Build.0 = Debug|x64
		{A844EAE1-373B-4197-AB9E-B609D688C1AA}.Debug|x86.ActiveCfg = Debug|Win32
		{A844EAE1-373B-4197-AB9E-B609D688C1AA}.Debug|x86.Build.0 = Debug|Win32
		{A844EAE1-373B-4197-AB9E-B609D688C1AA}.Release|x64.ActiveCfg = Release|x64
		{A844EAE1-373B-4197-AB9E-B609D688C1AA}.Release|x64.Build.0 = Release|x64
		{A844EAE1-373B-4197-AB9E-B609D688C1AA}.Release|x86.ActiveCfg = Release|Win32
		{A844EAE1-373B-4197-AB9E-B609D688C1AA}.Release|x86.Build.0 = Release|Win32
		{0890AA98-E378-4A0E-A600-065E712C16AC}.Debug|x64.ActiveCfg = Debug|x64
		{0890AA98-E378-4A0E-A600-065E712C16AC}.Debug|x64.Build.0 = Debug|x64
		{0890AA98-E378-4A0E-A600-065E712C16AC}.Debug|x86.ActiveCfg = Debug|Win32
		{0890AA98-E378-4A0E-A600-065E712C16AC}.Debug|x86.Build.0 = Debug|Win32
		{0890AA98-E378-4A0E-A600-065E712C16AC}.Release|x64.ActiveCfg = Release|x64
		{0890AA98-E378-4A0E-A600-065E712C16AC}.Release|x64.Build.0 = Release|x64
		{0890AA98-E378-4A0E-A600-065E712C16AC}.Release|x86.ActiveCfg = Release|Win32
		{0890AA98-E378-4A0E-A600-065E712C16AC}.Release|x86.Build.0 = Release|Win32
		{2C1C5793-9947-4B57-BB6E-2595B828708C}.Debug|x64.ActiveCfg = Debug|x64
		{2C1C5793-9947-4B57-BB6E-2595B828708C}.Debug|x64.Build.0 = Debug|x64
		{2C1C5793-9947-4B57-BB6E-2595B828708C}.Debug|x86.ActiveCfg = Debug|Win32
		{2C1C5793-9947-4B57-BB6E-2595B828708C}.Debug|x86.Build.0 = Debug|Win32
		{2C1C5793-9947-4B57-BB6E-2595B828708C}.Release|x64.ActiveCfg = Release|x64
		{2C1C5793-9947-4B57-BB6E-2595B828708C}.Release|x64.Build.0 = Release|x64
		{2C1C5793-9947-4B57-BB6E-2595B828708C}.Release|x86.ActiveCfg = Release|Win32
		{2C1C5793-9947-4B57-BB6E-2595B828708C}.Release|x86.Build.0 = Release|Win32
		{8720BC6E-7D08-41C8-B020-251A9BCB690E}.Debug|x64.ActiveCfg = Debug|x64
		{8720BC6E-7D08-41C8-B020-251A9BCB690E}.Debug|x64.Build.0 = Debug|x64
		{8720BC6E-7D08-41C8-B020-251A9BCB690E}.Debug|x86.ActiveCfg = Debug|Win32
		{8720BC6E-7D08-41C8-B020-251A9BCB690E}.Debug|x86.Build.0 = Debug|Win32
		{8720BC6E-7D08-41C8-B020-251A9BCB690E}.Release|x64.ActiveCfg = Release|x64
		{8720BC6E-7D08-41C8-B020-251A9BCB690E}.Release|x64.Build.0 = Release|x64
		{8720BC6E-7D08-41C8-B020-251A9BCB690E}.Release|x86.ActiveCfg = Release|Win32
		{8720BC6E-7D08-41C8-B020-251A9BCB690E}.Release|x86.Build.0 = Release|Win32
		{D1C1524D-4C02-4A54-997A-9DE707244F20}.Debug|x64.ActiveCfg = Debug|x64
		{D1C1524D-4C02-4A54-997A-9DE707244F20}.Debug|x64.Build.0 = Debug|x64
		{D1C1524D-4C02-4A54-997A-9DE707244F20}.Debug|x86.ActiveCfg = Debug|Win32
		{D1C1524D-4C02-4A54-997A-9DE707244F20}.Debug|x86.Build.0 = Debug|Win32
		{D1C1524D-4C02-4A54-997A-9DE707244F20}.Release|x64.ActiveCfg = Release|x64
		{D1C1524D-4C02-4A54-997A-9DE707244F20}.Release|x64.Build.0 = Release|x64
		{D1C1524D-4C02-4A54-997A-9DE707244F20}.Release|x86.ActiveCfg = Release|Win32
		{D1C1524D-4C02-4A54-997A-9DE707244F20}.Release|x86.Build.0 = Release|Win32
		{5408C121-66A3-4FF0-85D9-C43294A56B39}.Debug|x64.ActiveCfg = Debug|x64
		{5408C121-66A3-4FF0-85D9-C43294A56B39}.Debug|x64.Build.0 = Debug|x64
		{5408C121-66A3-4FF0-85D9-C43294A56B39}.Debug|x86.ActiveCfg = Debug|Win32
		{5408C121-66A3-4FF0-85D9-C43294A56B39}.Debug|x86.Build.0 = Debug|Win32
		{5408C121-66A3-4FF0-85D9-C43294A56B39}.Release|x64.ActiveCfg = Release|x64
		{5408C121-66A3-4FF0-85D9-C43294A56B39}.Release|x64.Build.0 = Release|x64
		{5408C121-66A3-4FF0-85D9-C43294A56B39}.Release|x86.ActiveCfg = Release|Win32
		{5408C121-66A3-4FF0-85D9-C43294A56B39}.Release|x86.Build.0 = Release|Win32
		{FF57A33E-A366-4546-A3D9-8B06E830AAD2}.Debug|x64.ActiveCfg = Debug|x64
		{FF57A33E-A366-4546-A3D9-8B06E830AAD2}.Debug|x64.Build.0 = Debug|x64
		{FF57A33E-A366-4546-A3D9-8B06E830AAD2}.Debug|x86.ActiveCfg = Debug|Win32
		{FF57A33E-A366-4546-A3D9-8B06E830AAD2}.Debug|x86.Build.0 = Debug|Win32
		{FF57A33E-A366-4546-A3D9-8B06E830AAD2}.Release|x64.ActiveCfg = Release|x64
		{FF57A33E-A366-4546-A3D9-8B06E830AAD2}.Release|x64.Build.0 = Release|x64
		{FF57A33E-A366-4546-A3D9-8B06E830AAD2}.Release|x86.ActiveCfg = Release|Win32
		{FF57A33E-A366-4546-A3D9-8B06E830AAD2}.Release|x86.Build.0 = Release|Win32
		{0A091720-34A2-4D05-9986-CCD985E85842}.Debug|x64.ActiveCfg = Debug|x64
		{0A091720-34A2-4D05-9986-CCD985E85842}.Debug|x64.Build.0 = Debug|x64
		{0A091720-34A2-4D05-9986-CCD985E85842}.Debug|x86.ActiveCfg = Debug|Win32
		{0A091720-34A2-4D05-9986-CCD985E85842}.Debug|x86.Build.0 = Debug|Win32
		{0A091720-34A2-4D05-9986-CCD985E85842}.Release|x64.ActiveCfg = Release|x64
		{0A091720-34A2-4D05-9986-CCD985E85842}.Release|x64.Build.0 = Release|x64
		{0A091720-34A2-4D05-9986-CCD985E85842}.Release|x86.ActiveCfg = Release|Win32
		{0A091720-34A2-4D05-9986-CCD985E85842}.Release|x86.Build.0 = Release|Win32
		{BA0031A4-FD4A-40F4-8690-716F32882C58}.Debug|x64.ActiveCfg = Debug|x64
		{BA0031A4-FD4A-40F4-8690-716F32882C58}.Debug|x64.Build.0 = Debug|x64
		{BA0031A4-FD4A-40F4-8690-716F32882C58}.Debug|x86.ActiveCfg = Debug|Win32
		{BA0031A4-FD4A-40F4-8690-716F32882C58}.Debug|x86.Build.0 = Debug|Win32
		{BA0031A4-FD4A-40F4-8690-716F32882C58}.Release|x64.ActiveCfg = Release|x64
		{BA0031A4-FD4A-40F4-8690-716F32882C58}.Release|x64.Build.0 = Release|x64
		{BA0031A4-FD4A-40F4-8690-716F32882C58}.Release|x86.ActiveCfg = Release|Win32
		{BA0031A4-FD4A-40F4-8690-716F32882C58}.Release|x86.Build.0 = Release|Win32
		{862658BE-5DA0-40DE-BF7A-256FF7668450}.Debug|x64.ActiveCfg = Debug|x64
		{862658BE-5DA0-40DE-BF7A-256FF7668450}.Debug|x64.Build.0 = Debug|x64
		{862658BE-5DA0-40DE-BF7A-256FF7668450}.Debug|x86.ActiveCfg = Debug|Win32
		{862658BE-5DA0-40DE-BF7A-256FF7668450}.Debug|x86.Build.0 = Debug|Win32
		{862658BE-5DA0-40DE-BF7A-256FF7668450}.Release|x64.ActiveCfg = Release|x64
		{862658BE-5DA0-40DE-BF7A-256FF7668450}.Release|x64.Build.0 = Release|x64
		{862658BE-5DA0-40DE-BF7A-256FF7668450}.Release|x86.ActiveCfg = Release|Win32
		{862658BE-5DA0-40DE-BF7A-256FF7668450}.Release|x86.Build.0 = Release|Win32
		{EBC55523-93C5-4CAE-BA19-FE3602540C09}.Debug|x64.ActiveCfg = Debug|x64
		{EBC55523-93C5-4CAE-BA19-FE3602540C09}.Debug|x64.Build.0 = Debug|x64
		{EBC55523-93C5-4CAE-BA19-FE3602540C09}.Debug|x86.ActiveCfg = Debug|Win32
		{EBC55523-93C5-4CAE-BA19-FE3602540C09}.Debug|x86.Build.0 = Debug|Win32
		{EBC55523-93C5-4CAE-BA19-FE3602540C09}.Release|x64.ActiveCfg = Release|x64
		{EBC55523-93C5-4CAE-BA19-FE3602540C09}.Release|x64.Build.0 = Release|x64
		{EBC55523-93C5-4CAE-BA19-FE3602540C09}.Release|x86.ActiveCfg = Release|Win32
		{EBC55523-93C5-4CAE-BA19-FE3602540C09}.Release|x86.Build.0 = Release|Win32
		{A3DEEDDE-1367-4D62-9BD6-0CEB13A42A82}.Debug|x64.ActiveCfg = Debug|x64
		{A3DEEDDE-1367-4D62-9BD6-0CEB13A42A82}.Debug|x64.Build.0 = Debug|x64
		{A3DEEDDE-1367-4D62-9BD6-0CEB13A42A82}.Debug|x86.ActiveCfg = Debug|Win32
		{A3DEEDDE-1367-4D62-9BD6-0CEB13A42A82}.Debug|x86.Build.0 = Debug|Win32
		{A3DEEDDE-1367-4D62-9BD6-0CEB13A42A82}.Release|x64.ActiveCfg = Release|x64
		{A3DEEDDE-1367-4D62-9BD6-0CEB13A42A82}.Release|x64.Build.0 = Release|x64
		{A3DEEDDE-1367-4D62-9BD6-0CEB13A42A82}.Release|x86.ActiveCfg = Release|Win32
		{A3DEEDDE-1367-4D62-9BD6-0CEB13A42A82}.Release|x86.Build.0 = Release|Win32
	EndGlobalSection
	GlobalSection(SolutionProperties) = preSolution
		HideSolutionNode = FALSE
	EndGlobalSection
	GlobalSection(ExtensibilityGlobals) = postSolution
		SolutionGuid = {874B6909-8671-4592-8DE1-7DEF40005C50}
	EndGlobalSection
EndGlobal
